// !$*UTF8*$!
{
	archiveVersion = 1;
	classes = {
	};
	objectVersion = 46;
	objects = {

/* Begin PBXBuildFile section */
		9B092C0915FF30570075A46B /* libvsr.a in Frameworks */ = {isa = PBXBuildFile; fileRef = 9BBBE00E15DDC20500BDE419 /* libvsr.a */; };
		9B3F22DB15FFEDE70071E210 /* main.cpp in Sources */ = {isa = PBXBuildFile; fileRef = 9B3F22DA15FFEDE70071E210 /* main.cpp */; };
		9B3F22DD15FFEDE70071E210 /* TestSpeed_no_inheritance.1 in CopyFiles */ = {isa = PBXBuildFile; fileRef = 9B3F22DC15FFEDE70071E210 /* TestSpeed_no_inheritance.1 */; };
		9B3F22E315FFEDF50071E210 /* libvsr.a in Frameworks */ = {isa = PBXBuildFile; fileRef = 9BBBE00E15DDC20500BDE419 /* libvsr.a */; };
		9B638BC315FEBF6100C74AF7 /* main.cpp in Sources */ = {isa = PBXBuildFile; fileRef = 9B638BC215FEBF6100C74AF7 /* main.cpp */; };
		9B638BC515FEBF6100C74AF7 /* TestSpeed.1 in CopyFiles */ = {isa = PBXBuildFile; fileRef = 9B638BC415FEBF6100C74AF7 /* TestSpeed.1 */; };
		9B6D9821161275AB00E0EB9C /* OpenGL.framework in Frameworks */ = {isa = PBXBuildFile; fileRef = 9BD758E91604091D0003B8EE /* OpenGL.framework */; };
		9B6D9822161275B200E0EB9C /* GLUT.framework in Frameworks */ = {isa = PBXBuildFile; fileRef = 9BD758EB160409240003B8EE /* GLUT.framework */; };
		9B6D9823161275B800E0EB9C /* libglv.a in Frameworks */ = {isa = PBXBuildFile; fileRef = 9BB01150160527D5002AD56D /* libglv.a */; };
		9B6D9824161275B800E0EB9C /* libvsr.a in Frameworks */ = {isa = PBXBuildFile; fileRef = 9BBBE00E15DDC20500BDE419 /* libvsr.a */; };
		9B6D982A1612765800E0EB9C /* libvsrGL.a in Frameworks */ = {isa = PBXBuildFile; fileRef = 9B6D98181612759000E0EB9C /* libvsrGL.a */; };
		9B6D9833161276B900E0EB9C /* main.cpp in Sources */ = {isa = PBXBuildFile; fileRef = 9B6D9832161276B900E0EB9C /* main.cpp */; };
		9B6D9835161276B900E0EB9C /* vsr_test.1 in CopyFiles */ = {isa = PBXBuildFile; fileRef = 9B6D9834161276B900E0EB9C /* vsr_test.1 */; };
		9B6D983B161276DF00E0EB9C /* libvsr.a in Frameworks */ = {isa = PBXBuildFile; fileRef = 9BBBE00E15DDC20500BDE419 /* libvsr.a */; };
		9B9C08B416150BC10063AF9C /* gl2ps.c in Sources */ = {isa = PBXBuildFile; fileRef = 9B9C08AC16150BC10063AF9C /* gl2ps.c */; };
		9B9C08B516150BC10063AF9C /* gl2ps.h in Headers */ = {isa = PBXBuildFile; fileRef = 9B9C08AD16150BC10063AF9C /* gl2ps.h */; };
		9B9C08B616150BC10063AF9C /* gl2psTest.c in Sources */ = {isa = PBXBuildFile; fileRef = 9B9C08B016150BC10063AF9C /* gl2psTest.c */; };
		9B9C08B716150BC10063AF9C /* gl2psTestSimple.c in Sources */ = {isa = PBXBuildFile; fileRef = 9B9C08B116150BC10063AF9C /* gl2psTestSimple.c */; };
		9B9C08EA16150BEA0063AF9C /* glv.h in Headers */ = {isa = PBXBuildFile; fileRef = 9B9C08B916150BEA0063AF9C /* glv.h */; };
		9B9C08EB16150BEA0063AF9C /* glv_behavior.h in Headers */ = {isa = PBXBuildFile; fileRef = 9B9C08BA16150BEA0063AF9C /* glv_behavior.h */; };
		9B9C08EC16150BEA0063AF9C /* glv_binding.h in Headers */ = {isa = PBXBuildFile; fileRef = 9B9C08BB16150BEA0063AF9C /* glv_binding.h */; };
		9B9C08ED16150BEA0063AF9C /* glv_buttons.h in Headers */ = {isa = PBXBuildFile; fileRef = 9B9C08BC16150BEA0063AF9C /* glv_buttons.h */; };
		9B9C08EE16150BEA0063AF9C /* glv_color.h in Headers */ = {isa = PBXBuildFile; fileRef = 9B9C08BD16150BEA0063AF9C /* glv_color.h */; };
		9B9C08EF16150BEA0063AF9C /* glv_color_controls.h in Headers */ = {isa = PBXBuildFile; fileRef = 9B9C08BE16150BEA0063AF9C /* glv_color_controls.h */; };
		9B9C08F016150BEA0063AF9C /* glv_conf.h in Headers */ = {isa = PBXBuildFile; fileRef = 9B9C08BF16150BEA0063AF9C /* glv_conf.h */; };
		9B9C08F116150BEA0063AF9C /* glv_core.h in Headers */ = {isa = PBXBuildFile; fileRef = 9B9C08C016150BEA0063AF9C /* glv_core.h */; };
		9B9C08F216150BEA0063AF9C /* glv_draw.h in Headers */ = {isa = PBXBuildFile; fileRef = 9B9C08C116150BEA0063AF9C /* glv_draw.h */; };
		9B9C08F316150BEA0063AF9C /* glv_font.h in Headers */ = {isa = PBXBuildFile; fileRef = 9B9C08C216150BEA0063AF9C /* glv_font.h */; };
		9B9C08F416150BEA0063AF9C /* glv_grid.h in Headers */ = {isa = PBXBuildFile; fileRef = 9B9C08C316150BEA0063AF9C /* glv_grid.h */; };
		9B9C08F516150BEA0063AF9C /* glv_icon.h in Headers */ = {isa = PBXBuildFile; fileRef = 9B9C08C416150BEA0063AF9C /* glv_icon.h */; };
		9B9C08F616150BEA0063AF9C /* glv_layout.h in Headers */ = {isa = PBXBuildFile; fileRef = 9B9C08C516150BEA0063AF9C /* glv_layout.h */; };
		9B9C08F716150BEA0063AF9C /* glv_model.h in Headers */ = {isa = PBXBuildFile; fileRef = 9B9C08C616150BEA0063AF9C /* glv_model.h */; };
		9B9C08F816150BEA0063AF9C /* glv_notification.h in Headers */ = {isa = PBXBuildFile; fileRef = 9B9C08C716150BEA0063AF9C /* glv_notification.h */; };
		9B9C08F916150BEA0063AF9C /* glv_plots.h in Headers */ = {isa = PBXBuildFile; fileRef = 9B9C08C816150BEA0063AF9C /* glv_plots.h */; };
		9B9C08FA16150BEA0063AF9C /* glv_preset_controls.h in Headers */ = {isa = PBXBuildFile; fileRef = 9B9C08C916150BEA0063AF9C /* glv_preset_controls.h */; };
		9B9C08FB16150BEA0063AF9C /* glv_rect.h in Headers */ = {isa = PBXBuildFile; fileRef = 9B9C08CA16150BEA0063AF9C /* glv_rect.h */; };
		9B9C08FC16150BEA0063AF9C /* glv_sliders.h in Headers */ = {isa = PBXBuildFile; fileRef = 9B9C08CB16150BEA0063AF9C /* glv_sliders.h */; };
		9B9C08FD16150BEA0063AF9C /* glv_sono.h in Headers */ = {isa = PBXBuildFile; fileRef = 9B9C08CC16150BEA0063AF9C /* glv_sono.h */; };
		9B9C08FE16150BEA0063AF9C /* glv_texture.h in Headers */ = {isa = PBXBuildFile; fileRef = 9B9C08CD16150BEA0063AF9C /* glv_texture.h */; };
		9B9C08FF16150BEA0063AF9C /* glv_textview.h in Headers */ = {isa = PBXBuildFile; fileRef = 9B9C08CE16150BEA0063AF9C /* glv_textview.h */; };
		9B9C090016150BEA0063AF9C /* glv_util.h in Headers */ = {isa = PBXBuildFile; fileRef = 9B9C08CF16150BEA0063AF9C /* glv_util.h */; };
		9B9C090116150BEA0063AF9C /* glv_view3D.h in Headers */ = {isa = PBXBuildFile; fileRef = 9B9C08D016150BEA0063AF9C /* glv_view3D.h */; };
		9B9C090216150BEA0063AF9C /* glv_widget.h in Headers */ = {isa = PBXBuildFile; fileRef = 9B9C08D116150BEA0063AF9C /* glv_widget.h */; };
		9B9C090316150BEA0063AF9C /* glv_binding.cpp in Sources */ = {isa = PBXBuildFile; fileRef = 9B9C08D316150BEA0063AF9C /* glv_binding.cpp */; };
		9B9C090416150BEA0063AF9C /* glv_binding_glut.cpp in Sources */ = {isa = PBXBuildFile; fileRef = 9B9C08D416150BEA0063AF9C /* glv_binding_glut.cpp */; };
		9B9C090516150BEA0063AF9C /* glv_buttons.cpp in Sources */ = {isa = PBXBuildFile; fileRef = 9B9C08D516150BEA0063AF9C /* glv_buttons.cpp */; };
		9B9C090616150BEA0063AF9C /* glv_color.cpp in Sources */ = {isa = PBXBuildFile; fileRef = 9B9C08D616150BEA0063AF9C /* glv_color.cpp */; };
		9B9C090716150BEA0063AF9C /* glv_color_controls.cpp in Sources */ = {isa = PBXBuildFile; fileRef = 9B9C08D716150BEA0063AF9C /* glv_color_controls.cpp */; };
		9B9C090816150BEA0063AF9C /* glv_core.cpp in Sources */ = {isa = PBXBuildFile; fileRef = 9B9C08D816150BEA0063AF9C /* glv_core.cpp */; };
		9B9C090916150BEA0063AF9C /* glv_draw.cpp in Sources */ = {isa = PBXBuildFile; fileRef = 9B9C08D916150BEA0063AF9C /* glv_draw.cpp */; };
		9B9C090A16150BEA0063AF9C /* glv_font.cpp in Sources */ = {isa = PBXBuildFile; fileRef = 9B9C08DA16150BEA0063AF9C /* glv_font.cpp */; };
		9B9C090B16150BEA0063AF9C /* glv_glv.cpp in Sources */ = {isa = PBXBuildFile; fileRef = 9B9C08DB16150BEA0063AF9C /* glv_glv.cpp */; };
		9B9C090C16150BEA0063AF9C /* glv_grid.cpp in Sources */ = {isa = PBXBuildFile; fileRef = 9B9C08DC16150BEA0063AF9C /* glv_grid.cpp */; };
		9B9C090D16150BEA0063AF9C /* glv_inputdevice.cpp in Sources */ = {isa = PBXBuildFile; fileRef = 9B9C08DD16150BEA0063AF9C /* glv_inputdevice.cpp */; };
		9B9C090E16150BEA0063AF9C /* glv_layout.cpp in Sources */ = {isa = PBXBuildFile; fileRef = 9B9C08DE16150BEA0063AF9C /* glv_layout.cpp */; };
		9B9C090F16150BEA0063AF9C /* glv_model.cpp in Sources */ = {isa = PBXBuildFile; fileRef = 9B9C08DF16150BEA0063AF9C /* glv_model.cpp */; };
		9B9C091016150BEA0063AF9C /* glv_notification.cpp in Sources */ = {isa = PBXBuildFile; fileRef = 9B9C08E016150BEA0063AF9C /* glv_notification.cpp */; };
		9B9C091116150BEA0063AF9C /* glv_plots.cpp in Sources */ = {isa = PBXBuildFile; fileRef = 9B9C08E116150BEA0063AF9C /* glv_plots.cpp */; };
		9B9C091216150BEA0063AF9C /* glv_preset_controls.cpp in Sources */ = {isa = PBXBuildFile; fileRef = 9B9C08E216150BEA0063AF9C /* glv_preset_controls.cpp */; };
		9B9C091316150BEA0063AF9C /* glv_sliders.cpp in Sources */ = {isa = PBXBuildFile; fileRef = 9B9C08E316150BEA0063AF9C /* glv_sliders.cpp */; };
		9B9C091416150BEA0063AF9C /* glv_sono.cpp in Sources */ = {isa = PBXBuildFile; fileRef = 9B9C08E416150BEA0063AF9C /* glv_sono.cpp */; };
		9B9C091516150BEA0063AF9C /* glv_texture.cpp in Sources */ = {isa = PBXBuildFile; fileRef = 9B9C08E516150BEA0063AF9C /* glv_texture.cpp */; };
		9B9C091616150BEA0063AF9C /* glv_textview.cpp in Sources */ = {isa = PBXBuildFile; fileRef = 9B9C08E616150BEA0063AF9C /* glv_textview.cpp */; };
		9B9C091716150BEA0063AF9C /* glv_view.cpp in Sources */ = {isa = PBXBuildFile; fileRef = 9B9C08E716150BEA0063AF9C /* glv_view.cpp */; };
		9B9C091816150BEA0063AF9C /* glv_view3D.cpp in Sources */ = {isa = PBXBuildFile; fileRef = 9B9C08E816150BEA0063AF9C /* glv_view3D.cpp */; };
		9B9C091916150BEA0063AF9C /* glv_widget.cpp in Sources */ = {isa = PBXBuildFile; fileRef = 9B9C08E916150BEA0063AF9C /* glv_widget.cpp */; };
		9B9C096D16150D5E0063AF9C /* Aff.h in Headers */ = {isa = PBXBuildFile; fileRef = 9B9C091E16150D5E0063AF9C /* Aff.h */; };
		9B9C096E16150D5E0063AF9C /* Afl.h in Headers */ = {isa = PBXBuildFile; fileRef = 9B9C091F16150D5E0063AF9C /* Afl.h */; };
		9B9C096F16150D5E0063AF9C /* Afp.h in Headers */ = {isa = PBXBuildFile; fileRef = 9B9C092016150D5E0063AF9C /* Afp.h */; };
		9B9C097016150D5E0063AF9C /* Biv.h in Headers */ = {isa = PBXBuildFile; fileRef = 9B9C092116150D5E0063AF9C /* Biv.h */; };
		9B9C097116150D5E0063AF9C /* Bst.h in Headers */ = {isa = PBXBuildFile; fileRef = 9B9C092216150D5E0063AF9C /* Bst.h */; };
		9B9C097216150D5E0063AF9C /* Cir.h in Headers */ = {isa = PBXBuildFile; fileRef = 9B9C092316150D5E0063AF9C /* Cir.h */; };
		9B9C097316150D5E0063AF9C /* Daf.h in Headers */ = {isa = PBXBuildFile; fileRef = 9B9C092416150D5E0063AF9C /* Daf.h */; };
		9B9C097416150D5E0063AF9C /* Dal.h in Headers */ = {isa = PBXBuildFile; fileRef = 9B9C092516150D5E0063AF9C /* Dal.h */; };
		9B9C097516150D5E0063AF9C /* Dap.h in Headers */ = {isa = PBXBuildFile; fileRef = 9B9C092616150D5E0063AF9C /* Dap.h */; };
		9B9C097616150D5E0063AF9C /* Dfp.h in Headers */ = {isa = PBXBuildFile; fileRef = 9B9C092716150D5E0063AF9C /* Dfp.h */; };
		9B9C097716150D5E0063AF9C /* Dil.h in Headers */ = {isa = PBXBuildFile; fileRef = 9B9C092816150D5E0063AF9C /* Dil.h */; };
		9B9C097816150D5E0063AF9C /* Dll.h in Headers */ = {isa = PBXBuildFile; fileRef = 9B9C092916150D5E0063AF9C /* Dll.h */; };
		9B9C097916150D5E0063AF9C /* Dlp.h in Headers */ = {isa = PBXBuildFile; fileRef = 9B9C092A16150D5E0063AF9C /* Dlp.h */; };
		9B9C097A16150D5E0063AF9C /* Drb.h in Headers */ = {isa = PBXBuildFile; fileRef = 9B9C092B16150D5E0063AF9C /* Drb.h */; };
		9B9C097B16150D5E0063AF9C /* Drt.h in Headers */ = {isa = PBXBuildFile; fileRef = 9B9C092C16150D5E0063AF9C /* Drt.h */; };
		9B9C097C16150D5E0063AF9C /* Drv.h in Headers */ = {isa = PBXBuildFile; fileRef = 9B9C092D16150D5E0063AF9C /* Drv.h */; };
		9B9C097D16150D5E0063AF9C /* Flp.h in Headers */ = {isa = PBXBuildFile; fileRef = 9B9C092E16150D5E0063AF9C /* Flp.h */; };
		9B9C097E16150D5E0063AF9C /* Hyp.h in Headers */ = {isa = PBXBuildFile; fileRef = 9B9C092F16150D5E0063AF9C /* Hyp.h */; };
		9B9C097F16150D5E0063AF9C /* Inf.h in Headers */ = {isa = PBXBuildFile; fileRef = 9B9C093016150D5E0063AF9C /* Inf.h */; };
		9B9C098016150D5E0063AF9C /* Lin.h in Headers */ = {isa = PBXBuildFile; fileRef = 9B9C093116150D5E0063AF9C /* Lin.h */; };
		9B9C098116150D5E0063AF9C /* Mnk.h in Headers */ = {isa = PBXBuildFile; fileRef = 9B9C093216150D5E0063AF9C /* Mnk.h */; };
		9B9C098216150D5E0063AF9C /* Mnv.h in Headers */ = {isa = PBXBuildFile; fileRef = 9B9C093316150D5E0063AF9C /* Mnv.h */; };
		9B9C098316150D5E0063AF9C /* Mot.h in Headers */ = {isa = PBXBuildFile; fileRef = 9B9C093416150D5E0063AF9C /* Mot.h */; };
		9B9C098416150D5E0063AF9C /* Mtd.h in Headers */ = {isa = PBXBuildFile; fileRef = 9B9C093516150D5E0063AF9C /* Mtd.h */; };
		9B9C098516150D5E0063AF9C /* Mtt.h in Headers */ = {isa = PBXBuildFile; fileRef = 9B9C093616150D5E0063AF9C /* Mtt.h */; };
		9B9C098616150D5E0063AF9C /* Ori.h in Headers */ = {isa = PBXBuildFile; fileRef = 9B9C093716150D5E0063AF9C /* Ori.h */; };
		9B9C098716150D5E0063AF9C /* Par.h in Headers */ = {isa = PBXBuildFile; fileRef = 9B9C093816150D5E0063AF9C /* Par.h */; };
		9B9C098816150D5E0063AF9C /* Pln.h in Headers */ = {isa = PBXBuildFile; fileRef = 9B9C093916150D5E0063AF9C /* Pln.h */; };
		9B9C098916150D5E0063AF9C /* Pnt.h in Headers */ = {isa = PBXBuildFile; fileRef = 9B9C093A16150D5E0063AF9C /* Pnt.h */; };
		9B9C098A16150D5E0063AF9C /* Pss.h in Headers */ = {isa = PBXBuildFile; fileRef = 9B9C093B16150D5E0063AF9C /* Pss.h */; };
		9B9C098B16150D5E0063AF9C /* Rot.h in Headers */ = {isa = PBXBuildFile; fileRef = 9B9C093C16150D5E0063AF9C /* Rot.h */; };
		9B9C098C16150D5E0063AF9C /* Rtc.h in Headers */ = {isa = PBXBuildFile; fileRef = 9B9C093D16150D5E0063AF9C /* Rtc.h */; };
		9B9C098D16150D5E0063AF9C /* Rtd.h in Headers */ = {isa = PBXBuildFile; fileRef = 9B9C093E16150D5E0063AF9C /* Rtd.h */; };
		9B9C098E16150D5E0063AF9C /* Rtt.h in Headers */ = {isa = PBXBuildFile; fileRef = 9B9C093F16150D5E0063AF9C /* Rtt.h */; };
		9B9C098F16150D5E0063AF9C /* Rvd.h in Headers */ = {isa = PBXBuildFile; fileRef = 9B9C094016150D5E0063AF9C /* Rvd.h */; };
		9B9C099016150D5E0063AF9C /* Sca.h in Headers */ = {isa = PBXBuildFile; fileRef = 9B9C094116150D5E0063AF9C /* Sca.h */; };
		9B9C099116150D5E0063AF9C /* Sph.h in Headers */ = {isa = PBXBuildFile; fileRef = 9B9C094216150D5E0063AF9C /* Sph.h */; };
		9B9C099216150D5E0063AF9C /* Sta.h in Headers */ = {isa = PBXBuildFile; fileRef = 9B9C094316150D5E0063AF9C /* Sta.h */; };
		9B9C099316150D5E0063AF9C /* Tnb.h in Headers */ = {isa = PBXBuildFile; fileRef = 9B9C094416150D5E0063AF9C /* Tnb.h */; };
		9B9C099416150D5E0063AF9C /* Tnt.h in Headers */ = {isa = PBXBuildFile; fileRef = 9B9C094516150D5E0063AF9C /* Tnt.h */; };
		9B9C099516150D5E0063AF9C /* Tnv.h in Headers */ = {isa = PBXBuildFile; fileRef = 9B9C094616150D5E0063AF9C /* Tnv.h */; };
		9B9C099616150D5E0063AF9C /* Tri.h in Headers */ = {isa = PBXBuildFile; fileRef = 9B9C094716150D5E0063AF9C /* Tri.h */; };
		9B9C099716150D5E0063AF9C /* Trs.h in Headers */ = {isa = PBXBuildFile; fileRef = 9B9C094816150D5E0063AF9C /* Trs.h */; };
		9B9C099816150D5E0063AF9C /* Trt.h in Headers */ = {isa = PBXBuildFile; fileRef = 9B9C094916150D5E0063AF9C /* Trt.h */; };
		9B9C099916150D5E0063AF9C /* Trv.h in Headers */ = {isa = PBXBuildFile; fileRef = 9B9C094A16150D5E0063AF9C /* Trv.h */; };
		9B9C099A16150D5E0063AF9C /* Tsd.h in Headers */ = {isa = PBXBuildFile; fileRef = 9B9C094B16150D5E0063AF9C /* Tsd.h */; };
		9B9C099B16150D5E0063AF9C /* Tst.h in Headers */ = {isa = PBXBuildFile; fileRef = 9B9C094C16150D5E0063AF9C /* Tst.h */; };
		9B9C099C16150D5E0063AF9C /* Tvd.h in Headers */ = {isa = PBXBuildFile; fileRef = 9B9C094D16150D5E0063AF9C /* Tvd.h */; };
		9B9C099D16150D5E0063AF9C /* Tvt.h in Headers */ = {isa = PBXBuildFile; fileRef = 9B9C094E16150D5E0063AF9C /* Tvt.h */; };
		9B9C099E16150D5E0063AF9C /* Vec.h in Headers */ = {isa = PBXBuildFile; fileRef = 9B9C094F16150D5E0063AF9C /* Vec.h */; };
		9B9C099F16150D5E0063AF9C /* versorFuncs.h in Headers */ = {isa = PBXBuildFile; fileRef = 9B9C095016150D5E0063AF9C /* versorFuncs.h */; };
		9B9C09A016150D5E0063AF9C /* vsr_casts.h in Headers */ = {isa = PBXBuildFile; fileRef = 9B9C095116150D5E0063AF9C /* vsr_casts.h */; };
		9B9C09A116150D5E0063AF9C /* vsr_templates.h in Headers */ = {isa = PBXBuildFile; fileRef = 9B9C095216150D5E0063AF9C /* vsr_templates.h */; };
		9B9C09A216150D5E0063AF9C /* vsr_typedefs.h in Headers */ = {isa = PBXBuildFile; fileRef = 9B9C095316150D5E0063AF9C /* vsr_typedefs.h */; };
		9B9C09A316150D5E0063AF9C /* ExpTemp.h in Headers */ = {isa = PBXBuildFile; fileRef = 9B9C095516150D5E0063AF9C /* ExpTemp.h */; };
		9B9C09A416150D5E0063AF9C /* Frame.h in Headers */ = {isa = PBXBuildFile; fileRef = 9B9C095616150D5E0063AF9C /* Frame.h */; };
		9B9C09A516150D5E0063AF9C /* MV.h in Headers */ = {isa = PBXBuildFile; fileRef = 9B9C095716150D5E0063AF9C /* MV.h */; };
		9B9C09A616150D5E0063AF9C /* op.h in Headers */ = {isa = PBXBuildFile; fileRef = 9B9C095816150D5E0063AF9C /* op.h */; };
		9B9C09A716150D5E0063AF9C /* set.h in Headers */ = {isa = PBXBuildFile; fileRef = 9B9C095916150D5E0063AF9C /* set.h */; };
		9B9C09A816150D5E0063AF9C /* vsr.h in Headers */ = {isa = PBXBuildFile; fileRef = 9B9C095A16150D5E0063AF9C /* vsr.h */; };
		9B9C09B316150D5E0063AF9C /* constants.h in Headers */ = {isa = PBXBuildFile; fileRef = 9B9C096816150D5E0063AF9C /* constants.h */; };
		9B9C09B416150D5E0063AF9C /* interp.h in Headers */ = {isa = PBXBuildFile; fileRef = 9B9C096916150D5E0063AF9C /* interp.h */; };
		9B9C09B516150D5E0063AF9C /* vsr_math.h in Headers */ = {isa = PBXBuildFile; fileRef = 9B9C096A16150D5E0063AF9C /* vsr_math.h */; };
		9B9C09B616150D5E0063AF9C /* vsr_matrix.h in Headers */ = {isa = PBXBuildFile; fileRef = 9B9C096B16150D5E0063AF9C /* vsr_matrix.h */; };
		9B9C09B716150D5E0063AF9C /* types.h in Headers */ = {isa = PBXBuildFile; fileRef = 9B9C096C16150D5E0063AF9C /* types.h */; };
		9B9C09C816150D9C0063AF9C /* vsr_templates.cpp in Sources */ = {isa = PBXBuildFile; fileRef = 9B9C09BB16150D9C0063AF9C /* vsr_templates.cpp */; };
		9B9C09C916150D9C0063AF9C /* Frame.cpp in Sources */ = {isa = PBXBuildFile; fileRef = 9B9C09BD16150D9C0063AF9C /* Frame.cpp */; };
		9B9C09CA16150D9C0063AF9C /* MV.cpp in Sources */ = {isa = PBXBuildFile; fileRef = 9B9C09BE16150D9C0063AF9C /* MV.cpp */; };
		9B9C09DC161511930063AF9C /* Camera.h in Headers */ = {isa = PBXBuildFile; fileRef = 9B9C09D3161511930063AF9C /* Camera.h */; };
		9B9C09DD161511930063AF9C /* Draw.h in Headers */ = {isa = PBXBuildFile; fileRef = 9B9C09D4161511930063AF9C /* Draw.h */; };
		9B9C09DE161511930063AF9C /* Drawable.h in Headers */ = {isa = PBXBuildFile; fileRef = 9B9C09D5161511930063AF9C /* Drawable.h */; };
		9B9C09DF161511930063AF9C /* GLVInterfaceImpl.h in Headers */ = {isa = PBXBuildFile; fileRef = 9B9C09D6161511930063AF9C /* GLVInterfaceImpl.h */; };
		9B9C09E0161511930063AF9C /* GraphicsMatrix.h in Headers */ = {isa = PBXBuildFile; fileRef = 9B9C09D7161511930063AF9C /* GraphicsMatrix.h */; };
		9B9C09E1161511930063AF9C /* Gui.hpp in Headers */ = {isa = PBXBuildFile; fileRef = 9B9C09D8161511930063AF9C /* Gui.hpp */; };
		9B9C09E2161511930063AF9C /* Interface.h in Headers */ = {isa = PBXBuildFile; fileRef = 9B9C09D9161511930063AF9C /* Interface.h */; };
		9B9C09E3161511930063AF9C /* vsr_gl.h in Headers */ = {isa = PBXBuildFile; fileRef = 9B9C09DA161511930063AF9C /* vsr_gl.h */; };
		9B9C09E4161511930063AF9C /* vsr_gxlib.h in Headers */ = {isa = PBXBuildFile; fileRef = 9B9C09DB161511930063AF9C /* vsr_gxlib.h */; };
		9B9C09EA161511B90063AF9C /* Camera.cpp in Sources */ = {isa = PBXBuildFile; fileRef = 9B9C09E6161511B90063AF9C /* Camera.cpp */; };
		9B9C09EB161511B90063AF9C /* Draw.cpp in Sources */ = {isa = PBXBuildFile; fileRef = 9B9C09E7161511B90063AF9C /* Draw.cpp */; };
		9B9C09EC161511B90063AF9C /* Interface.cpp in Sources */ = {isa = PBXBuildFile; fileRef = 9B9C09E8161511B90063AF9C /* Interface.cpp */; };
		9B9C09ED161511B90063AF9C /* vsr_gl.cpp in Sources */ = {isa = PBXBuildFile; fileRef = 9B9C09E9161511B90063AF9C /* vsr_gl.cpp */; };
		9BB011B616052843002AD56D /* GLUT.framework in Frameworks */ = {isa = PBXBuildFile; fileRef = 9BD758EB160409240003B8EE /* GLUT.framework */; };
		9BB011B71605284A002AD56D /* OpenGL.framework in Frameworks */ = {isa = PBXBuildFile; fileRef = 9BD758E91604091D0003B8EE /* OpenGL.framework */; };
		9BBBE00215DDC1F200BDE419 /* main.cpp in Sources */ = {isa = PBXBuildFile; fileRef = 9BBBE00115DDC1F200BDE419 /* main.cpp */; };
		9BBBE00415DDC1F200BDE419 /* vsr_static.1 in CopyFiles */ = {isa = PBXBuildFile; fileRef = 9BBBE00315DDC1F200BDE419 /* vsr_static.1 */; };
		9BD758EA1604091D0003B8EE /* OpenGL.framework in Frameworks */ = {isa = PBXBuildFile; fileRef = 9BD758E91604091D0003B8EE /* OpenGL.framework */; };
		9BD758EC160409240003B8EE /* GLUT.framework in Frameworks */ = {isa = PBXBuildFile; fileRef = 9BD758EB160409240003B8EE /* GLUT.framework */; };
/* End PBXBuildFile section */

/* Begin PBXContainerItemProxy section */
		9B092C0715FF30510075A46B /* PBXContainerItemProxy */ = {
			isa = PBXContainerItemProxy;
			containerPortal = 9BBBDFF415DDC1F100BDE419 /* Project object */;
			proxyType = 1;
			remoteGlobalIDString = 9BBBE00D15DDC20500BDE419;
			remoteInfo = vsr;
		};
		9B3F22E115FFEDF00071E210 /* PBXContainerItemProxy */ = {
			isa = PBXContainerItemProxy;
			containerPortal = 9BBBDFF415DDC1F100BDE419 /* Project object */;
			proxyType = 1;
			remoteGlobalIDString = 9BBBE00D15DDC20500BDE419;
			remoteInfo = vsr;
		};
		9B6D981D1612759B00E0EB9C /* PBXContainerItemProxy */ = {
			isa = PBXContainerItemProxy;
			containerPortal = 9BBBDFF415DDC1F100BDE419 /* Project object */;
			proxyType = 1;
			remoteGlobalIDString = 9BBBE00D15DDC20500BDE419;
			remoteInfo = vsr;
		};
		9B6D981F161275A000E0EB9C /* PBXContainerItemProxy */ = {
			isa = PBXContainerItemProxy;
			containerPortal = 9BBBDFF415DDC1F100BDE419 /* Project object */;
			proxyType = 1;
			remoteGlobalIDString = 9BB0114F160527D5002AD56D;
			remoteInfo = glv;
		};
		9B6D98281612764900E0EB9C /* PBXContainerItemProxy */ = {
			isa = PBXContainerItemProxy;
			containerPortal = 9BBBDFF415DDC1F100BDE419 /* Project object */;
			proxyType = 1;
			remoteGlobalIDString = 9B6D98171612759000E0EB9C;
			remoteInfo = vsrGL;
		};
		9B6D9839161276DA00E0EB9C /* PBXContainerItemProxy */ = {
			isa = PBXContainerItemProxy;
			containerPortal = 9BBBDFF415DDC1F100BDE419 /* Project object */;
			proxyType = 1;
			remoteGlobalIDString = 9BBBE00D15DDC20500BDE419;
			remoteInfo = vsr;
		};
/* End PBXContainerItemProxy section */

/* Begin PBXCopyFilesBuildPhase section */
		9B3F22D515FFEDE70071E210 /* CopyFiles */ = {
			isa = PBXCopyFilesBuildPhase;
			buildActionMask = 2147483647;
			dstPath = /usr/share/man/man1/;
			dstSubfolderSpec = 0;
			files = (
				9B3F22DD15FFEDE70071E210 /* TestSpeed_no_inheritance.1 in CopyFiles */,
			);
			runOnlyForDeploymentPostprocessing = 1;
		};
		9B638BBD15FEBF6100C74AF7 /* CopyFiles */ = {
			isa = PBXCopyFilesBuildPhase;
			buildActionMask = 2147483647;
			dstPath = /usr/share/man/man1/;
			dstSubfolderSpec = 0;
			files = (
				9B638BC515FEBF6100C74AF7 /* TestSpeed.1 in CopyFiles */,
			);
			runOnlyForDeploymentPostprocessing = 1;
		};
		9B6D982D161276B900E0EB9C /* CopyFiles */ = {
			isa = PBXCopyFilesBuildPhase;
			buildActionMask = 2147483647;
			dstPath = /usr/share/man/man1/;
			dstSubfolderSpec = 0;
			files = (
				9B6D9835161276B900E0EB9C /* vsr_test.1 in CopyFiles */,
			);
			runOnlyForDeploymentPostprocessing = 1;
		};
		9BBBDFFB15DDC1F100BDE419 /* CopyFiles */ = {
			isa = PBXCopyFilesBuildPhase;
			buildActionMask = 2147483647;
			dstPath = /usr/share/man/man1/;
			dstSubfolderSpec = 0;
			files = (
				9BBBE00415DDC1F200BDE419 /* vsr_static.1 in CopyFiles */,
			);
			runOnlyForDeploymentPostprocessing = 1;
		};
/* End PBXCopyFilesBuildPhase section */

/* Begin PBXFileReference section */
		9B3F22D715FFEDE70071E210 /* TestSpeed_no_inheritance */ = {isa = PBXFileReference; explicitFileType = "compiled.mach-o.executable"; includeInIndex = 0; path = TestSpeed_no_inheritance; sourceTree = BUILT_PRODUCTS_DIR; };
		9B3F22DA15FFEDE70071E210 /* main.cpp */ = {isa = PBXFileReference; lastKnownFileType = sourcecode.cpp.cpp; path = main.cpp; sourceTree = "<group>"; };
		9B3F22DC15FFEDE70071E210 /* TestSpeed_no_inheritance.1 */ = {isa = PBXFileReference; lastKnownFileType = text.man; path = TestSpeed_no_inheritance.1; sourceTree = "<group>"; };
		9B638BBF15FEBF6100C74AF7 /* TestSpeed */ = {isa = PBXFileReference; explicitFileType = "compiled.mach-o.executable"; includeInIndex = 0; path = TestSpeed; sourceTree = BUILT_PRODUCTS_DIR; };
		9B638BC215FEBF6100C74AF7 /* main.cpp */ = {isa = PBXFileReference; lastKnownFileType = sourcecode.cpp.cpp; path = main.cpp; sourceTree = "<group>"; };
		9B638BC415FEBF6100C74AF7 /* TestSpeed.1 */ = {isa = PBXFileReference; lastKnownFileType = text.man; path = TestSpeed.1; sourceTree = "<group>"; };
		9B6D98181612759000E0EB9C /* libvsrGL.a */ = {isa = PBXFileReference; explicitFileType = archive.ar; includeInIndex = 0; path = libvsrGL.a; sourceTree = BUILT_PRODUCTS_DIR; };
		9B6D982F161276B900E0EB9C /* vsr_test */ = {isa = PBXFileReference; explicitFileType = "compiled.mach-o.executable"; includeInIndex = 0; path = vsr_test; sourceTree = BUILT_PRODUCTS_DIR; };
		9B6D9832161276B900E0EB9C /* main.cpp */ = {isa = PBXFileReference; lastKnownFileType = sourcecode.cpp.cpp; path = main.cpp; sourceTree = "<group>"; };
		9B6D9834161276B900E0EB9C /* vsr_test.1 */ = {isa = PBXFileReference; lastKnownFileType = text.man; path = vsr_test.1; sourceTree = "<group>"; };
		9B9C08A916150BC10063AF9C /* CMakeLists.txt */ = {isa = PBXFileReference; fileEncoding = 4; lastKnownFileType = text; path = CMakeLists.txt; sourceTree = "<group>"; };
		9B9C08AA16150BC10063AF9C /* COPYING.GL2PS */ = {isa = PBXFileReference; fileEncoding = 4; lastKnownFileType = text; path = COPYING.GL2PS; sourceTree = "<group>"; };
		9B9C08AB16150BC10063AF9C /* COPYING.LGPL */ = {isa = PBXFileReference; fileEncoding = 4; lastKnownFileType = text; path = COPYING.LGPL; sourceTree = "<group>"; };
		9B9C08AC16150BC10063AF9C /* gl2ps.c */ = {isa = PBXFileReference; fileEncoding = 4; lastKnownFileType = sourcecode.c.c; path = gl2ps.c; sourceTree = "<group>"; };
		9B9C08AD16150BC10063AF9C /* gl2ps.h */ = {isa = PBXFileReference; fileEncoding = 4; lastKnownFileType = sourcecode.c.h; path = gl2ps.h; sourceTree = "<group>"; };
		9B9C08AE16150BC10063AF9C /* gl2ps.pdf */ = {isa = PBXFileReference; lastKnownFileType = image.pdf; path = gl2ps.pdf; sourceTree = "<group>"; };
		9B9C08AF16150BC10063AF9C /* gl2ps.tex */ = {isa = PBXFileReference; fileEncoding = 4; lastKnownFileType = text; path = gl2ps.tex; sourceTree = "<group>"; };
		9B9C08B016150BC10063AF9C /* gl2psTest.c */ = {isa = PBXFileReference; fileEncoding = 4; lastKnownFileType = sourcecode.c.c; path = gl2psTest.c; sourceTree = "<group>"; };
		9B9C08B116150BC10063AF9C /* gl2psTestSimple.c */ = {isa = PBXFileReference; fileEncoding = 4; lastKnownFileType = sourcecode.c.c; path = gl2psTestSimple.c; sourceTree = "<group>"; };
		9B9C08B216150BC10063AF9C /* README.txt */ = {isa = PBXFileReference; fileEncoding = 4; lastKnownFileType = text; path = README.txt; sourceTree = "<group>"; };
		9B9C08B316150BC10063AF9C /* TODO.txt */ = {isa = PBXFileReference; fileEncoding = 4; lastKnownFileType = text; path = TODO.txt; sourceTree = "<group>"; };
		9B9C08B916150BEA0063AF9C /* glv.h */ = {isa = PBXFileReference; fileEncoding = 4; lastKnownFileType = sourcecode.c.h; path = glv.h; sourceTree = "<group>"; };
		9B9C08BA16150BEA0063AF9C /* glv_behavior.h */ = {isa = PBXFileReference; fileEncoding = 4; lastKnownFileType = sourcecode.c.h; path = glv_behavior.h; sourceTree = "<group>"; };
		9B9C08BB16150BEA0063AF9C /* glv_binding.h */ = {isa = PBXFileReference; fileEncoding = 4; lastKnownFileType = sourcecode.c.h; path = glv_binding.h; sourceTree = "<group>"; };
		9B9C08BC16150BEA0063AF9C /* glv_buttons.h */ = {isa = PBXFileReference; fileEncoding = 4; lastKnownFileType = sourcecode.c.h; path = glv_buttons.h; sourceTree = "<group>"; };
		9B9C08BD16150BEA0063AF9C /* glv_color.h */ = {isa = PBXFileReference; fileEncoding = 4; lastKnownFileType = sourcecode.c.h; path = glv_color.h; sourceTree = "<group>"; };
		9B9C08BE16150BEA0063AF9C /* glv_color_controls.h */ = {isa = PBXFileReference; fileEncoding = 4; lastKnownFileType = sourcecode.c.h; path = glv_color_controls.h; sourceTree = "<group>"; };
		9B9C08BF16150BEA0063AF9C /* glv_conf.h */ = {isa = PBXFileReference; fileEncoding = 4; lastKnownFileType = sourcecode.c.h; path = glv_conf.h; sourceTree = "<group>"; };
		9B9C08C016150BEA0063AF9C /* glv_core.h */ = {isa = PBXFileReference; fileEncoding = 4; lastKnownFileType = sourcecode.c.h; path = glv_core.h; sourceTree = "<group>"; };
		9B9C08C116150BEA0063AF9C /* glv_draw.h */ = {isa = PBXFileReference; fileEncoding = 4; lastKnownFileType = sourcecode.c.h; path = glv_draw.h; sourceTree = "<group>"; };
		9B9C08C216150BEA0063AF9C /* glv_font.h */ = {isa = PBXFileReference; fileEncoding = 4; lastKnownFileType = sourcecode.c.h; path = glv_font.h; sourceTree = "<group>"; };
		9B9C08C316150BEA0063AF9C /* glv_grid.h */ = {isa = PBXFileReference; fileEncoding = 4; lastKnownFileType = sourcecode.c.h; path = glv_grid.h; sourceTree = "<group>"; };
		9B9C08C416150BEA0063AF9C /* glv_icon.h */ = {isa = PBXFileReference; fileEncoding = 4; lastKnownFileType = sourcecode.c.h; path = glv_icon.h; sourceTree = "<group>"; };
		9B9C08C516150BEA0063AF9C /* glv_layout.h */ = {isa = PBXFileReference; fileEncoding = 4; lastKnownFileType = sourcecode.c.h; path = glv_layout.h; sourceTree = "<group>"; };
		9B9C08C616150BEA0063AF9C /* glv_model.h */ = {isa = PBXFileReference; fileEncoding = 4; lastKnownFileType = sourcecode.c.h; path = glv_model.h; sourceTree = "<group>"; };
		9B9C08C716150BEA0063AF9C /* glv_notification.h */ = {isa = PBXFileReference; fileEncoding = 4; lastKnownFileType = sourcecode.c.h; path = glv_notification.h; sourceTree = "<group>"; };
		9B9C08C816150BEA0063AF9C /* glv_plots.h */ = {isa = PBXFileReference; fileEncoding = 4; lastKnownFileType = sourcecode.c.h; path = glv_plots.h; sourceTree = "<group>"; };
		9B9C08C916150BEA0063AF9C /* glv_preset_controls.h */ = {isa = PBXFileReference; fileEncoding = 4; lastKnownFileType = sourcecode.c.h; path = glv_preset_controls.h; sourceTree = "<group>"; };
		9B9C08CA16150BEA0063AF9C /* glv_rect.h */ = {isa = PBXFileReference; fileEncoding = 4; lastKnownFileType = sourcecode.c.h; path = glv_rect.h; sourceTree = "<group>"; };
		9B9C08CB16150BEA0063AF9C /* glv_sliders.h */ = {isa = PBXFileReference; fileEncoding = 4; lastKnownFileType = sourcecode.c.h; path = glv_sliders.h; sourceTree = "<group>"; };
		9B9C08CC16150BEA0063AF9C /* glv_sono.h */ = {isa = PBXFileReference; fileEncoding = 4; lastKnownFileType = sourcecode.c.h; path = glv_sono.h; sourceTree = "<group>"; };
		9B9C08CD16150BEA0063AF9C /* glv_texture.h */ = {isa = PBXFileReference; fileEncoding = 4; lastKnownFileType = sourcecode.c.h; path = glv_texture.h; sourceTree = "<group>"; };
		9B9C08CE16150BEA0063AF9C /* glv_textview.h */ = {isa = PBXFileReference; fileEncoding = 4; lastKnownFileType = sourcecode.c.h; path = glv_textview.h; sourceTree = "<group>"; };
		9B9C08CF16150BEA0063AF9C /* glv_util.h */ = {isa = PBXFileReference; fileEncoding = 4; lastKnownFileType = sourcecode.c.h; path = glv_util.h; sourceTree = "<group>"; };
		9B9C08D016150BEA0063AF9C /* glv_view3D.h */ = {isa = PBXFileReference; fileEncoding = 4; lastKnownFileType = sourcecode.c.h; path = glv_view3D.h; sourceTree = "<group>"; };
		9B9C08D116150BEA0063AF9C /* glv_widget.h */ = {isa = PBXFileReference; fileEncoding = 4; lastKnownFileType = sourcecode.c.h; path = glv_widget.h; sourceTree = "<group>"; };
		9B9C08D316150BEA0063AF9C /* glv_binding.cpp */ = {isa = PBXFileReference; fileEncoding = 4; lastKnownFileType = sourcecode.cpp.cpp; path = glv_binding.cpp; sourceTree = "<group>"; };
		9B9C08D416150BEA0063AF9C /* glv_binding_glut.cpp */ = {isa = PBXFileReference; fileEncoding = 4; lastKnownFileType = sourcecode.cpp.cpp; path = glv_binding_glut.cpp; sourceTree = "<group>"; };
		9B9C08D516150BEA0063AF9C /* glv_buttons.cpp */ = {isa = PBXFileReference; fileEncoding = 4; lastKnownFileType = sourcecode.cpp.cpp; path = glv_buttons.cpp; sourceTree = "<group>"; };
		9B9C08D616150BEA0063AF9C /* glv_color.cpp */ = {isa = PBXFileReference; fileEncoding = 4; lastKnownFileType = sourcecode.cpp.cpp; path = glv_color.cpp; sourceTree = "<group>"; };
		9B9C08D716150BEA0063AF9C /* glv_color_controls.cpp */ = {isa = PBXFileReference; fileEncoding = 4; lastKnownFileType = sourcecode.cpp.cpp; path = glv_color_controls.cpp; sourceTree = "<group>"; };
		9B9C08D816150BEA0063AF9C /* glv_core.cpp */ = {isa = PBXFileReference; fileEncoding = 4; lastKnownFileType = sourcecode.cpp.cpp; path = glv_core.cpp; sourceTree = "<group>"; };
		9B9C08D916150BEA0063AF9C /* glv_draw.cpp */ = {isa = PBXFileReference; fileEncoding = 4; lastKnownFileType = sourcecode.cpp.cpp; path = glv_draw.cpp; sourceTree = "<group>"; };
		9B9C08DA16150BEA0063AF9C /* glv_font.cpp */ = {isa = PBXFileReference; fileEncoding = 4; lastKnownFileType = sourcecode.cpp.cpp; path = glv_font.cpp; sourceTree = "<group>"; };
		9B9C08DB16150BEA0063AF9C /* glv_glv.cpp */ = {isa = PBXFileReference; fileEncoding = 4; lastKnownFileType = sourcecode.cpp.cpp; path = glv_glv.cpp; sourceTree = "<group>"; };
		9B9C08DC16150BEA0063AF9C /* glv_grid.cpp */ = {isa = PBXFileReference; fileEncoding = 4; lastKnownFileType = sourcecode.cpp.cpp; path = glv_grid.cpp; sourceTree = "<group>"; };
		9B9C08DD16150BEA0063AF9C /* glv_inputdevice.cpp */ = {isa = PBXFileReference; fileEncoding = 4; lastKnownFileType = sourcecode.cpp.cpp; path = glv_inputdevice.cpp; sourceTree = "<group>"; };
		9B9C08DE16150BEA0063AF9C /* glv_layout.cpp */ = {isa = PBXFileReference; fileEncoding = 4; lastKnownFileType = sourcecode.cpp.cpp; path = glv_layout.cpp; sourceTree = "<group>"; };
		9B9C08DF16150BEA0063AF9C /* glv_model.cpp */ = {isa = PBXFileReference; fileEncoding = 4; lastKnownFileType = sourcecode.cpp.cpp; path = glv_model.cpp; sourceTree = "<group>"; };
		9B9C08E016150BEA0063AF9C /* glv_notification.cpp */ = {isa = PBXFileReference; fileEncoding = 4; lastKnownFileType = sourcecode.cpp.cpp; path = glv_notification.cpp; sourceTree = "<group>"; };
		9B9C08E116150BEA0063AF9C /* glv_plots.cpp */ = {isa = PBXFileReference; fileEncoding = 4; lastKnownFileType = sourcecode.cpp.cpp; path = glv_plots.cpp; sourceTree = "<group>"; };
		9B9C08E216150BEA0063AF9C /* glv_preset_controls.cpp */ = {isa = PBXFileReference; fileEncoding = 4; lastKnownFileType = sourcecode.cpp.cpp; path = glv_preset_controls.cpp; sourceTree = "<group>"; };
		9B9C08E316150BEA0063AF9C /* glv_sliders.cpp */ = {isa = PBXFileReference; fileEncoding = 4; lastKnownFileType = sourcecode.cpp.cpp; path = glv_sliders.cpp; sourceTree = "<group>"; };
		9B9C08E416150BEA0063AF9C /* glv_sono.cpp */ = {isa = PBXFileReference; fileEncoding = 4; lastKnownFileType = sourcecode.cpp.cpp; path = glv_sono.cpp; sourceTree = "<group>"; };
		9B9C08E516150BEA0063AF9C /* glv_texture.cpp */ = {isa = PBXFileReference; fileEncoding = 4; lastKnownFileType = sourcecode.cpp.cpp; path = glv_texture.cpp; sourceTree = "<group>"; };
		9B9C08E616150BEA0063AF9C /* glv_textview.cpp */ = {isa = PBXFileReference; fileEncoding = 4; lastKnownFileType = sourcecode.cpp.cpp; path = glv_textview.cpp; sourceTree = "<group>"; };
		9B9C08E716150BEA0063AF9C /* glv_view.cpp */ = {isa = PBXFileReference; fileEncoding = 4; lastKnownFileType = sourcecode.cpp.cpp; path = glv_view.cpp; sourceTree = "<group>"; };
		9B9C08E816150BEA0063AF9C /* glv_view3D.cpp */ = {isa = PBXFileReference; fileEncoding = 4; lastKnownFileType = sourcecode.cpp.cpp; path = glv_view3D.cpp; sourceTree = "<group>"; };
		9B9C08E916150BEA0063AF9C /* glv_widget.cpp */ = {isa = PBXFileReference; fileEncoding = 4; lastKnownFileType = sourcecode.cpp.cpp; path = glv_widget.cpp; sourceTree = "<group>"; };
		9B9C091E16150D5E0063AF9C /* Aff.h */ = {isa = PBXFileReference; fileEncoding = 4; lastKnownFileType = sourcecode.c.h; path = Aff.h; sourceTree = "<group>"; };
		9B9C091F16150D5E0063AF9C /* Afl.h */ = {isa = PBXFileReference; fileEncoding = 4; lastKnownFileType = sourcecode.c.h; path = Afl.h; sourceTree = "<group>"; };
		9B9C092016150D5E0063AF9C /* Afp.h */ = {isa = PBXFileReference; fileEncoding = 4; lastKnownFileType = sourcecode.c.h; path = Afp.h; sourceTree = "<group>"; };
		9B9C092116150D5E0063AF9C /* Biv.h */ = {isa = PBXFileReference; fileEncoding = 4; lastKnownFileType = sourcecode.c.h; path = Biv.h; sourceTree = "<group>"; };
		9B9C092216150D5E0063AF9C /* Bst.h */ = {isa = PBXFileReference; fileEncoding = 4; lastKnownFileType = sourcecode.c.h; path = Bst.h; sourceTree = "<group>"; };
		9B9C092316150D5E0063AF9C /* Cir.h */ = {isa = PBXFileReference; fileEncoding = 4; lastKnownFileType = sourcecode.c.h; path = Cir.h; sourceTree = "<group>"; };
		9B9C092416150D5E0063AF9C /* Daf.h */ = {isa = PBXFileReference; fileEncoding = 4; lastKnownFileType = sourcecode.c.h; path = Daf.h; sourceTree = "<group>"; };
		9B9C092516150D5E0063AF9C /* Dal.h */ = {isa = PBXFileReference; fileEncoding = 4; lastKnownFileType = sourcecode.c.h; path = Dal.h; sourceTree = "<group>"; };
		9B9C092616150D5E0063AF9C /* Dap.h */ = {isa = PBXFileReference; fileEncoding = 4; lastKnownFileType = sourcecode.c.h; path = Dap.h; sourceTree = "<group>"; };
		9B9C092716150D5E0063AF9C /* Dfp.h */ = {isa = PBXFileReference; fileEncoding = 4; lastKnownFileType = sourcecode.c.h; path = Dfp.h; sourceTree = "<group>"; };
		9B9C092816150D5E0063AF9C /* Dil.h */ = {isa = PBXFileReference; fileEncoding = 4; lastKnownFileType = sourcecode.c.h; path = Dil.h; sourceTree = "<group>"; };
		9B9C092916150D5E0063AF9C /* Dll.h */ = {isa = PBXFileReference; fileEncoding = 4; lastKnownFileType = sourcecode.c.h; path = Dll.h; sourceTree = "<group>"; };
		9B9C092A16150D5E0063AF9C /* Dlp.h */ = {isa = PBXFileReference; fileEncoding = 4; lastKnownFileType = sourcecode.c.h; path = Dlp.h; sourceTree = "<group>"; };
		9B9C092B16150D5E0063AF9C /* Drb.h */ = {isa = PBXFileReference; fileEncoding = 4; lastKnownFileType = sourcecode.c.h; path = Drb.h; sourceTree = "<group>"; };
		9B9C092C16150D5E0063AF9C /* Drt.h */ = {isa = PBXFileReference; fileEncoding = 4; lastKnownFileType = sourcecode.c.h; path = Drt.h; sourceTree = "<group>"; };
		9B9C092D16150D5E0063AF9C /* Drv.h */ = {isa = PBXFileReference; fileEncoding = 4; lastKnownFileType = sourcecode.c.h; path = Drv.h; sourceTree = "<group>"; };
		9B9C092E16150D5E0063AF9C /* Flp.h */ = {isa = PBXFileReference; fileEncoding = 4; lastKnownFileType = sourcecode.c.h; path = Flp.h; sourceTree = "<group>"; };
		9B9C092F16150D5E0063AF9C /* Hyp.h */ = {isa = PBXFileReference; fileEncoding = 4; lastKnownFileType = sourcecode.c.h; path = Hyp.h; sourceTree = "<group>"; };
		9B9C093016150D5E0063AF9C /* Inf.h */ = {isa = PBXFileReference; fileEncoding = 4; lastKnownFileType = sourcecode.c.h; path = Inf.h; sourceTree = "<group>"; };
		9B9C093116150D5E0063AF9C /* Lin.h */ = {isa = PBXFileReference; fileEncoding = 4; lastKnownFileType = sourcecode.c.h; path = Lin.h; sourceTree = "<group>"; };
		9B9C093216150D5E0063AF9C /* Mnk.h */ = {isa = PBXFileReference; fileEncoding = 4; lastKnownFileType = sourcecode.c.h; path = Mnk.h; sourceTree = "<group>"; };
		9B9C093316150D5E0063AF9C /* Mnv.h */ = {isa = PBXFileReference; fileEncoding = 4; lastKnownFileType = sourcecode.c.h; path = Mnv.h; sourceTree = "<group>"; };
		9B9C093416150D5E0063AF9C /* Mot.h */ = {isa = PBXFileReference; fileEncoding = 4; lastKnownFileType = sourcecode.c.h; path = Mot.h; sourceTree = "<group>"; };
		9B9C093516150D5E0063AF9C /* Mtd.h */ = {isa = PBXFileReference; fileEncoding = 4; lastKnownFileType = sourcecode.c.h; path = Mtd.h; sourceTree = "<group>"; };
		9B9C093616150D5E0063AF9C /* Mtt.h */ = {isa = PBXFileReference; fileEncoding = 4; lastKnownFileType = sourcecode.c.h; path = Mtt.h; sourceTree = "<group>"; };
		9B9C093716150D5E0063AF9C /* Ori.h */ = {isa = PBXFileReference; fileEncoding = 4; lastKnownFileType = sourcecode.c.h; path = Ori.h; sourceTree = "<group>"; };
		9B9C093816150D5E0063AF9C /* Par.h */ = {isa = PBXFileReference; fileEncoding = 4; lastKnownFileType = sourcecode.c.h; path = Par.h; sourceTree = "<group>"; };
		9B9C093916150D5E0063AF9C /* Pln.h */ = {isa = PBXFileReference; fileEncoding = 4; lastKnownFileType = sourcecode.c.h; path = Pln.h; sourceTree = "<group>"; };
		9B9C093A16150D5E0063AF9C /* Pnt.h */ = {isa = PBXFileReference; fileEncoding = 4; lastKnownFileType = sourcecode.c.h; path = Pnt.h; sourceTree = "<group>"; };
		9B9C093B16150D5E0063AF9C /* Pss.h */ = {isa = PBXFileReference; fileEncoding = 4; lastKnownFileType = sourcecode.c.h; path = Pss.h; sourceTree = "<group>"; };
		9B9C093C16150D5E0063AF9C /* Rot.h */ = {isa = PBXFileReference; fileEncoding = 4; lastKnownFileType = sourcecode.c.h; path = Rot.h; sourceTree = "<group>"; };
		9B9C093D16150D5E0063AF9C /* Rtc.h */ = {isa = PBXFileReference; fileEncoding = 4; lastKnownFileType = sourcecode.c.h; path = Rtc.h; sourceTree = "<group>"; };
		9B9C093E16150D5E0063AF9C /* Rtd.h */ = {isa = PBXFileReference; fileEncoding = 4; lastKnownFileType = sourcecode.c.h; path = Rtd.h; sourceTree = "<group>"; };
		9B9C093F16150D5E0063AF9C /* Rtt.h */ = {isa = PBXFileReference; fileEncoding = 4; lastKnownFileType = sourcecode.c.h; path = Rtt.h; sourceTree = "<group>"; };
		9B9C094016150D5E0063AF9C /* Rvd.h */ = {isa = PBXFileReference; fileEncoding = 4; lastKnownFileType = sourcecode.c.h; path = Rvd.h; sourceTree = "<group>"; };
		9B9C094116150D5E0063AF9C /* Sca.h */ = {isa = PBXFileReference; fileEncoding = 4; lastKnownFileType = sourcecode.c.h; path = Sca.h; sourceTree = "<group>"; };
		9B9C094216150D5E0063AF9C /* Sph.h */ = {isa = PBXFileReference; fileEncoding = 4; lastKnownFileType = sourcecode.c.h; path = Sph.h; sourceTree = "<group>"; };
		9B9C094316150D5E0063AF9C /* Sta.h */ = {isa = PBXFileReference; fileEncoding = 4; lastKnownFileType = sourcecode.c.h; path = Sta.h; sourceTree = "<group>"; };
		9B9C094416150D5E0063AF9C /* Tnb.h */ = {isa = PBXFileReference; fileEncoding = 4; lastKnownFileType = sourcecode.c.h; path = Tnb.h; sourceTree = "<group>"; };
		9B9C094516150D5E0063AF9C /* Tnt.h */ = {isa = PBXFileReference; fileEncoding = 4; lastKnownFileType = sourcecode.c.h; path = Tnt.h; sourceTree = "<group>"; };
		9B9C094616150D5E0063AF9C /* Tnv.h */ = {isa = PBXFileReference; fileEncoding = 4; lastKnownFileType = sourcecode.c.h; path = Tnv.h; sourceTree = "<group>"; };
		9B9C094716150D5E0063AF9C /* Tri.h */ = {isa = PBXFileReference; fileEncoding = 4; lastKnownFileType = sourcecode.c.h; path = Tri.h; sourceTree = "<group>"; };
		9B9C094816150D5E0063AF9C /* Trs.h */ = {isa = PBXFileReference; fileEncoding = 4; lastKnownFileType = sourcecode.c.h; path = Trs.h; sourceTree = "<group>"; };
		9B9C094916150D5E0063AF9C /* Trt.h */ = {isa = PBXFileReference; fileEncoding = 4; lastKnownFileType = sourcecode.c.h; path = Trt.h; sourceTree = "<group>"; };
		9B9C094A16150D5E0063AF9C /* Trv.h */ = {isa = PBXFileReference; fileEncoding = 4; lastKnownFileType = sourcecode.c.h; path = Trv.h; sourceTree = "<group>"; };
		9B9C094B16150D5E0063AF9C /* Tsd.h */ = {isa = PBXFileReference; fileEncoding = 4; lastKnownFileType = sourcecode.c.h; path = Tsd.h; sourceTree = "<group>"; };
		9B9C094C16150D5E0063AF9C /* Tst.h */ = {isa = PBXFileReference; fileEncoding = 4; lastKnownFileType = sourcecode.c.h; path = Tst.h; sourceTree = "<group>"; };
		9B9C094D16150D5E0063AF9C /* Tvd.h */ = {isa = PBXFileReference; fileEncoding = 4; lastKnownFileType = sourcecode.c.h; path = Tvd.h; sourceTree = "<group>"; };
		9B9C094E16150D5E0063AF9C /* Tvt.h */ = {isa = PBXFileReference; fileEncoding = 4; lastKnownFileType = sourcecode.c.h; path = Tvt.h; sourceTree = "<group>"; };
		9B9C094F16150D5E0063AF9C /* Vec.h */ = {isa = PBXFileReference; fileEncoding = 4; lastKnownFileType = sourcecode.c.h; path = Vec.h; sourceTree = "<group>"; };
		9B9C095016150D5E0063AF9C /* versorFuncs.h */ = {isa = PBXFileReference; fileEncoding = 4; lastKnownFileType = sourcecode.c.h; path = versorFuncs.h; sourceTree = "<group>"; };
		9B9C095116150D5E0063AF9C /* vsr_casts.h */ = {isa = PBXFileReference; fileEncoding = 4; lastKnownFileType = sourcecode.c.h; path = vsr_casts.h; sourceTree = "<group>"; };
		9B9C095216150D5E0063AF9C /* vsr_templates.h */ = {isa = PBXFileReference; fileEncoding = 4; lastKnownFileType = sourcecode.c.h; path = vsr_templates.h; sourceTree = "<group>"; };
		9B9C095316150D5E0063AF9C /* vsr_typedefs.h */ = {isa = PBXFileReference; fileEncoding = 4; lastKnownFileType = sourcecode.c.h; path = vsr_typedefs.h; sourceTree = "<group>"; };
		9B9C095516150D5E0063AF9C /* ExpTemp.h */ = {isa = PBXFileReference; fileEncoding = 4; lastKnownFileType = sourcecode.c.h; path = ExpTemp.h; sourceTree = "<group>"; };
		9B9C095616150D5E0063AF9C /* Frame.h */ = {isa = PBXFileReference; fileEncoding = 4; lastKnownFileType = sourcecode.c.h; path = Frame.h; sourceTree = "<group>"; };
		9B9C095716150D5E0063AF9C /* MV.h */ = {isa = PBXFileReference; fileEncoding = 4; lastKnownFileType = sourcecode.c.h; path = MV.h; sourceTree = "<group>"; };
		9B9C095816150D5E0063AF9C /* op.h */ = {isa = PBXFileReference; fileEncoding = 4; lastKnownFileType = sourcecode.c.h; path = op.h; sourceTree = "<group>"; };
		9B9C095916150D5E0063AF9C /* set.h */ = {isa = PBXFileReference; fileEncoding = 4; lastKnownFileType = sourcecode.c.h; path = set.h; sourceTree = "<group>"; };
		9B9C095A16150D5E0063AF9C /* vsr.h */ = {isa = PBXFileReference; fileEncoding = 4; lastKnownFileType = sourcecode.c.h; path = vsr.h; sourceTree = "<group>"; };
		9B9C095C16150D5E0063AF9C /* MVBase.h */ = {isa = PBXFileReference; fileEncoding = 4; lastKnownFileType = sourcecode.c.h; path = MVBase.h; sourceTree = "<group>"; };
		9B9C095E16150D5E0063AF9C /* Camera.h */ = {isa = PBXFileReference; fileEncoding = 4; lastKnownFileType = sourcecode.c.h; path = Camera.h; sourceTree = "<group>"; };
		9B9C095F16150D5E0063AF9C /* Draw.h */ = {isa = PBXFileReference; fileEncoding = 4; lastKnownFileType = sourcecode.c.h; path = Draw.h; sourceTree = "<group>"; };
		9B9C096016150D5E0063AF9C /* Drawable.h */ = {isa = PBXFileReference; fileEncoding = 4; lastKnownFileType = sourcecode.c.h; path = Drawable.h; sourceTree = "<group>"; };
		9B9C096116150D5E0063AF9C /* GLVInterfaceImpl.h */ = {isa = PBXFileReference; fileEncoding = 4; lastKnownFileType = sourcecode.c.h; path = GLVInterfaceImpl.h; sourceTree = "<group>"; };
		9B9C096216150D5E0063AF9C /* GraphicsMatrix.h */ = {isa = PBXFileReference; fileEncoding = 4; lastKnownFileType = sourcecode.c.h; path = GraphicsMatrix.h; sourceTree = "<group>"; };
		9B9C096316150D5E0063AF9C /* Gui.hpp */ = {isa = PBXFileReference; fileEncoding = 4; lastKnownFileType = sourcecode.cpp.h; path = Gui.hpp; sourceTree = "<group>"; };
		9B9C096416150D5E0063AF9C /* Interface.h */ = {isa = PBXFileReference; fileEncoding = 4; lastKnownFileType = sourcecode.c.h; path = Interface.h; sourceTree = "<group>"; };
		9B9C096516150D5E0063AF9C /* vsr_gl.h */ = {isa = PBXFileReference; fileEncoding = 4; lastKnownFileType = sourcecode.c.h; path = vsr_gl.h; sourceTree = "<group>"; };
		9B9C096616150D5E0063AF9C /* vsr_gxlib.h */ = {isa = PBXFileReference; fileEncoding = 4; lastKnownFileType = sourcecode.c.h; path = vsr_gxlib.h; sourceTree = "<group>"; };
		9B9C096816150D5E0063AF9C /* constants.h */ = {isa = PBXFileReference; fileEncoding = 4; lastKnownFileType = sourcecode.c.h; path = constants.h; sourceTree = "<group>"; };
		9B9C096916150D5E0063AF9C /* interp.h */ = {isa = PBXFileReference; fileEncoding = 4; lastKnownFileType = sourcecode.c.h; path = interp.h; sourceTree = "<group>"; };
		9B9C096A16150D5E0063AF9C /* vsr_math.h */ = {isa = PBXFileReference; fileEncoding = 4; lastKnownFileType = sourcecode.c.h; path = vsr_math.h; sourceTree = "<group>"; };
		9B9C096B16150D5E0063AF9C /* vsr_matrix.h */ = {isa = PBXFileReference; fileEncoding = 4; lastKnownFileType = sourcecode.c.h; path = vsr_matrix.h; sourceTree = "<group>"; };
		9B9C096C16150D5E0063AF9C /* types.h */ = {isa = PBXFileReference; fileEncoding = 4; lastKnownFileType = sourcecode.c.h; path = types.h; sourceTree = "<group>"; };
		9B9C09BB16150D9C0063AF9C /* vsr_templates.cpp */ = {isa = PBXFileReference; fileEncoding = 4; lastKnownFileType = sourcecode.cpp.cpp; path = vsr_templates.cpp; sourceTree = "<group>"; };
		9B9C09BD16150D9C0063AF9C /* Frame.cpp */ = {isa = PBXFileReference; fileEncoding = 4; lastKnownFileType = sourcecode.cpp.cpp; path = Frame.cpp; sourceTree = "<group>"; };
		9B9C09BE16150D9C0063AF9C /* MV.cpp */ = {isa = PBXFileReference; fileEncoding = 4; lastKnownFileType = sourcecode.cpp.cpp; path = MV.cpp; sourceTree = "<group>"; };
		9B9C09C016150D9C0063AF9C /* MVBase.cpp */ = {isa = PBXFileReference; fileEncoding = 4; lastKnownFileType = sourcecode.cpp.cpp; path = MVBase.cpp; sourceTree = "<group>"; };
		9B9C09C216150D9C0063AF9C /* Camera.cpp */ = {isa = PBXFileReference; fileEncoding = 4; lastKnownFileType = sourcecode.cpp.cpp; path = Camera.cpp; sourceTree = "<group>"; };
		9B9C09C316150D9C0063AF9C /* Draw.cpp */ = {isa = PBXFileReference; fileEncoding = 4; lastKnownFileType = sourcecode.cpp.cpp; path = Draw.cpp; sourceTree = "<group>"; };
		9B9C09C416150D9C0063AF9C /* Interface.cpp */ = {isa = PBXFileReference; fileEncoding = 4; lastKnownFileType = sourcecode.cpp.cpp; path = Interface.cpp; sourceTree = "<group>"; };
		9B9C09C516150D9C0063AF9C /* vsr_gl.cpp */ = {isa = PBXFileReference; fileEncoding = 4; lastKnownFileType = sourcecode.cpp.cpp; path = vsr_gl.cpp; sourceTree = "<group>"; };
		9B9C09D0161510D50063AF9C /* vsr_instantiation.cpp */ = {isa = PBXFileReference; lastKnownFileType = sourcecode.cpp.cpp; path = vsr_instantiation.cpp; sourceTree = "<group>"; };
		9B9C09D3161511930063AF9C /* Camera.h */ = {isa = PBXFileReference; fileEncoding = 4; lastKnownFileType = sourcecode.c.h; path = Camera.h; sourceTree = "<group>"; };
		9B9C09D4161511930063AF9C /* Draw.h */ = {isa = PBXFileReference; fileEncoding = 4; lastKnownFileType = sourcecode.c.h; path = Draw.h; sourceTree = "<group>"; };
		9B9C09D5161511930063AF9C /* Drawable.h */ = {isa = PBXFileReference; fileEncoding = 4; lastKnownFileType = sourcecode.c.h; path = Drawable.h; sourceTree = "<group>"; };
		9B9C09D6161511930063AF9C /* GLVInterfaceImpl.h */ = {isa = PBXFileReference; fileEncoding = 4; lastKnownFileType = sourcecode.c.h; path = GLVInterfaceImpl.h; sourceTree = "<group>"; };
		9B9C09D7161511930063AF9C /* GraphicsMatrix.h */ = {isa = PBXFileReference; fileEncoding = 4; lastKnownFileType = sourcecode.c.h; path = GraphicsMatrix.h; sourceTree = "<group>"; };
		9B9C09D8161511930063AF9C /* Gui.hpp */ = {isa = PBXFileReference; fileEncoding = 4; lastKnownFileType = sourcecode.cpp.h; path = Gui.hpp; sourceTree = "<group>"; };
		9B9C09D9161511930063AF9C /* Interface.h */ = {isa = PBXFileReference; fileEncoding = 4; lastKnownFileType = sourcecode.c.h; path = Interface.h; sourceTree = "<group>"; };
		9B9C09DA161511930063AF9C /* vsr_gl.h */ = {isa = PBXFileReference; fileEncoding = 4; lastKnownFileType = sourcecode.c.h; path = vsr_gl.h; sourceTree = "<group>"; };
		9B9C09DB161511930063AF9C /* vsr_gxlib.h */ = {isa = PBXFileReference; fileEncoding = 4; lastKnownFileType = sourcecode.c.h; path = vsr_gxlib.h; sourceTree = "<group>"; };
		9B9C09E6161511B90063AF9C /* Camera.cpp */ = {isa = PBXFileReference; fileEncoding = 4; lastKnownFileType = sourcecode.cpp.cpp; path = Camera.cpp; sourceTree = "<group>"; };
		9B9C09E7161511B90063AF9C /* Draw.cpp */ = {isa = PBXFileReference; fileEncoding = 4; lastKnownFileType = sourcecode.cpp.cpp; path = Draw.cpp; sourceTree = "<group>"; };
		9B9C09E8161511B90063AF9C /* Interface.cpp */ = {isa = PBXFileReference; fileEncoding = 4; lastKnownFileType = sourcecode.cpp.cpp; path = Interface.cpp; sourceTree = "<group>"; };
		9B9C09E9161511B90063AF9C /* vsr_gl.cpp */ = {isa = PBXFileReference; fileEncoding = 4; lastKnownFileType = sourcecode.cpp.cpp; path = vsr_gl.cpp; sourceTree = "<group>"; };
		9BB01150160527D5002AD56D /* libglv.a */ = {isa = PBXFileReference; explicitFileType = archive.ar; includeInIndex = 0; path = libglv.a; sourceTree = BUILT_PRODUCTS_DIR; };
		9BBBDFFD15DDC1F100BDE419 /* vsr_static */ = {isa = PBXFileReference; explicitFileType = "compiled.mach-o.executable"; includeInIndex = 0; path = vsr_static; sourceTree = BUILT_PRODUCTS_DIR; };
		9BBBE00115DDC1F200BDE419 /* main.cpp */ = {isa = PBXFileReference; lastKnownFileType = sourcecode.cpp.cpp; path = main.cpp; sourceTree = "<group>"; };
		9BBBE00315DDC1F200BDE419 /* vsr_static.1 */ = {isa = PBXFileReference; lastKnownFileType = text.man; path = vsr_static.1; sourceTree = "<group>"; };
		9BBBE00E15DDC20500BDE419 /* libvsr.a */ = {isa = PBXFileReference; explicitFileType = archive.ar; includeInIndex = 0; path = libvsr.a; sourceTree = BUILT_PRODUCTS_DIR; };
		9BD758E91604091D0003B8EE /* OpenGL.framework */ = {isa = PBXFileReference; lastKnownFileType = wrapper.framework; name = OpenGL.framework; path = System/Library/Frameworks/OpenGL.framework; sourceTree = SDKROOT; };
		9BD758EB160409240003B8EE /* GLUT.framework */ = {isa = PBXFileReference; lastKnownFileType = wrapper.framework; name = GLUT.framework; path = System/Library/Frameworks/GLUT.framework; sourceTree = SDKROOT; };
/* End PBXFileReference section */

/* Begin PBXFrameworksBuildPhase section */
		9B3F22D415FFEDE70071E210 /* Frameworks */ = {
			isa = PBXFrameworksBuildPhase;
			buildActionMask = 2147483647;
			files = (
				9B3F22E315FFEDF50071E210 /* libvsr.a in Frameworks */,
			);
			runOnlyForDeploymentPostprocessing = 0;
		};
		9B638BBC15FEBF6100C74AF7 /* Frameworks */ = {
			isa = PBXFrameworksBuildPhase;
			buildActionMask = 2147483647;
			files = (
				9B092C0915FF30570075A46B /* libvsr.a in Frameworks */,
			);
			runOnlyForDeploymentPostprocessing = 0;
		};
		9B6D98151612759000E0EB9C /* Frameworks */ = {
			isa = PBXFrameworksBuildPhase;
			buildActionMask = 2147483647;
			files = (
				9B6D9823161275B800E0EB9C /* libglv.a in Frameworks */,
				9B6D9824161275B800E0EB9C /* libvsr.a in Frameworks */,
				9B6D9822161275B200E0EB9C /* GLUT.framework in Frameworks */,
				9B6D9821161275AB00E0EB9C /* OpenGL.framework in Frameworks */,
			);
			runOnlyForDeploymentPostprocessing = 0;
		};
		9B6D982C161276B900E0EB9C /* Frameworks */ = {
			isa = PBXFrameworksBuildPhase;
			buildActionMask = 2147483647;
			files = (
				9B6D983B161276DF00E0EB9C /* libvsr.a in Frameworks */,
			);
			runOnlyForDeploymentPostprocessing = 0;
		};
		9BB0114D160527D5002AD56D /* Frameworks */ = {
			isa = PBXFrameworksBuildPhase;
			buildActionMask = 2147483647;
			files = (
				9BB011B71605284A002AD56D /* OpenGL.framework in Frameworks */,
				9BB011B616052843002AD56D /* GLUT.framework in Frameworks */,
			);
			runOnlyForDeploymentPostprocessing = 0;
		};
		9BBBDFFA15DDC1F100BDE419 /* Frameworks */ = {
			isa = PBXFrameworksBuildPhase;
			buildActionMask = 2147483647;
			files = (
				9B6D982A1612765800E0EB9C /* libvsrGL.a in Frameworks */,
				9BD758EC160409240003B8EE /* GLUT.framework in Frameworks */,
				9BD758EA1604091D0003B8EE /* OpenGL.framework in Frameworks */,
			);
			runOnlyForDeploymentPostprocessing = 0;
		};
		9BBBE00B15DDC20500BDE419 /* Frameworks */ = {
			isa = PBXFrameworksBuildPhase;
			buildActionMask = 2147483647;
			files = (
			);
			runOnlyForDeploymentPostprocessing = 0;
		};
/* End PBXFrameworksBuildPhase section */

/* Begin PBXGroup section */
		9B3F22D915FFEDE70071E210 /* TestSpeed_no_inheritance */ = {
			isa = PBXGroup;
			children = (
				9B3F22DA15FFEDE70071E210 /* main.cpp */,
				9B3F22DC15FFEDE70071E210 /* TestSpeed_no_inheritance.1 */,
			);
			name = TestSpeed_no_inheritance;
			path = ../TestSpeed_no_inheritance;
			sourceTree = "<group>";
		};
		9B638BC115FEBF6100C74AF7 /* TestSpeed */ = {
			isa = PBXGroup;
			children = (
				9B638BC215FEBF6100C74AF7 /* main.cpp */,
				9B638BC415FEBF6100C74AF7 /* TestSpeed.1 */,
			);
			name = TestSpeed;
			path = ../TestSpeed;
			sourceTree = "<group>";
		};
		9B6D9831161276B900E0EB9C /* vsr_test */ = {
			isa = PBXGroup;
			children = (
				9B6D9832161276B900E0EB9C /* main.cpp */,
				9B6D9834161276B900E0EB9C /* vsr_test.1 */,
			);
			name = vsr_test;
			path = ../vsr_test;
			sourceTree = "<group>";
		};
		9B9C087E16150B630063AF9C /* externals */ = {
			isa = PBXGroup;
			children = (
				9B9C091A16150BEF0063AF9C /* glv */,
				9B9C08A816150BC10063AF9C /* gl2ps */,
			);
			name = externals;
			path = TestSpeed_no_inheritance;
			sourceTree = "<group>";
		};
		9B9C08A816150BC10063AF9C /* gl2ps */ = {
			isa = PBXGroup;
			children = (
				9B9C08A916150BC10063AF9C /* CMakeLists.txt */,
				9B9C08AA16150BC10063AF9C /* COPYING.GL2PS */,
				9B9C08AB16150BC10063AF9C /* COPYING.LGPL */,
				9B9C08AC16150BC10063AF9C /* gl2ps.c */,
				9B9C08AD16150BC10063AF9C /* gl2ps.h */,
				9B9C08AE16150BC10063AF9C /* gl2ps.pdf */,
				9B9C08AF16150BC10063AF9C /* gl2ps.tex */,
				9B9C08B016150BC10063AF9C /* gl2psTest.c */,
				9B9C08B116150BC10063AF9C /* gl2psTestSimple.c */,
				9B9C08B216150BC10063AF9C /* README.txt */,
				9B9C08B316150BC10063AF9C /* TODO.txt */,
			);
			name = gl2ps;
			path = ../../../../externals/gl2ps;
			sourceTree = "<group>";
		};
		9B9C08B816150BEA0063AF9C /* GLV */ = {
			isa = PBXGroup;
			children = (
				9B9C08B916150BEA0063AF9C /* glv.h */,
				9B9C08BA16150BEA0063AF9C /* glv_behavior.h */,
				9B9C08BB16150BEA0063AF9C /* glv_binding.h */,
				9B9C08BC16150BEA0063AF9C /* glv_buttons.h */,
				9B9C08BD16150BEA0063AF9C /* glv_color.h */,
				9B9C08BE16150BEA0063AF9C /* glv_color_controls.h */,
				9B9C08BF16150BEA0063AF9C /* glv_conf.h */,
				9B9C08C016150BEA0063AF9C /* glv_core.h */,
				9B9C08C116150BEA0063AF9C /* glv_draw.h */,
				9B9C08C216150BEA0063AF9C /* glv_font.h */,
				9B9C08C316150BEA0063AF9C /* glv_grid.h */,
				9B9C08C416150BEA0063AF9C /* glv_icon.h */,
				9B9C08C516150BEA0063AF9C /* glv_layout.h */,
				9B9C08C616150BEA0063AF9C /* glv_model.h */,
				9B9C08C716150BEA0063AF9C /* glv_notification.h */,
				9B9C08C816150BEA0063AF9C /* glv_plots.h */,
				9B9C08C916150BEA0063AF9C /* glv_preset_controls.h */,
				9B9C08CA16150BEA0063AF9C /* glv_rect.h */,
				9B9C08CB16150BEA0063AF9C /* glv_sliders.h */,
				9B9C08CC16150BEA0063AF9C /* glv_sono.h */,
				9B9C08CD16150BEA0063AF9C /* glv_texture.h */,
				9B9C08CE16150BEA0063AF9C /* glv_textview.h */,
				9B9C08CF16150BEA0063AF9C /* glv_util.h */,
				9B9C08D016150BEA0063AF9C /* glv_view3D.h */,
				9B9C08D116150BEA0063AF9C /* glv_widget.h */,
			);
			name = GLV;
			path = ../../../../externals/glv/GLV;
			sourceTree = "<group>";
		};
		9B9C08D216150BEA0063AF9C /* src */ = {
			isa = PBXGroup;
			children = (
				9B9C08D316150BEA0063AF9C /* glv_binding.cpp */,
				9B9C08D416150BEA0063AF9C /* glv_binding_glut.cpp */,
				9B9C08D516150BEA0063AF9C /* glv_buttons.cpp */,
				9B9C08D616150BEA0063AF9C /* glv_color.cpp */,
				9B9C08D716150BEA0063AF9C /* glv_color_controls.cpp */,
				9B9C08D816150BEA0063AF9C /* glv_core.cpp */,
				9B9C08D916150BEA0063AF9C /* glv_draw.cpp */,
				9B9C08DA16150BEA0063AF9C /* glv_font.cpp */,
				9B9C08DB16150BEA0063AF9C /* glv_glv.cpp */,
				9B9C08DC16150BEA0063AF9C /* glv_grid.cpp */,
				9B9C08DD16150BEA0063AF9C /* glv_inputdevice.cpp */,
				9B9C08DE16150BEA0063AF9C /* glv_layout.cpp */,
				9B9C08DF16150BEA0063AF9C /* glv_model.cpp */,
				9B9C08E016150BEA0063AF9C /* glv_notification.cpp */,
				9B9C08E116150BEA0063AF9C /* glv_plots.cpp */,
				9B9C08E216150BEA0063AF9C /* glv_preset_controls.cpp */,
				9B9C08E316150BEA0063AF9C /* glv_sliders.cpp */,
				9B9C08E416150BEA0063AF9C /* glv_sono.cpp */,
				9B9C08E516150BEA0063AF9C /* glv_texture.cpp */,
				9B9C08E616150BEA0063AF9C /* glv_textview.cpp */,
				9B9C08E716150BEA0063AF9C /* glv_view.cpp */,
				9B9C08E816150BEA0063AF9C /* glv_view3D.cpp */,
				9B9C08E916150BEA0063AF9C /* glv_widget.cpp */,
			);
			name = src;
			path = ../../../../externals/glv/src;
			sourceTree = "<group>";
		};
		9B9C091A16150BEF0063AF9C /* glv */ = {
			isa = PBXGroup;
			children = (
				9B9C08B816150BEA0063AF9C /* GLV */,
				9B9C08D216150BEA0063AF9C /* src */,
			);
			name = glv;
			sourceTree = "<group>";
		};
		9B9C091B16150D5E0063AF9C /* VSR */ = {
			isa = PBXGroup;
			children = (
				9B9C09D2161511930063AF9C /* graphics */,
				9B9C091C16150D5E0063AF9C /* codegen */,
				9B9C095416150D5E0063AF9C /* core */,
				9B9C095B16150D5E0063AF9C /* deprecated */,
				9B9C095D16150D5E0063AF9C /* graphics */,
				9B9C096716150D5E0063AF9C /* util */,
			);
			name = VSR;
			path = ../../VSR;
			sourceTree = "<group>";
		};
		9B9C091C16150D5E0063AF9C /* codegen */ = {
			isa = PBXGroup;
			children = (
				9B9C091D16150D5E0063AF9C /* products */,
				9B9C095116150D5E0063AF9C /* vsr_casts.h */,
				9B9C095216150D5E0063AF9C /* vsr_templates.h */,
				9B9C095316150D5E0063AF9C /* vsr_typedefs.h */,
			);
			path = codegen;
			sourceTree = "<group>";
		};
		9B9C091D16150D5E0063AF9C /* products */ = {
			isa = PBXGroup;
			children = (
				9B9C091E16150D5E0063AF9C /* Aff.h */,
				9B9C091F16150D5E0063AF9C /* Afl.h */,
				9B9C092016150D5E0063AF9C /* Afp.h */,
				9B9C092116150D5E0063AF9C /* Biv.h */,
				9B9C092216150D5E0063AF9C /* Bst.h */,
				9B9C092316150D5E0063AF9C /* Cir.h */,
				9B9C092416150D5E0063AF9C /* Daf.h */,
				9B9C092516150D5E0063AF9C /* Dal.h */,
				9B9C092616150D5E0063AF9C /* Dap.h */,
				9B9C092716150D5E0063AF9C /* Dfp.h */,
				9B9C092816150D5E0063AF9C /* Dil.h */,
				9B9C092916150D5E0063AF9C /* Dll.h */,
				9B9C092A16150D5E0063AF9C /* Dlp.h */,
				9B9C092B16150D5E0063AF9C /* Drb.h */,
				9B9C092C16150D5E0063AF9C /* Drt.h */,
				9B9C092D16150D5E0063AF9C /* Drv.h */,
				9B9C092E16150D5E0063AF9C /* Flp.h */,
				9B9C092F16150D5E0063AF9C /* Hyp.h */,
				9B9C093016150D5E0063AF9C /* Inf.h */,
				9B9C093116150D5E0063AF9C /* Lin.h */,
				9B9C093216150D5E0063AF9C /* Mnk.h */,
				9B9C093316150D5E0063AF9C /* Mnv.h */,
				9B9C093416150D5E0063AF9C /* Mot.h */,
				9B9C093516150D5E0063AF9C /* Mtd.h */,
				9B9C093616150D5E0063AF9C /* Mtt.h */,
				9B9C093716150D5E0063AF9C /* Ori.h */,
				9B9C093816150D5E0063AF9C /* Par.h */,
				9B9C093916150D5E0063AF9C /* Pln.h */,
				9B9C093A16150D5E0063AF9C /* Pnt.h */,
				9B9C093B16150D5E0063AF9C /* Pss.h */,
				9B9C093C16150D5E0063AF9C /* Rot.h */,
				9B9C093D16150D5E0063AF9C /* Rtc.h */,
				9B9C093E16150D5E0063AF9C /* Rtd.h */,
				9B9C093F16150D5E0063AF9C /* Rtt.h */,
				9B9C094016150D5E0063AF9C /* Rvd.h */,
				9B9C094116150D5E0063AF9C /* Sca.h */,
				9B9C094216150D5E0063AF9C /* Sph.h */,
				9B9C094316150D5E0063AF9C /* Sta.h */,
				9B9C094416150D5E0063AF9C /* Tnb.h */,
				9B9C094516150D5E0063AF9C /* Tnt.h */,
				9B9C094616150D5E0063AF9C /* Tnv.h */,
				9B9C094716150D5E0063AF9C /* Tri.h */,
				9B9C094816150D5E0063AF9C /* Trs.h */,
				9B9C094916150D5E0063AF9C /* Trt.h */,
				9B9C094A16150D5E0063AF9C /* Trv.h */,
				9B9C094B16150D5E0063AF9C /* Tsd.h */,
				9B9C094C16150D5E0063AF9C /* Tst.h */,
				9B9C094D16150D5E0063AF9C /* Tvd.h */,
				9B9C094E16150D5E0063AF9C /* Tvt.h */,
				9B9C094F16150D5E0063AF9C /* Vec.h */,
				9B9C095016150D5E0063AF9C /* versorFuncs.h */,
			);
			path = products;
			sourceTree = "<group>";
		};
		9B9C095416150D5E0063AF9C /* core */ = {
			isa = PBXGroup;
			children = (
				9B9C09D0161510D50063AF9C /* vsr_instantiation.cpp */,
				9B9C095516150D5E0063AF9C /* ExpTemp.h */,
				9B9C095616150D5E0063AF9C /* Frame.h */,
				9B9C095716150D5E0063AF9C /* MV.h */,
				9B9C095816150D5E0063AF9C /* op.h */,
				9B9C095916150D5E0063AF9C /* set.h */,
				9B9C095A16150D5E0063AF9C /* vsr.h */,
			);
			path = core;
			sourceTree = "<group>";
		};
		9B9C095B16150D5E0063AF9C /* deprecated */ = {
			isa = PBXGroup;
			children = (
				9B9C095C16150D5E0063AF9C /* MVBase.h */,
			);
			path = deprecated;
			sourceTree = "<group>";
		};
		9B9C095D16150D5E0063AF9C /* graphics */ = {
			isa = PBXGroup;
			children = (
				9B9C095E16150D5E0063AF9C /* Camera.h */,
				9B9C095F16150D5E0063AF9C /* Draw.h */,
				9B9C096016150D5E0063AF9C /* Drawable.h */,
				9B9C096116150D5E0063AF9C /* GLVInterfaceImpl.h */,
				9B9C096216150D5E0063AF9C /* GraphicsMatrix.h */,
				9B9C096316150D5E0063AF9C /* Gui.hpp */,
				9B9C096416150D5E0063AF9C /* Interface.h */,
				9B9C096516150D5E0063AF9C /* vsr_gl.h */,
				9B9C096616150D5E0063AF9C /* vsr_gxlib.h */,
			);
			path = graphics;
			sourceTree = "<group>";
		};
		9B9C096716150D5E0063AF9C /* util */ = {
			isa = PBXGroup;
			children = (
				9B9C096816150D5E0063AF9C /* constants.h */,
				9B9C096916150D5E0063AF9C /* interp.h */,
				9B9C096A16150D5E0063AF9C /* vsr_math.h */,
				9B9C096B16150D5E0063AF9C /* vsr_matrix.h */,
				9B9C096C16150D5E0063AF9C /* types.h */,
			);
			path = util;
			sourceTree = "<group>";
		};
		9B9C09B816150D9C0063AF9C /* src */ = {
			isa = PBXGroup;
			children = (
				9B9C09E5161511B90063AF9C /* graphics */,
				9B9C09B916150D9C0063AF9C /* codegen */,
				9B9C09BC16150D9C0063AF9C /* core */,
				9B9C09BF16150D9C0063AF9C /* deprecated */,
				9B9C09C116150D9C0063AF9C /* graphics */,
				9B9C09C616150D9C0063AF9C /* util */,
			);
			name = src;
			path = ../../src;
			sourceTree = "<group>";
		};
		9B9C09B916150D9C0063AF9C /* codegen */ = {
			isa = PBXGroup;
			children = (
				9B9C09BB16150D9C0063AF9C /* vsr_templates.cpp */,
			);
			path = codegen;
			sourceTree = "<group>";
		};
		9B9C09BC16150D9C0063AF9C /* core */ = {
			isa = PBXGroup;
			children = (
				9B9C09BD16150D9C0063AF9C /* Frame.cpp */,
				9B9C09BE16150D9C0063AF9C /* MV.cpp */,
			);
			path = core;
			sourceTree = "<group>";
		};
		9B9C09BF16150D9C0063AF9C /* deprecated */ = {
			isa = PBXGroup;
			children = (
				9B9C09C016150D9C0063AF9C /* MVBase.cpp */,
			);
			path = deprecated;
			sourceTree = "<group>";
		};
		9B9C09C116150D9C0063AF9C /* graphics */ = {
			isa = PBXGroup;
			children = (
				9B9C09C216150D9C0063AF9C /* Camera.cpp */,
				9B9C09C316150D9C0063AF9C /* Draw.cpp */,
				9B9C09C416150D9C0063AF9C /* Interface.cpp */,
				9B9C09C516150D9C0063AF9C /* vsr_gl.cpp */,
			);
			path = graphics;
			sourceTree = "<group>";
		};
		9B9C09C616150D9C0063AF9C /* util */ = {
			isa = PBXGroup;
			children = (
			);
			path = util;
			sourceTree = "<group>";
		};
		9B9C09D1161511490063AF9C /* Tests */ = {
			isa = PBXGroup;
			children = (
				9BBBE00015DDC1F100BDE419 /* vsr_static */,
				9B6D9831161276B900E0EB9C /* vsr_test */,
				9B638BC115FEBF6100C74AF7 /* TestSpeed */,
				9B3F22D915FFEDE70071E210 /* TestSpeed_no_inheritance */,
			);
			name = Tests;
			path = vsr_static;
			sourceTree = "<group>";
		};
		9B9C09D2161511930063AF9C /* graphics */ = {
			isa = PBXGroup;
			children = (
				9B9C09D3161511930063AF9C /* Camera.h */,
				9B9C09D4161511930063AF9C /* Draw.h */,
				9B9C09D5161511930063AF9C /* Drawable.h */,
				9B9C09D6161511930063AF9C /* GLVInterfaceImpl.h */,
				9B9C09D7161511930063AF9C /* GraphicsMatrix.h */,
				9B9C09D8161511930063AF9C /* Gui.hpp */,
				9B9C09D9161511930063AF9C /* Interface.h */,
				9B9C09DA161511930063AF9C /* vsr_gl.h */,
				9B9C09DB161511930063AF9C /* vsr_gxlib.h */,
			);
			path = graphics;
			sourceTree = "<group>";
		};
		9B9C09E5161511B90063AF9C /* graphics */ = {
			isa = PBXGroup;
			children = (
				9B9C09E6161511B90063AF9C /* Camera.cpp */,
				9B9C09E7161511B90063AF9C /* Draw.cpp */,
				9B9C09E8161511B90063AF9C /* Interface.cpp */,
				9B9C09E9161511B90063AF9C /* vsr_gl.cpp */,
			);
			path = graphics;
			sourceTree = "<group>";
		};
		9BBBDFF215DDC1F100BDE419 = {
			isa = PBXGroup;
			children = (
				9BD758EB160409240003B8EE /* GLUT.framework */,
				9BD758E91604091D0003B8EE /* OpenGL.framework */,
				9B9C091B16150D5E0063AF9C /* VSR */,
				9B9C09B816150D9C0063AF9C /* src */,
				9B9C09D1161511490063AF9C /* Tests */,
				9B9C087E16150B630063AF9C /* externals */,
				9BBBDFFE15DDC1F100BDE419 /* Products */,
			);
			sourceTree = "<group>";
		};
		9BBBDFFE15DDC1F100BDE419 /* Products */ = {
			isa = PBXGroup;
			children = (
				9BBBDFFD15DDC1F100BDE419 /* vsr_static */,
				9BBBE00E15DDC20500BDE419 /* libvsr.a */,
				9B638BBF15FEBF6100C74AF7 /* TestSpeed */,
				9B3F22D715FFEDE70071E210 /* TestSpeed_no_inheritance */,
				9BB01150160527D5002AD56D /* libglv.a */,
				9B6D98181612759000E0EB9C /* libvsrGL.a */,
				9B6D982F161276B900E0EB9C /* vsr_test */,
			);
			name = Products;
			sourceTree = "<group>";
		};
		9BBBE00015DDC1F100BDE419 /* vsr_static */ = {
			isa = PBXGroup;
			children = (
				9BBBE00115DDC1F200BDE419 /* main.cpp */,
				9BBBE00315DDC1F200BDE419 /* vsr_static.1 */,
			);
			name = vsr_static;
			sourceTree = "<group>";
		};
/* End PBXGroup section */

/* Begin PBXHeadersBuildPhase section */
		9B6D98161612759000E0EB9C /* Headers */ = {
			isa = PBXHeadersBuildPhase;
			buildActionMask = 2147483647;
			files = (
				9B9C08B516150BC10063AF9C /* gl2ps.h in Headers */,
				9B9C09DC161511930063AF9C /* Camera.h in Headers */,
				9B9C09DD161511930063AF9C /* Draw.h in Headers */,
				9B9C09DE161511930063AF9C /* Drawable.h in Headers */,
				9B9C09DF161511930063AF9C /* GLVInterfaceImpl.h in Headers */,
				9B9C09E0161511930063AF9C /* GraphicsMatrix.h in Headers */,
				9B9C09E1161511930063AF9C /* Gui.hpp in Headers */,
				9B9C09E2161511930063AF9C /* Interface.h in Headers */,
				9B9C09E3161511930063AF9C /* vsr_gl.h in Headers */,
				9B9C09E4161511930063AF9C /* vsr_gxlib.h in Headers */,
			);
			runOnlyForDeploymentPostprocessing = 0;
		};
		9BB0114E160527D5002AD56D /* Headers */ = {
			isa = PBXHeadersBuildPhase;
			buildActionMask = 2147483647;
			files = (
				9B9C08EA16150BEA0063AF9C /* glv.h in Headers */,
				9B9C08EB16150BEA0063AF9C /* glv_behavior.h in Headers */,
				9B9C08EC16150BEA0063AF9C /* glv_binding.h in Headers */,
				9B9C08ED16150BEA0063AF9C /* glv_buttons.h in Headers */,
				9B9C08EE16150BEA0063AF9C /* glv_color.h in Headers */,
				9B9C08EF16150BEA0063AF9C /* glv_color_controls.h in Headers */,
				9B9C08F016150BEA0063AF9C /* glv_conf.h in Headers */,
				9B9C08F116150BEA0063AF9C /* glv_core.h in Headers */,
				9B9C08F216150BEA0063AF9C /* glv_draw.h in Headers */,
				9B9C08F316150BEA0063AF9C /* glv_font.h in Headers */,
				9B9C08F416150BEA0063AF9C /* glv_grid.h in Headers */,
				9B9C08F516150BEA0063AF9C /* glv_icon.h in Headers */,
				9B9C08F616150BEA0063AF9C /* glv_layout.h in Headers */,
				9B9C08F716150BEA0063AF9C /* glv_model.h in Headers */,
				9B9C08F816150BEA0063AF9C /* glv_notification.h in Headers */,
				9B9C08F916150BEA0063AF9C /* glv_plots.h in Headers */,
				9B9C08FA16150BEA0063AF9C /* glv_preset_controls.h in Headers */,
				9B9C08FB16150BEA0063AF9C /* glv_rect.h in Headers */,
				9B9C08FC16150BEA0063AF9C /* glv_sliders.h in Headers */,
				9B9C08FD16150BEA0063AF9C /* glv_sono.h in Headers */,
				9B9C08FE16150BEA0063AF9C /* glv_texture.h in Headers */,
				9B9C08FF16150BEA0063AF9C /* glv_textview.h in Headers */,
				9B9C090016150BEA0063AF9C /* glv_util.h in Headers */,
				9B9C090116150BEA0063AF9C /* glv_view3D.h in Headers */,
				9B9C090216150BEA0063AF9C /* glv_widget.h in Headers */,
			);
			runOnlyForDeploymentPostprocessing = 0;
		};
		9BBBE00C15DDC20500BDE419 /* Headers */ = {
			isa = PBXHeadersBuildPhase;
			buildActionMask = 2147483647;
			files = (
				9B9C096D16150D5E0063AF9C /* Aff.h in Headers */,
				9B9C096E16150D5E0063AF9C /* Afl.h in Headers */,
				9B9C096F16150D5E0063AF9C /* Afp.h in Headers */,
				9B9C097016150D5E0063AF9C /* Biv.h in Headers */,
				9B9C097116150D5E0063AF9C /* Bst.h in Headers */,
				9B9C097216150D5E0063AF9C /* Cir.h in Headers */,
				9B9C097316150D5E0063AF9C /* Daf.h in Headers */,
				9B9C097416150D5E0063AF9C /* Dal.h in Headers */,
				9B9C097516150D5E0063AF9C /* Dap.h in Headers */,
				9B9C097616150D5E0063AF9C /* Dfp.h in Headers */,
				9B9C097716150D5E0063AF9C /* Dil.h in Headers */,
				9B9C097816150D5E0063AF9C /* Dll.h in Headers */,
				9B9C097916150D5E0063AF9C /* Dlp.h in Headers */,
				9B9C097A16150D5E0063AF9C /* Drb.h in Headers */,
				9B9C097B16150D5E0063AF9C /* Drt.h in Headers */,
				9B9C097C16150D5E0063AF9C /* Drv.h in Headers */,
				9B9C097D16150D5E0063AF9C /* Flp.h in Headers */,
				9B9C097E16150D5E0063AF9C /* Hyp.h in Headers */,
				9B9C097F16150D5E0063AF9C /* Inf.h in Headers */,
				9B9C098016150D5E0063AF9C /* Lin.h in Headers */,
				9B9C098116150D5E0063AF9C /* Mnk.h in Headers */,
				9B9C098216150D5E0063AF9C /* Mnv.h in Headers */,
				9B9C098316150D5E0063AF9C /* Mot.h in Headers */,
				9B9C098416150D5E0063AF9C /* Mtd.h in Headers */,
				9B9C098516150D5E0063AF9C /* Mtt.h in Headers */,
				9B9C098616150D5E0063AF9C /* Ori.h in Headers */,
				9B9C098716150D5E0063AF9C /* Par.h in Headers */,
				9B9C098816150D5E0063AF9C /* Pln.h in Headers */,
				9B9C098916150D5E0063AF9C /* Pnt.h in Headers */,
				9B9C098A16150D5E0063AF9C /* Pss.h in Headers */,
				9B9C098B16150D5E0063AF9C /* Rot.h in Headers */,
				9B9C098C16150D5E0063AF9C /* Rtc.h in Headers */,
				9B9C098D16150D5E0063AF9C /* Rtd.h in Headers */,
				9B9C098E16150D5E0063AF9C /* Rtt.h in Headers */,
				9B9C098F16150D5E0063AF9C /* Rvd.h in Headers */,
				9B9C099016150D5E0063AF9C /* Sca.h in Headers */,
				9B9C099116150D5E0063AF9C /* Sph.h in Headers */,
				9B9C099216150D5E0063AF9C /* Sta.h in Headers */,
				9B9C099316150D5E0063AF9C /* Tnb.h in Headers */,
				9B9C099416150D5E0063AF9C /* Tnt.h in Headers */,
				9B9C099516150D5E0063AF9C /* Tnv.h in Headers */,
				9B9C099616150D5E0063AF9C /* Tri.h in Headers */,
				9B9C099716150D5E0063AF9C /* Trs.h in Headers */,
				9B9C099816150D5E0063AF9C /* Trt.h in Headers */,
				9B9C099916150D5E0063AF9C /* Trv.h in Headers */,
				9B9C099A16150D5E0063AF9C /* Tsd.h in Headers */,
				9B9C099B16150D5E0063AF9C /* Tst.h in Headers */,
				9B9C099C16150D5E0063AF9C /* Tvd.h in Headers */,
				9B9C099D16150D5E0063AF9C /* Tvt.h in Headers */,
				9B9C099E16150D5E0063AF9C /* Vec.h in Headers */,
				9B9C099F16150D5E0063AF9C /* versorFuncs.h in Headers */,
				9B9C09A016150D5E0063AF9C /* vsr_casts.h in Headers */,
				9B9C09A116150D5E0063AF9C /* vsr_templates.h in Headers */,
				9B9C09A216150D5E0063AF9C /* vsr_typedefs.h in Headers */,
				9B9C09A316150D5E0063AF9C /* ExpTemp.h in Headers */,
				9B9C09A416150D5E0063AF9C /* Frame.h in Headers */,
				9B9C09A516150D5E0063AF9C /* MV.h in Headers */,
				9B9C09A616150D5E0063AF9C /* op.h in Headers */,
				9B9C09A716150D5E0063AF9C /* set.h in Headers */,
				9B9C09A816150D5E0063AF9C /* vsr.h in Headers */,
				9B9C09B316150D5E0063AF9C /* constants.h in Headers */,
				9B9C09B416150D5E0063AF9C /* interp.h in Headers */,
				9B9C09B516150D5E0063AF9C /* vsr_math.h in Headers */,
				9B9C09B616150D5E0063AF9C /* vsr_matrix.h in Headers */,
				9B9C09B716150D5E0063AF9C /* types.h in Headers */,
			);
			runOnlyForDeploymentPostprocessing = 0;
		};
/* End PBXHeadersBuildPhase section */

/* Begin PBXNativeTarget section */
		9B3F22D615FFEDE70071E210 /* TestSpeed_no_inheritance */ = {
			isa = PBXNativeTarget;
			buildConfigurationList = 9B3F22DE15FFEDE70071E210 /* Build configuration list for PBXNativeTarget "TestSpeed_no_inheritance" */;
			buildPhases = (
				9B3F22D315FFEDE70071E210 /* Sources */,
				9B3F22D415FFEDE70071E210 /* Frameworks */,
				9B3F22D515FFEDE70071E210 /* CopyFiles */,
			);
			buildRules = (
			);
			dependencies = (
				9B3F22E215FFEDF00071E210 /* PBXTargetDependency */,
			);
			name = TestSpeed_no_inheritance;
			productName = TestSpeed_no_inheritance;
			productReference = 9B3F22D715FFEDE70071E210 /* TestSpeed_no_inheritance */;
			productType = "com.apple.product-type.tool";
		};
		9B638BBE15FEBF6100C74AF7 /* TestSpeed */ = {
			isa = PBXNativeTarget;
			buildConfigurationList = 9B638BC815FEBF6100C74AF7 /* Build configuration list for PBXNativeTarget "TestSpeed" */;
			buildPhases = (
				9B638BBB15FEBF6100C74AF7 /* Sources */,
				9B638BBC15FEBF6100C74AF7 /* Frameworks */,
				9B638BBD15FEBF6100C74AF7 /* CopyFiles */,
			);
			buildRules = (
			);
			dependencies = (
				9B092C0815FF30510075A46B /* PBXTargetDependency */,
			);
			name = TestSpeed;
			productName = TestSpeed;
			productReference = 9B638BBF15FEBF6100C74AF7 /* TestSpeed */;
			productType = "com.apple.product-type.tool";
		};
		9B6D98171612759000E0EB9C /* vsrGL */ = {
			isa = PBXNativeTarget;
			buildConfigurationList = 9B6D981B1612759000E0EB9C /* Build configuration list for PBXNativeTarget "vsrGL" */;
			buildPhases = (
				9B6D98141612759000E0EB9C /* Sources */,
				9B6D98151612759000E0EB9C /* Frameworks */,
				9B6D98161612759000E0EB9C /* Headers */,
			);
			buildRules = (
			);
			dependencies = (
				9B6D9820161275A000E0EB9C /* PBXTargetDependency */,
				9B6D981E1612759B00E0EB9C /* PBXTargetDependency */,
			);
			name = vsrGL;
			productName = vsrGL;
			productReference = 9B6D98181612759000E0EB9C /* libvsrGL.a */;
			productType = "com.apple.product-type.library.static";
		};
		9B6D982E161276B900E0EB9C /* vsr_test */ = {
			isa = PBXNativeTarget;
			buildConfigurationList = 9B6D9836161276B900E0EB9C /* Build configuration list for PBXNativeTarget "vsr_test" */;
			buildPhases = (
				9B6D982B161276B900E0EB9C /* Sources */,
				9B6D982C161276B900E0EB9C /* Frameworks */,
				9B6D982D161276B900E0EB9C /* CopyFiles */,
			);
			buildRules = (
			);
			dependencies = (
				9B6D983A161276DA00E0EB9C /* PBXTargetDependency */,
			);
			name = vsr_test;
			productName = vsr_test;
			productReference = 9B6D982F161276B900E0EB9C /* vsr_test */;
			productType = "com.apple.product-type.tool";
		};
		9BB0114F160527D5002AD56D /* glv */ = {
			isa = PBXNativeTarget;
			buildConfigurationList = 9BB01151160527D5002AD56D /* Build configuration list for PBXNativeTarget "glv" */;
			buildPhases = (
				9BB0114C160527D5002AD56D /* Sources */,
				9BB0114D160527D5002AD56D /* Frameworks */,
				9BB0114E160527D5002AD56D /* Headers */,
			);
			buildRules = (
			);
			dependencies = (
			);
			name = glv;
			productName = glv;
			productReference = 9BB01150160527D5002AD56D /* libglv.a */;
			productType = "com.apple.product-type.library.static";
		};
		9BBBDFFC15DDC1F100BDE419 /* vsr_static */ = {
			isa = PBXNativeTarget;
			buildConfigurationList = 9BBBE00715DDC1F200BDE419 /* Build configuration list for PBXNativeTarget "vsr_static" */;
			buildPhases = (
				9BBBDFF915DDC1F100BDE419 /* Sources */,
				9BBBDFFA15DDC1F100BDE419 /* Frameworks */,
				9BBBDFFB15DDC1F100BDE419 /* CopyFiles */,
			);
			buildRules = (
			);
			dependencies = (
				9B6D98291612764900E0EB9C /* PBXTargetDependency */,
			);
			name = vsr_static;
			productName = vsr_static;
			productReference = 9BBBDFFD15DDC1F100BDE419 /* vsr_static */;
			productType = "com.apple.product-type.tool";
		};
		9BBBE00D15DDC20500BDE419 /* vsr */ = {
			isa = PBXNativeTarget;
			buildConfigurationList = 9BBBE00F15DDC20500BDE419 /* Build configuration list for PBXNativeTarget "vsr" */;
			buildPhases = (
				9BBBE00A15DDC20500BDE419 /* Sources */,
				9BBBE00B15DDC20500BDE419 /* Frameworks */,
				9BBBE00C15DDC20500BDE419 /* Headers */,
			);
			buildRules = (
			);
			dependencies = (
			);
			name = vsr;
			productName = vsr;
			productReference = 9BBBE00E15DDC20500BDE419 /* libvsr.a */;
			productType = "com.apple.product-type.library.static";
		};
/* End PBXNativeTarget section */

/* Begin PBXProject section */
		9BBBDFF415DDC1F100BDE419 /* Project object */ = {
			isa = PBXProject;
			attributes = {
				LastUpgradeCheck = 0420;
			};
			buildConfigurationList = 9BBBDFF715DDC1F100BDE419 /* Build configuration list for PBXProject "vsr_static" */;
			compatibilityVersion = "Xcode 3.2";
			developmentRegion = English;
			hasScannedForEncodings = 0;
			knownRegions = (
				en,
			);
			mainGroup = 9BBBDFF215DDC1F100BDE419;
			productRefGroup = 9BBBDFFE15DDC1F100BDE419 /* Products */;
			projectDirPath = "";
			projectRoot = "";
			targets = (
				9B6D982E161276B900E0EB9C /* vsr_test */,
				9BBBDFFC15DDC1F100BDE419 /* vsr_static */,
				9B638BBE15FEBF6100C74AF7 /* TestSpeed */,
				9B3F22D615FFEDE70071E210 /* TestSpeed_no_inheritance */,
				9BB0114F160527D5002AD56D /* glv */,
				9BBBE00D15DDC20500BDE419 /* vsr */,
				9B6D98171612759000E0EB9C /* vsrGL */,
			);
		};
/* End PBXProject section */

/* Begin PBXSourcesBuildPhase section */
		9B3F22D315FFEDE70071E210 /* Sources */ = {
			isa = PBXSourcesBuildPhase;
			buildActionMask = 2147483647;
			files = (
				9B3F22DB15FFEDE70071E210 /* main.cpp in Sources */,
			);
			runOnlyForDeploymentPostprocessing = 0;
		};
		9B638BBB15FEBF6100C74AF7 /* Sources */ = {
			isa = PBXSourcesBuildPhase;
			buildActionMask = 2147483647;
			files = (
				9B638BC315FEBF6100C74AF7 /* main.cpp in Sources */,
			);
			runOnlyForDeploymentPostprocessing = 0;
		};
		9B6D98141612759000E0EB9C /* Sources */ = {
			isa = PBXSourcesBuildPhase;
			buildActionMask = 2147483647;
			files = (
				9B9C08B416150BC10063AF9C /* gl2ps.c in Sources */,
				9B9C08B616150BC10063AF9C /* gl2psTest.c in Sources */,
				9B9C08B716150BC10063AF9C /* gl2psTestSimple.c in Sources */,
				9B9C09EA161511B90063AF9C /* Camera.cpp in Sources */,
				9B9C09EB161511B90063AF9C /* Draw.cpp in Sources */,
				9B9C09EC161511B90063AF9C /* Interface.cpp in Sources */,
				9B9C09ED161511B90063AF9C /* vsr_gl.cpp in Sources */,
			);
			runOnlyForDeploymentPostprocessing = 0;
		};
		9B6D982B161276B900E0EB9C /* Sources */ = {
			isa = PBXSourcesBuildPhase;
			buildActionMask = 2147483647;
			files = (
				9B6D9833161276B900E0EB9C /* main.cpp in Sources */,
			);
			runOnlyForDeploymentPostprocessing = 0;
		};
		9BB0114C160527D5002AD56D /* Sources */ = {
			isa = PBXSourcesBuildPhase;
			buildActionMask = 2147483647;
			files = (
				9B9C090316150BEA0063AF9C /* glv_binding.cpp in Sources */,
				9B9C090416150BEA0063AF9C /* glv_binding_glut.cpp in Sources */,
				9B9C090516150BEA0063AF9C /* glv_buttons.cpp in Sources */,
				9B9C090616150BEA0063AF9C /* glv_color.cpp in Sources */,
				9B9C090716150BEA0063AF9C /* glv_color_controls.cpp in Sources */,
				9B9C090816150BEA0063AF9C /* glv_core.cpp in Sources */,
				9B9C090916150BEA0063AF9C /* glv_draw.cpp in Sources */,
				9B9C090A16150BEA0063AF9C /* glv_font.cpp in Sources */,
				9B9C090B16150BEA0063AF9C /* glv_glv.cpp in Sources */,
				9B9C090C16150BEA0063AF9C /* glv_grid.cpp in Sources */,
				9B9C090D16150BEA0063AF9C /* glv_inputdevice.cpp in Sources */,
				9B9C090E16150BEA0063AF9C /* glv_layout.cpp in Sources */,
				9B9C090F16150BEA0063AF9C /* glv_model.cpp in Sources */,
				9B9C091016150BEA0063AF9C /* glv_notification.cpp in Sources */,
				9B9C091116150BEA0063AF9C /* glv_plots.cpp in Sources */,
				9B9C091216150BEA0063AF9C /* glv_preset_controls.cpp in Sources */,
				9B9C091316150BEA0063AF9C /* glv_sliders.cpp in Sources */,
				9B9C091416150BEA0063AF9C /* glv_sono.cpp in Sources */,
				9B9C091516150BEA0063AF9C /* glv_texture.cpp in Sources */,
				9B9C091616150BEA0063AF9C /* glv_textview.cpp in Sources */,
				9B9C091716150BEA0063AF9C /* glv_view.cpp in Sources */,
				9B9C091816150BEA0063AF9C /* glv_view3D.cpp in Sources */,
				9B9C091916150BEA0063AF9C /* glv_widget.cpp in Sources */,
			);
			runOnlyForDeploymentPostprocessing = 0;
		};
		9BBBDFF915DDC1F100BDE419 /* Sources */ = {
			isa = PBXSourcesBuildPhase;
			buildActionMask = 2147483647;
			files = (
				9BBBE00215DDC1F200BDE419 /* main.cpp in Sources */,
			);
			runOnlyForDeploymentPostprocessing = 0;
		};
		9BBBE00A15DDC20500BDE419 /* Sources */ = {
			isa = PBXSourcesBuildPhase;
			buildActionMask = 2147483647;
			files = (
				9B9C09C816150D9C0063AF9C /* vsr_templates.cpp in Sources */,
				9B9C09CA16150D9C0063AF9C /* MV.cpp in Sources */,
				9B9C09C916150D9C0063AF9C /* Frame.cpp in Sources */,
			);
			runOnlyForDeploymentPostprocessing = 0;
		};
/* End PBXSourcesBuildPhase section */

/* Begin PBXTargetDependency section */
		9B092C0815FF30510075A46B /* PBXTargetDependency */ = {
			isa = PBXTargetDependency;
			target = 9BBBE00D15DDC20500BDE419 /* vsr */;
			targetProxy = 9B092C0715FF30510075A46B /* PBXContainerItemProxy */;
		};
		9B3F22E215FFEDF00071E210 /* PBXTargetDependency */ = {
			isa = PBXTargetDependency;
			target = 9BBBE00D15DDC20500BDE419 /* vsr */;
			targetProxy = 9B3F22E115FFEDF00071E210 /* PBXContainerItemProxy */;
		};
		9B6D981E1612759B00E0EB9C /* PBXTargetDependency */ = {
			isa = PBXTargetDependency;
			target = 9BBBE00D15DDC20500BDE419 /* vsr */;
			targetProxy = 9B6D981D1612759B00E0EB9C /* PBXContainerItemProxy */;
		};
		9B6D9820161275A000E0EB9C /* PBXTargetDependency */ = {
			isa = PBXTargetDependency;
			target = 9BB0114F160527D5002AD56D /* glv */;
			targetProxy = 9B6D981F161275A000E0EB9C /* PBXContainerItemProxy */;
		};
		9B6D98291612764900E0EB9C /* PBXTargetDependency */ = {
			isa = PBXTargetDependency;
			target = 9B6D98171612759000E0EB9C /* vsrGL */;
			targetProxy = 9B6D98281612764900E0EB9C /* PBXContainerItemProxy */;
		};
		9B6D983A161276DA00E0EB9C /* PBXTargetDependency */ = {
			isa = PBXTargetDependency;
			target = 9BBBE00D15DDC20500BDE419 /* vsr */;
			targetProxy = 9B6D9839161276DA00E0EB9C /* PBXContainerItemProxy */;
		};
/* End PBXTargetDependency section */

/* Begin XCBuildConfiguration section */
		9B3F22DF15FFEDE70071E210 /* Debug */ = {
			isa = XCBuildConfiguration;
			buildSettings = {
				PRODUCT_NAME = "$(TARGET_NAME)";
			};
			name = Debug;
		};
		9B3F22E015FFEDE70071E210 /* Release */ = {
			isa = XCBuildConfiguration;
			buildSettings = {
				PRODUCT_NAME = "$(TARGET_NAME)";
			};
			name = Release;
		};
		9B638BC615FEBF6100C74AF7 /* Debug */ = {
			isa = XCBuildConfiguration;
			buildSettings = {
				PRODUCT_NAME = "$(TARGET_NAME)";
			};
			name = Debug;
		};
		9B638BC715FEBF6100C74AF7 /* Release */ = {
			isa = XCBuildConfiguration;
			buildSettings = {
				PRODUCT_NAME = "$(TARGET_NAME)";
			};
			name = Release;
		};
		9B6D98191612759000E0EB9C /* Debug */ = {
			isa = XCBuildConfiguration;
			buildSettings = {
				EXECUTABLE_PREFIX = lib;
				PRODUCT_NAME = "$(TARGET_NAME)";
			};
			name = Debug;
		};
		9B6D981A1612759000E0EB9C /* Release */ = {
			isa = XCBuildConfiguration;
			buildSettings = {
				EXECUTABLE_PREFIX = lib;
				PRODUCT_NAME = "$(TARGET_NAME)";
			};
			name = Release;
		};
		9B6D9837161276B900E0EB9C /* Debug */ = {
			isa = XCBuildConfiguration;
			buildSettings = {
				PRODUCT_NAME = "$(TARGET_NAME)";
			};
			name = Debug;
		};
		9B6D9838161276B900E0EB9C /* Release */ = {
			isa = XCBuildConfiguration;
			buildSettings = {
				PRODUCT_NAME = "$(TARGET_NAME)";
			};
			name = Release;
		};
		9BB01152160527D5002AD56D /* Debug */ = {
			isa = XCBuildConfiguration;
			buildSettings = {
				EXECUTABLE_PREFIX = lib;
				PRODUCT_NAME = "$(TARGET_NAME)";
			};
			name = Debug;
		};
		9BB01153160527D5002AD56D /* Release */ = {
			isa = XCBuildConfiguration;
			buildSettings = {
				EXECUTABLE_PREFIX = lib;
				PRODUCT_NAME = "$(TARGET_NAME)";
			};
			name = Release;
		};
		9BBBE00515DDC1F200BDE419 /* Debug */ = {
			isa = XCBuildConfiguration;
			buildSettings = {
				ALWAYS_SEARCH_USER_PATHS = NO;
				ARCHS = "$(ARCHS_STANDARD_64_BIT)";
				COPY_PHASE_STRIP = NO;
				GCC_C_LANGUAGE_STANDARD = gnu99;
				GCC_DYNAMIC_NO_PIC = NO;
				GCC_ENABLE_OBJC_EXCEPTIONS = YES;
				GCC_OPTIMIZATION_LEVEL = 0;
				GCC_PRECOMPILE_PREFIX_HEADER = NO;
				GCC_PREPROCESSOR_DEFINITIONS = (
					"DEBUG=1",
					"$(inherited)",
				);
				GCC_SYMBOLS_PRIVATE_EXTERN = NO;
				GCC_VERSION = com.apple.compilers.llvm.clang.1_0;
				GCC_WARN_64_TO_32_BIT_CONVERSION = YES;
				GCC_WARN_ABOUT_MISSING_PROTOTYPES = YES;
				GCC_WARN_ABOUT_RETURN_TYPE = YES;
				GCC_WARN_UNUSED_VARIABLE = YES;
				MACOSX_DEPLOYMENT_TARGET = 10.6;
				ONLY_ACTIVE_ARCH = YES;
				SDKROOT = macosx;
				SYMROOT = ../../build;
			};
			name = Debug;
		};
		9BBBE00615DDC1F200BDE419 /* Release */ = {
			isa = XCBuildConfiguration;
			buildSettings = {
				ALWAYS_SEARCH_USER_PATHS = NO;
				ARCHS = "$(ARCHS_STANDARD_64_BIT)";
				COPY_PHASE_STRIP = YES;
				DEBUG_INFORMATION_FORMAT = "dwarf-with-dsym";
				GCC_C_LANGUAGE_STANDARD = gnu99;
				GCC_ENABLE_OBJC_EXCEPTIONS = YES;
				GCC_PRECOMPILE_PREFIX_HEADER = NO;
				GCC_VERSION = com.apple.compilers.llvm.clang.1_0;
				GCC_WARN_64_TO_32_BIT_CONVERSION = YES;
				GCC_WARN_ABOUT_MISSING_PROTOTYPES = YES;
				GCC_WARN_ABOUT_RETURN_TYPE = YES;
				GCC_WARN_UNUSED_VARIABLE = YES;
				MACOSX_DEPLOYMENT_TARGET = 10.6;
				SDKROOT = macosx;
				SYMROOT = ../../build;
			};
			name = Release;
		};
		9BBBE00815DDC1F200BDE419 /* Debug */ = {
			isa = XCBuildConfiguration;
			buildSettings = {
				GCC_PRECOMPILE_PREFIX_HEADER = NO;
				PRODUCT_NAME = "$(TARGET_NAME)";
			};
			name = Debug;
		};
		9BBBE00915DDC1F200BDE419 /* Release */ = {
			isa = XCBuildConfiguration;
			buildSettings = {
				GCC_PRECOMPILE_PREFIX_HEADER = NO;
				PRODUCT_NAME = "$(TARGET_NAME)";
			};
			name = Release;
		};
		9BBBE01015DDC20500BDE419 /* Debug */ = {
			isa = XCBuildConfiguration;
			buildSettings = {
				CLANG_WARN_CXX0X_EXTENSIONS = NO;
				EXECUTABLE_PREFIX = lib;
				GCC_PRECOMPILE_PREFIX_HEADER = NO;
				GCC_WARN_ABOUT_MISSING_PROTOTYPES = NO;
				GCC_WARN_UNUSED_VALUE = NO;
				GCC_WARN_UNUSED_VARIABLE = NO;
				PRODUCT_NAME = "$(TARGET_NAME)";
				USER_HEADER_SEARCH_PATHS = "$SRCROOT/../../VSR/**";
			};
			name = Debug;
		};
		9BBBE01115DDC20500BDE419 /* Release */ = {
			isa = XCBuildConfiguration;
			buildSettings = {
				CLANG_WARN_CXX0X_EXTENSIONS = NO;
				EXECUTABLE_PREFIX = lib;
				GCC_PRECOMPILE_PREFIX_HEADER = NO;
				GCC_WARN_ABOUT_MISSING_PROTOTYPES = NO;
				GCC_WARN_UNUSED_VALUE = NO;
				GCC_WARN_UNUSED_VARIABLE = NO;
				PRODUCT_NAME = "$(TARGET_NAME)";
				USER_HEADER_SEARCH_PATHS = "$SRCROOT/../../VSR/**";
			};
			name = Release;
		};
/* End XCBuildConfiguration section */

/* Begin XCConfigurationList section */
		9B3F22DE15FFEDE70071E210 /* Build configuration list for PBXNativeTarget "TestSpeed_no_inheritance" */ = {
			isa = XCConfigurationList;
			buildConfigurations = (
				9B3F22DF15FFEDE70071E210 /* Debug */,
				9B3F22E015FFEDE70071E210 /* Release */,
			);
			defaultConfigurationIsVisible = 0;
			defaultConfigurationName = Release;
		};
		9B638BC815FEBF6100C74AF7 /* Build configuration list for PBXNativeTarget "TestSpeed" */ = {
			isa = XCConfigurationList;
			buildConfigurations = (
				9B638BC615FEBF6100C74AF7 /* Debug */,
				9B638BC715FEBF6100C74AF7 /* Release */,
			);
			defaultConfigurationIsVisible = 0;
			defaultConfigurationName = Release;
		};
		9B6D981B1612759000E0EB9C /* Build configuration list for PBXNativeTarget "vsrGL" */ = {
			isa = XCConfigurationList;
			buildConfigurations = (
				9B6D98191612759000E0EB9C /* Debug */,
				9B6D981A1612759000E0EB9C /* Release */,
			);
			defaultConfigurationIsVisible = 0;
			defaultConfigurationName = Release;
		};
		9B6D9836161276B900E0EB9C /* Build configuration list for PBXNativeTarget "vsr_test" */ = {
			isa = XCConfigurationList;
			buildConfigurations = (
				9B6D9837161276B900E0EB9C /* Debug */,
				9B6D9838161276B900E0EB9C /* Release */,
			);
			defaultConfigurationIsVisible = 0;
			defaultConfigurationName = Release;
		};
		9BB01151160527D5002AD56D /* Build configuration list for PBXNativeTarget "glv" */ = {
			isa = XCConfigurationList;
			buildConfigurations = (
				9BB01152160527D5002AD56D /* Debug */,
				9BB01153160527D5002AD56D /* Release */,
			);
			defaultConfigurationIsVisible = 0;
			defaultConfigurationName = Release;
		};
		9BBBDFF715DDC1F100BDE419 /* Build configuration list for PBXProject "vsr_static" */ = {
			isa = XCConfigurationList;
			buildConfigurations = (
				9BBBE00515DDC1F200BDE419 /* Debug */,
				9BBBE00615DDC1F200BDE419 /* Release */,
			);
			defaultConfigurationIsVisible = 0;
			defaultConfigurationName = Release;
		};
		9BBBE00715DDC1F200BDE419 /* Build configuration list for PBXNativeTarget "vsr_static" */ = {
			isa = XCConfigurationList;
			buildConfigurations = (
				9BBBE00815DDC1F200BDE419 /* Debug */,
				9BBBE00915DDC1F200BDE419 /* Release */,
			);
			defaultConfigurationIsVisible = 0;
			defaultConfigurationName = Release;
		};
		9BBBE00F15DDC20500BDE419 /* Build configuration list for PBXNativeTarget "vsr" */ = {
			isa = XCConfigurationList;
			buildConfigurations = (
				9BBBE01015DDC20500BDE419 /* Debug */,
				9BBBE01115DDC20500BDE419 /* Release */,
			);
			defaultConfigurationIsVisible = 0;
			defaultConfigurationName = Release;
		};
/* End XCConfigurationList section */
	};
	rootObject = 9BBBDFF415DDC1F100BDE419 /* Project object */;
}
