// !$*UTF8*$!
{
	archiveVersion = 1;
	classes = {
	};
	objectVersion = 46;
	objects = {

/* Begin PBXBuildFile section */
		9B84F52715EBFB79005CA167 /* vsr.cpp in Sources */ = {isa = PBXBuildFile; fileRef = 9B84F52615EBFB79005CA167 /* vsr.cpp */; };
		9B84F52A15EC3C8F005CA167 /* vsr_op.h in Headers */ = {isa = PBXBuildFile; fileRef = 9B84F52915EC3C8F005CA167 /* vsr_op.h */; };
		9B84F52D15EC3CEF005CA167 /* vsr_math.h in Headers */ = {isa = PBXBuildFile; fileRef = 9B84F52B15EC3CEF005CA167 /* vsr_math.h */; };
		9B84F52E15EC3CEF005CA167 /* vsr_matrix.h in Headers */ = {isa = PBXBuildFile; fileRef = 9B84F52C15EC3CEF005CA167 /* vsr_matrix.h */; };
		9B84F53015EC3CFA005CA167 /* vsr_constants.h in Headers */ = {isa = PBXBuildFile; fileRef = 9B84F52F15EC3CFA005CA167 /* vsr_constants.h */; };
		9B84F53415EC3D5A005CA167 /* vsr_op.cpp in Sources */ = {isa = PBXBuildFile; fileRef = 9B84F53315EC3D5A005CA167 /* vsr_op.cpp */; };
		9B84F53A15EC5135005CA167 /* ExpTemp.h in Headers */ = {isa = PBXBuildFile; fileRef = 9B84F53915EC5135005CA167 /* ExpTemp.h */; };
		9B84F53C15EC5588005CA167 /* MV.cpp in Sources */ = {isa = PBXBuildFile; fileRef = 9B84F53B15EC5588005CA167 /* MV.cpp */; };
		9B84F53E15ED55FA005CA167 /* versorFuncs.h in Headers */ = {isa = PBXBuildFile; fileRef = 9B84F53D15ED55FA005CA167 /* versorFuncs.h */; };
		9B8DD32B15EF01EA00FB3E3B /* Daf.h in Headers */ = {isa = PBXBuildFile; fileRef = 9B8DD32815EF01E900FB3E3B /* Daf.h */; };
		9B8DD32C15EF01EA00FB3E3B /* Dal.h in Headers */ = {isa = PBXBuildFile; fileRef = 9B8DD32915EF01E900FB3E3B /* Dal.h */; };
		9B8DD32D15EF01EA00FB3E3B /* Dap.h in Headers */ = {isa = PBXBuildFile; fileRef = 9B8DD32A15EF01E900FB3E3B /* Dap.h */; };
		9B8DD33015F0355700FB3E3B /* Bst.h in Headers */ = {isa = PBXBuildFile; fileRef = 9B8DD32E15F0355600FB3E3B /* Bst.h */; };
		9B8DD33115F0355700FB3E3B /* Dfp.h in Headers */ = {isa = PBXBuildFile; fileRef = 9B8DD32F15F0355700FB3E3B /* Dfp.h */; };
		9BBBE00215DDC1F200BDE419 /* main.cpp in Sources */ = {isa = PBXBuildFile; fileRef = 9BBBE00115DDC1F200BDE419 /* main.cpp */; };
		9BBBE00415DDC1F200BDE419 /* vsr_static.1 in CopyFiles */ = {isa = PBXBuildFile; fileRef = 9BBBE00315DDC1F200BDE419 /* vsr_static.1 */; };
		9BBBE01715DDC40C00BDE419 /* MV.h in Headers */ = {isa = PBXBuildFile; fileRef = 9BBBE01615DDC40C00BDE419 /* MV.h */; };
		9BBBE02515DEF27700BDE419 /* vsr_templates.cpp in Sources */ = {isa = PBXBuildFile; fileRef = 9BBBE01D15DEF27600BDE419 /* vsr_templates.cpp */; };
		9BBBE02615DEF27700BDE419 /* vsr_templates.h in Headers */ = {isa = PBXBuildFile; fileRef = 9BBBE01E15DEF27700BDE419 /* vsr_templates.h */; };
		9BBBE02715DEF27700BDE419 /* vsr_typedefs.h in Headers */ = {isa = PBXBuildFile; fileRef = 9BBBE01F15DEF27700BDE419 /* vsr_typedefs.h */; };
		9BF4FDDA15DF1016000D6508 /* libvsr.a in Frameworks */ = {isa = PBXBuildFile; fileRef = 9BBBE00E15DDC20500BDE419 /* libvsr.a */; };
		9BF4FDDD15DF151B000D6508 /* vsr.h in Headers */ = {isa = PBXBuildFile; fileRef = 9BF4FDDC15DF151B000D6508 /* vsr.h */; };
		9BF4FE1A15DF2948000D6508 /* Aff.h in Headers */ = {isa = PBXBuildFile; fileRef = 9BF4FDEE15DF2945000D6508 /* Aff.h */; };
		9BF4FE1B15DF2948000D6508 /* Afl.h in Headers */ = {isa = PBXBuildFile; fileRef = 9BF4FDEF15DF2945000D6508 /* Afl.h */; };
		9BF4FE1C15DF2948000D6508 /* Afp.h in Headers */ = {isa = PBXBuildFile; fileRef = 9BF4FDF015DF2945000D6508 /* Afp.h */; };
		9BF4FE1D15DF2948000D6508 /* Biv.h in Headers */ = {isa = PBXBuildFile; fileRef = 9BF4FDF115DF2946000D6508 /* Biv.h */; };
		9BF4FE1E15DF2948000D6508 /* Cir.h in Headers */ = {isa = PBXBuildFile; fileRef = 9BF4FDF215DF2946000D6508 /* Cir.h */; };
		9BF4FE1F15DF2948000D6508 /* Dil.h in Headers */ = {isa = PBXBuildFile; fileRef = 9BF4FDF315DF2946000D6508 /* Dil.h */; };
		9BF4FE2015DF2948000D6508 /* Dll.h in Headers */ = {isa = PBXBuildFile; fileRef = 9BF4FDF415DF2946000D6508 /* Dll.h */; };
		9BF4FE2115DF2948000D6508 /* Dlp.h in Headers */ = {isa = PBXBuildFile; fileRef = 9BF4FDF515DF2946000D6508 /* Dlp.h */; };
		9BF4FE2215DF2948000D6508 /* Drb.h in Headers */ = {isa = PBXBuildFile; fileRef = 9BF4FDF615DF2946000D6508 /* Drb.h */; };
		9BF4FE2315DF2948000D6508 /* Drt.h in Headers */ = {isa = PBXBuildFile; fileRef = 9BF4FDF715DF2946000D6508 /* Drt.h */; };
		9BF4FE2415DF2948000D6508 /* Drv.h in Headers */ = {isa = PBXBuildFile; fileRef = 9BF4FDF815DF2946000D6508 /* Drv.h */; };
		9BF4FE2515DF2948000D6508 /* Flp.h in Headers */ = {isa = PBXBuildFile; fileRef = 9BF4FDF915DF2946000D6508 /* Flp.h */; };
		9BF4FE2615DF2948000D6508 /* Hyp.h in Headers */ = {isa = PBXBuildFile; fileRef = 9BF4FDFA15DF2946000D6508 /* Hyp.h */; };
		9BF4FE2715DF2948000D6508 /* Inf.h in Headers */ = {isa = PBXBuildFile; fileRef = 9BF4FDFB15DF2946000D6508 /* Inf.h */; };
		9BF4FE2815DF2948000D6508 /* Lin.h in Headers */ = {isa = PBXBuildFile; fileRef = 9BF4FDFC15DF2946000D6508 /* Lin.h */; };
		9BF4FE2915DF2948000D6508 /* Mnk.h in Headers */ = {isa = PBXBuildFile; fileRef = 9BF4FDFD15DF2946000D6508 /* Mnk.h */; };
		9BF4FE2A15DF2948000D6508 /* Mot.h in Headers */ = {isa = PBXBuildFile; fileRef = 9BF4FDFE15DF2946000D6508 /* Mot.h */; };
		9BF4FE2B15DF2948000D6508 /* Mtd.h in Headers */ = {isa = PBXBuildFile; fileRef = 9BF4FDFF15DF2946000D6508 /* Mtd.h */; };
		9BF4FE2C15DF2948000D6508 /* Mtt.h in Headers */ = {isa = PBXBuildFile; fileRef = 9BF4FE0015DF2946000D6508 /* Mtt.h */; };
		9BF4FE2D15DF2948000D6508 /* Ori.h in Headers */ = {isa = PBXBuildFile; fileRef = 9BF4FE0115DF2946000D6508 /* Ori.h */; };
		9BF4FE2E15DF2948000D6508 /* Par.h in Headers */ = {isa = PBXBuildFile; fileRef = 9BF4FE0215DF2946000D6508 /* Par.h */; };
		9BF4FE2F15DF2948000D6508 /* Pln.h in Headers */ = {isa = PBXBuildFile; fileRef = 9BF4FE0315DF2947000D6508 /* Pln.h */; };
		9BF4FE3015DF2948000D6508 /* Pnt.h in Headers */ = {isa = PBXBuildFile; fileRef = 9BF4FE0415DF2947000D6508 /* Pnt.h */; };
		9BF4FE3115DF2948000D6508 /* Pss.h in Headers */ = {isa = PBXBuildFile; fileRef = 9BF4FE0515DF2947000D6508 /* Pss.h */; };
		9BF4FE3215DF2948000D6508 /* Rot.h in Headers */ = {isa = PBXBuildFile; fileRef = 9BF4FE0615DF2947000D6508 /* Rot.h */; };
		9BF4FE3315DF2948000D6508 /* Rtc.h in Headers */ = {isa = PBXBuildFile; fileRef = 9BF4FE0715DF2947000D6508 /* Rtc.h */; };
		9BF4FE3415DF2948000D6508 /* Rtd.h in Headers */ = {isa = PBXBuildFile; fileRef = 9BF4FE0815DF2947000D6508 /* Rtd.h */; };
		9BF4FE3515DF2948000D6508 /* Rtt.h in Headers */ = {isa = PBXBuildFile; fileRef = 9BF4FE0915DF2947000D6508 /* Rtt.h */; };
		9BF4FE3615DF2948000D6508 /* Rvd.h in Headers */ = {isa = PBXBuildFile; fileRef = 9BF4FE0A15DF2947000D6508 /* Rvd.h */; };
		9BF4FE3715DF2948000D6508 /* Sca.h in Headers */ = {isa = PBXBuildFile; fileRef = 9BF4FE0B15DF2947000D6508 /* Sca.h */; };
		9BF4FE3815DF2948000D6508 /* Sph.h in Headers */ = {isa = PBXBuildFile; fileRef = 9BF4FE0C15DF2947000D6508 /* Sph.h */; };
		9BF4FE3915DF2948000D6508 /* Sta.h in Headers */ = {isa = PBXBuildFile; fileRef = 9BF4FE0D15DF2947000D6508 /* Sta.h */; };
		9BF4FE3A15DF2948000D6508 /* Tnb.h in Headers */ = {isa = PBXBuildFile; fileRef = 9BF4FE0E15DF2947000D6508 /* Tnb.h */; };
		9BF4FE3B15DF2948000D6508 /* Tnt.h in Headers */ = {isa = PBXBuildFile; fileRef = 9BF4FE0F15DF2947000D6508 /* Tnt.h */; };
		9BF4FE3C15DF2948000D6508 /* Tnv.h in Headers */ = {isa = PBXBuildFile; fileRef = 9BF4FE1015DF2947000D6508 /* Tnv.h */; };
		9BF4FE3D15DF2948000D6508 /* Tri.h in Headers */ = {isa = PBXBuildFile; fileRef = 9BF4FE1115DF2948000D6508 /* Tri.h */; };
		9BF4FE3E15DF2948000D6508 /* Trs.h in Headers */ = {isa = PBXBuildFile; fileRef = 9BF4FE1215DF2948000D6508 /* Trs.h */; };
		9BF4FE3F15DF2948000D6508 /* Trt.h in Headers */ = {isa = PBXBuildFile; fileRef = 9BF4FE1315DF2948000D6508 /* Trt.h */; };
		9BF4FE4015DF2948000D6508 /* Trv.h in Headers */ = {isa = PBXBuildFile; fileRef = 9BF4FE1415DF2948000D6508 /* Trv.h */; };
		9BF4FE4115DF2948000D6508 /* Tsd.h in Headers */ = {isa = PBXBuildFile; fileRef = 9BF4FE1515DF2948000D6508 /* Tsd.h */; };
		9BF4FE4215DF2948000D6508 /* Tst.h in Headers */ = {isa = PBXBuildFile; fileRef = 9BF4FE1615DF2948000D6508 /* Tst.h */; };
		9BF4FE4315DF2948000D6508 /* Tvd.h in Headers */ = {isa = PBXBuildFile; fileRef = 9BF4FE1715DF2948000D6508 /* Tvd.h */; };
		9BF4FE4415DF2948000D6508 /* Tvt.h in Headers */ = {isa = PBXBuildFile; fileRef = 9BF4FE1815DF2948000D6508 /* Tvt.h */; };
		9BF4FE4515DF2948000D6508 /* Vec.h in Headers */ = {isa = PBXBuildFile; fileRef = 9BF4FE1915DF2948000D6508 /* Vec.h */; };
/* End PBXBuildFile section */

/* Begin PBXContainerItemProxy section */
		9BBBE02815DEF2FC00BDE419 /* PBXContainerItemProxy */ = {
			isa = PBXContainerItemProxy;
			containerPortal = 9BBBDFF415DDC1F100BDE419 /* Project object */;
			proxyType = 1;
			remoteGlobalIDString = 9BBBE00D15DDC20500BDE419;
			remoteInfo = vsr;
		};
/* End PBXContainerItemProxy section */

/* Begin PBXCopyFilesBuildPhase section */
		9BBBDFFB15DDC1F100BDE419 /* CopyFiles */ = {
			isa = PBXCopyFilesBuildPhase;
			buildActionMask = 2147483647;
			dstPath = /usr/share/man/man1/;
			dstSubfolderSpec = 0;
			files = (
				9BBBE00415DDC1F200BDE419 /* vsr_static.1 in CopyFiles */,
			);
			runOnlyForDeploymentPostprocessing = 1;
		};
/* End PBXCopyFilesBuildPhase section */

/* Begin PBXFileReference section */
		9B84F52615EBFB79005CA167 /* vsr.cpp */ = {isa = PBXFileReference; fileEncoding = 4; lastKnownFileType = sourcecode.cpp.cpp; path = vsr.cpp; sourceTree = "<group>"; };
		9B84F52915EC3C8F005CA167 /* vsr_op.h */ = {isa = PBXFileReference; fileEncoding = 4; lastKnownFileType = sourcecode.c.h; path = vsr_op.h; sourceTree = "<group>"; };
		9B84F52B15EC3CEF005CA167 /* vsr_math.h */ = {isa = PBXFileReference; fileEncoding = 4; lastKnownFileType = sourcecode.c.h; path = vsr_math.h; sourceTree = "<group>"; };
		9B84F52C15EC3CEF005CA167 /* vsr_matrix.h */ = {isa = PBXFileReference; fileEncoding = 4; lastKnownFileType = sourcecode.c.h; path = vsr_matrix.h; sourceTree = "<group>"; };
		9B84F52F15EC3CFA005CA167 /* vsr_constants.h */ = {isa = PBXFileReference; fileEncoding = 4; lastKnownFileType = sourcecode.c.h; path = vsr_constants.h; sourceTree = "<group>"; };
		9B84F53315EC3D5A005CA167 /* vsr_op.cpp */ = {isa = PBXFileReference; fileEncoding = 4; lastKnownFileType = sourcecode.cpp.cpp; path = vsr_op.cpp; sourceTree = "<group>"; };
		9B84F53915EC5135005CA167 /* ExpTemp.h */ = {isa = PBXFileReference; fileEncoding = 4; lastKnownFileType = sourcecode.c.h; path = ExpTemp.h; sourceTree = "<group>"; };
		9B84F53B15EC5588005CA167 /* MV.cpp */ = {isa = PBXFileReference; fileEncoding = 4; lastKnownFileType = sourcecode.cpp.cpp; path = MV.cpp; sourceTree = "<group>"; };
		9B84F53D15ED55FA005CA167 /* versorFuncs.h */ = {isa = PBXFileReference; fileEncoding = 4; lastKnownFileType = sourcecode.c.h; path = versorFuncs.h; sourceTree = "<group>"; };
		9B8DD32815EF01E900FB3E3B /* Daf.h */ = {isa = PBXFileReference; fileEncoding = 4; lastKnownFileType = sourcecode.c.h; name = Daf.h; path = ../../../include/vsr_static/Daf.h; sourceTree = "<group>"; };
		9B8DD32915EF01E900FB3E3B /* Dal.h */ = {isa = PBXFileReference; fileEncoding = 4; lastKnownFileType = sourcecode.c.h; name = Dal.h; path = ../../../include/vsr_static/Dal.h; sourceTree = "<group>"; };
		9B8DD32A15EF01E900FB3E3B /* Dap.h */ = {isa = PBXFileReference; fileEncoding = 4; lastKnownFileType = sourcecode.c.h; name = Dap.h; path = ../../../include/vsr_static/Dap.h; sourceTree = "<group>"; };
		9B8DD32E15F0355600FB3E3B /* Bst.h */ = {isa = PBXFileReference; fileEncoding = 4; lastKnownFileType = sourcecode.c.h; name = Bst.h; path = ../../../include/vsr_static/Bst.h; sourceTree = "<group>"; };
		9B8DD32F15F0355700FB3E3B /* Dfp.h */ = {isa = PBXFileReference; fileEncoding = 4; lastKnownFileType = sourcecode.c.h; name = Dfp.h; path = ../../../include/vsr_static/Dfp.h; sourceTree = "<group>"; };
		9BBBDFFD15DDC1F100BDE419 /* vsr_static */ = {isa = PBXFileReference; explicitFileType = "compiled.mach-o.executable"; includeInIndex = 0; path = vsr_static; sourceTree = BUILT_PRODUCTS_DIR; };
		9BBBE00115DDC1F200BDE419 /* main.cpp */ = {isa = PBXFileReference; lastKnownFileType = sourcecode.cpp.cpp; path = main.cpp; sourceTree = "<group>"; };
		9BBBE00315DDC1F200BDE419 /* vsr_static.1 */ = {isa = PBXFileReference; lastKnownFileType = text.man; path = vsr_static.1; sourceTree = "<group>"; };
		9BBBE00E15DDC20500BDE419 /* libvsr.a */ = {isa = PBXFileReference; explicitFileType = archive.ar; includeInIndex = 0; path = libvsr.a; sourceTree = BUILT_PRODUCTS_DIR; };
		9BBBE01615DDC40C00BDE419 /* MV.h */ = {isa = PBXFileReference; fileEncoding = 4; lastKnownFileType = sourcecode.c.h; path = MV.h; sourceTree = "<group>"; };
		9BBBE01D15DEF27600BDE419 /* vsr_templates.cpp */ = {isa = PBXFileReference; fileEncoding = 4; lastKnownFileType = sourcecode.cpp.cpp; name = vsr_templates.cpp; path = ../../../include/vsr_static/vsr_templates.cpp; sourceTree = "<group>"; };
		9BBBE01E15DEF27700BDE419 /* vsr_templates.h */ = {isa = PBXFileReference; fileEncoding = 4; lastKnownFileType = sourcecode.c.h; name = vsr_templates.h; path = ../../../include/vsr_static/vsr_templates.h; sourceTree = "<group>"; };
		9BBBE01F15DEF27700BDE419 /* vsr_typedefs.h */ = {isa = PBXFileReference; fileEncoding = 4; lastKnownFileType = sourcecode.c.h; name = vsr_typedefs.h; path = ../../../include/vsr_static/vsr_typedefs.h; sourceTree = "<group>"; };
		9BF4FDDC15DF151B000D6508 /* vsr.h */ = {isa = PBXFileReference; fileEncoding = 4; lastKnownFileType = sourcecode.c.h; name = vsr.h; path = ../../../include/vsr_static/vsr.h; sourceTree = "<group>"; };
		9BF4FDEE15DF2945000D6508 /* Aff.h */ = {isa = PBXFileReference; fileEncoding = 4; lastKnownFileType = sourcecode.c.h; name = Aff.h; path = ../../../include/vsr_static/Aff.h; sourceTree = "<group>"; };
		9BF4FDEF15DF2945000D6508 /* Afl.h */ = {isa = PBXFileReference; fileEncoding = 4; lastKnownFileType = sourcecode.c.h; name = Afl.h; path = ../../../include/vsr_static/Afl.h; sourceTree = "<group>"; };
		9BF4FDF015DF2945000D6508 /* Afp.h */ = {isa = PBXFileReference; fileEncoding = 4; lastKnownFileType = sourcecode.c.h; name = Afp.h; path = ../../../include/vsr_static/Afp.h; sourceTree = "<group>"; };
		9BF4FDF115DF2946000D6508 /* Biv.h */ = {isa = PBXFileReference; fileEncoding = 4; lastKnownFileType = sourcecode.c.h; name = Biv.h; path = ../../../include/vsr_static/Biv.h; sourceTree = "<group>"; };
		9BF4FDF215DF2946000D6508 /* Cir.h */ = {isa = PBXFileReference; fileEncoding = 4; lastKnownFileType = sourcecode.c.h; name = Cir.h; path = ../../../include/vsr_static/Cir.h; sourceTree = "<group>"; };
		9BF4FDF315DF2946000D6508 /* Dil.h */ = {isa = PBXFileReference; fileEncoding = 4; lastKnownFileType = sourcecode.c.h; name = Dil.h; path = ../../../include/vsr_static/Dil.h; sourceTree = "<group>"; };
		9BF4FDF415DF2946000D6508 /* Dll.h */ = {isa = PBXFileReference; fileEncoding = 4; lastKnownFileType = sourcecode.c.h; name = Dll.h; path = ../../../include/vsr_static/Dll.h; sourceTree = "<group>"; };
		9BF4FDF515DF2946000D6508 /* Dlp.h */ = {isa = PBXFileReference; fileEncoding = 4; lastKnownFileType = sourcecode.c.h; name = Dlp.h; path = ../../../include/vsr_static/Dlp.h; sourceTree = "<group>"; };
		9BF4FDF615DF2946000D6508 /* Drb.h */ = {isa = PBXFileReference; fileEncoding = 4; lastKnownFileType = sourcecode.c.h; name = Drb.h; path = ../../../include/vsr_static/Drb.h; sourceTree = "<group>"; };
		9BF4FDF715DF2946000D6508 /* Drt.h */ = {isa = PBXFileReference; fileEncoding = 4; lastKnownFileType = sourcecode.c.h; name = Drt.h; path = ../../../include/vsr_static/Drt.h; sourceTree = "<group>"; };
		9BF4FDF815DF2946000D6508 /* Drv.h */ = {isa = PBXFileReference; fileEncoding = 4; lastKnownFileType = sourcecode.c.h; name = Drv.h; path = ../../../include/vsr_static/Drv.h; sourceTree = "<group>"; };
		9BF4FDF915DF2946000D6508 /* Flp.h */ = {isa = PBXFileReference; fileEncoding = 4; lastKnownFileType = sourcecode.c.h; name = Flp.h; path = ../../../include/vsr_static/Flp.h; sourceTree = "<group>"; };
		9BF4FDFA15DF2946000D6508 /* Hyp.h */ = {isa = PBXFileReference; fileEncoding = 4; lastKnownFileType = sourcecode.c.h; name = Hyp.h; path = ../../../include/vsr_static/Hyp.h; sourceTree = "<group>"; };
		9BF4FDFB15DF2946000D6508 /* Inf.h */ = {isa = PBXFileReference; fileEncoding = 4; lastKnownFileType = sourcecode.c.h; name = Inf.h; path = ../../../include/vsr_static/Inf.h; sourceTree = "<group>"; };
		9BF4FDFC15DF2946000D6508 /* Lin.h */ = {isa = PBXFileReference; fileEncoding = 4; lastKnownFileType = sourcecode.c.h; name = Lin.h; path = ../../../include/vsr_static/Lin.h; sourceTree = "<group>"; };
		9BF4FDFD15DF2946000D6508 /* Mnk.h */ = {isa = PBXFileReference; fileEncoding = 4; lastKnownFileType = sourcecode.c.h; name = Mnk.h; path = ../../../include/vsr_static/Mnk.h; sourceTree = "<group>"; };
		9BF4FDFE15DF2946000D6508 /* Mot.h */ = {isa = PBXFileReference; fileEncoding = 4; lastKnownFileType = sourcecode.c.h; name = Mot.h; path = ../../../include/vsr_static/Mot.h; sourceTree = "<group>"; };
		9BF4FDFF15DF2946000D6508 /* Mtd.h */ = {isa = PBXFileReference; fileEncoding = 4; lastKnownFileType = sourcecode.c.h; name = Mtd.h; path = ../../../include/vsr_static/Mtd.h; sourceTree = "<group>"; };
		9BF4FE0015DF2946000D6508 /* Mtt.h */ = {isa = PBXFileReference; fileEncoding = 4; lastKnownFileType = sourcecode.c.h; name = Mtt.h; path = ../../../include/vsr_static/Mtt.h; sourceTree = "<group>"; };
		9BF4FE0115DF2946000D6508 /* Ori.h */ = {isa = PBXFileReference; fileEncoding = 4; lastKnownFileType = sourcecode.c.h; name = Ori.h; path = ../../../include/vsr_static/Ori.h; sourceTree = "<group>"; };
		9BF4FE0215DF2946000D6508 /* Par.h */ = {isa = PBXFileReference; fileEncoding = 4; lastKnownFileType = sourcecode.c.h; name = Par.h; path = ../../../include/vsr_static/Par.h; sourceTree = "<group>"; };
		9BF4FE0315DF2947000D6508 /* Pln.h */ = {isa = PBXFileReference; fileEncoding = 4; lastKnownFileType = sourcecode.c.h; name = Pln.h; path = ../../../include/vsr_static/Pln.h; sourceTree = "<group>"; };
		9BF4FE0415DF2947000D6508 /* Pnt.h */ = {isa = PBXFileReference; fileEncoding = 4; lastKnownFileType = sourcecode.c.h; name = Pnt.h; path = ../../../include/vsr_static/Pnt.h; sourceTree = "<group>"; };
		9BF4FE0515DF2947000D6508 /* Pss.h */ = {isa = PBXFileReference; fileEncoding = 4; lastKnownFileType = sourcecode.c.h; name = Pss.h; path = ../../../include/vsr_static/Pss.h; sourceTree = "<group>"; };
		9BF4FE0615DF2947000D6508 /* Rot.h */ = {isa = PBXFileReference; fileEncoding = 4; lastKnownFileType = sourcecode.c.h; name = Rot.h; path = ../../../include/vsr_static/Rot.h; sourceTree = "<group>"; };
		9BF4FE0715DF2947000D6508 /* Rtc.h */ = {isa = PBXFileReference; fileEncoding = 4; lastKnownFileType = sourcecode.c.h; name = Rtc.h; path = ../../../include/vsr_static/Rtc.h; sourceTree = "<group>"; };
		9BF4FE0815DF2947000D6508 /* Rtd.h */ = {isa = PBXFileReference; fileEncoding = 4; lastKnownFileType = sourcecode.c.h; name = Rtd.h; path = ../../../include/vsr_static/Rtd.h; sourceTree = "<group>"; };
		9BF4FE0915DF2947000D6508 /* Rtt.h */ = {isa = PBXFileReference; fileEncoding = 4; lastKnownFileType = sourcecode.c.h; name = Rtt.h; path = ../../../include/vsr_static/Rtt.h; sourceTree = "<group>"; };
		9BF4FE0A15DF2947000D6508 /* Rvd.h */ = {isa = PBXFileReference; fileEncoding = 4; lastKnownFileType = sourcecode.c.h; name = Rvd.h; path = ../../../include/vsr_static/Rvd.h; sourceTree = "<group>"; };
		9BF4FE0B15DF2947000D6508 /* Sca.h */ = {isa = PBXFileReference; fileEncoding = 4; lastKnownFileType = sourcecode.c.h; name = Sca.h; path = ../../../include/vsr_static/Sca.h; sourceTree = "<group>"; };
		9BF4FE0C15DF2947000D6508 /* Sph.h */ = {isa = PBXFileReference; fileEncoding = 4; lastKnownFileType = sourcecode.c.h; name = Sph.h; path = ../../../include/vsr_static/Sph.h; sourceTree = "<group>"; };
		9BF4FE0D15DF2947000D6508 /* Sta.h */ = {isa = PBXFileReference; fileEncoding = 4; lastKnownFileType = sourcecode.c.h; name = Sta.h; path = ../../../include/vsr_static/Sta.h; sourceTree = "<group>"; };
		9BF4FE0E15DF2947000D6508 /* Tnb.h */ = {isa = PBXFileReference; fileEncoding = 4; lastKnownFileType = sourcecode.c.h; name = Tnb.h; path = ../../../include/vsr_static/Tnb.h; sourceTree = "<group>"; };
		9BF4FE0F15DF2947000D6508 /* Tnt.h */ = {isa = PBXFileReference; fileEncoding = 4; lastKnownFileType = sourcecode.c.h; name = Tnt.h; path = ../../../include/vsr_static/Tnt.h; sourceTree = "<group>"; };
		9BF4FE1015DF2947000D6508 /* Tnv.h */ = {isa = PBXFileReference; fileEncoding = 4; lastKnownFileType = sourcecode.c.h; name = Tnv.h; path = ../../../include/vsr_static/Tnv.h; sourceTree = "<group>"; };
		9BF4FE1115DF2948000D6508 /* Tri.h */ = {isa = PBXFileReference; fileEncoding = 4; lastKnownFileType = sourcecode.c.h; name = Tri.h; path = ../../../include/vsr_static/Tri.h; sourceTree = "<group>"; };
		9BF4FE1215DF2948000D6508 /* Trs.h */ = {isa = PBXFileReference; fileEncoding = 4; lastKnownFileType = sourcecode.c.h; name = Trs.h; path = ../../../include/vsr_static/Trs.h; sourceTree = "<group>"; };
		9BF4FE1315DF2948000D6508 /* Trt.h */ = {isa = PBXFileReference; fileEncoding = 4; lastKnownFileType = sourcecode.c.h; name = Trt.h; path = ../../../include/vsr_static/Trt.h; sourceTree = "<group>"; };
		9BF4FE1415DF2948000D6508 /* Trv.h */ = {isa = PBXFileReference; fileEncoding = 4; lastKnownFileType = sourcecode.c.h; name = Trv.h; path = ../../../include/vsr_static/Trv.h; sourceTree = "<group>"; };
		9BF4FE1515DF2948000D6508 /* Tsd.h */ = {isa = PBXFileReference; fileEncoding = 4; lastKnownFileType = sourcecode.c.h; name = Tsd.h; path = ../../../include/vsr_static/Tsd.h; sourceTree = "<group>"; };
		9BF4FE1615DF2948000D6508 /* Tst.h */ = {isa = PBXFileReference; fileEncoding = 4; lastKnownFileType = sourcecode.c.h; name = Tst.h; path = ../../../include/vsr_static/Tst.h; sourceTree = "<group>"; };
		9BF4FE1715DF2948000D6508 /* Tvd.h */ = {isa = PBXFileReference; fileEncoding = 4; lastKnownFileType = sourcecode.c.h; name = Tvd.h; path = ../../../include/vsr_static/Tvd.h; sourceTree = "<group>"; };
		9BF4FE1815DF2948000D6508 /* Tvt.h */ = {isa = PBXFileReference; fileEncoding = 4; lastKnownFileType = sourcecode.c.h; name = Tvt.h; path = ../../../include/vsr_static/Tvt.h; sourceTree = "<group>"; };
		9BF4FE1915DF2948000D6508 /* Vec.h */ = {isa = PBXFileReference; fileEncoding = 4; lastKnownFileType = sourcecode.c.h; name = Vec.h; path = ../../../include/vsr_static/Vec.h; sourceTree = "<group>"; };
/* End PBXFileReference section */

/* Begin PBXFrameworksBuildPhase section */
		9BBBDFFA15DDC1F100BDE419 /* Frameworks */ = {
			isa = PBXFrameworksBuildPhase;
			buildActionMask = 2147483647;
			files = (
				9BF4FDDA15DF1016000D6508 /* libvsr.a in Frameworks */,
			);
			runOnlyForDeploymentPostprocessing = 0;
		};
		9BBBE00B15DDC20500BDE419 /* Frameworks */ = {
			isa = PBXFrameworksBuildPhase;
			buildActionMask = 2147483647;
			files = (
			);
			runOnlyForDeploymentPostprocessing = 0;
		};
/* End PBXFrameworksBuildPhase section */

/* Begin PBXGroup section */
		9BBBDFF215DDC1F100BDE419 = {
			isa = PBXGroup;
			children = (
				9BBBE00015DDC1F100BDE419 /* vsr_static */,
				9BBBDFFE15DDC1F100BDE419 /* Products */,
			);
			sourceTree = "<group>";
		};
		9BBBDFFE15DDC1F100BDE419 /* Products */ = {
			isa = PBXGroup;
			children = (
				9BBBDFFD15DDC1F100BDE419 /* vsr_static */,
				9BBBE00E15DDC20500BDE419 /* libvsr.a */,
			);
			name = Products;
			sourceTree = "<group>";
		};
		9BBBE00015DDC1F100BDE419 /* vsr_static */ = {
			isa = PBXGroup;
			children = (
				9BBBE00115DDC1F200BDE419 /* main.cpp */,
				9BBBE01615DDC40C00BDE419 /* MV.h */,
				9B84F53B15EC5588005CA167 /* MV.cpp */,
				9BF4FDDC15DF151B000D6508 /* vsr.h */,
				9B84F52615EBFB79005CA167 /* vsr.cpp */,
				9B84F53315EC3D5A005CA167 /* vsr_op.cpp */,
				9B84F52915EC3C8F005CA167 /* vsr_op.h */,
				9BF4FE4615DF295B000D6508 /* multivectors */,
				9B84F53915EC5135005CA167 /* ExpTemp.h */,
				9B84F52B15EC3CEF005CA167 /* vsr_math.h */,
				9B84F52F15EC3CFA005CA167 /* vsr_constants.h */,
				9B84F52C15EC3CEF005CA167 /* vsr_matrix.h */,
				9BBBE00315DDC1F200BDE419 /* vsr_static.1 */,
			);
			path = vsr_static;
			sourceTree = "<group>";
		};
		9BF4FE4615DF295B000D6508 /* multivectors */ = {
			isa = PBXGroup;
			children = (
				9BBBE01D15DEF27600BDE419 /* vsr_templates.cpp */,
				9BBBE01E15DEF27700BDE419 /* vsr_templates.h */,
				9BBBE01F15DEF27700BDE419 /* vsr_typedefs.h */,
				9B84F53D15ED55FA005CA167 /* versorFuncs.h */,
				9B8DD32815EF01E900FB3E3B /* Daf.h */,
				9B8DD32915EF01E900FB3E3B /* Dal.h */,
				9B8DD32A15EF01E900FB3E3B /* Dap.h */,
				9BF4FDEE15DF2945000D6508 /* Aff.h */,
				9BF4FDEF15DF2945000D6508 /* Afl.h */,
				9BF4FDF015DF2945000D6508 /* Afp.h */,
				9BF4FDF115DF2946000D6508 /* Biv.h */,
				9BF4FDF215DF2946000D6508 /* Cir.h */,
				9BF4FDF315DF2946000D6508 /* Dil.h */,
				9BF4FDF415DF2946000D6508 /* Dll.h */,
				9BF4FDF515DF2946000D6508 /* Dlp.h */,
				9BF4FDF615DF2946000D6508 /* Drb.h */,
				9BF4FDF715DF2946000D6508 /* Drt.h */,
				9BF4FDF815DF2946000D6508 /* Drv.h */,
				9BF4FDF915DF2946000D6508 /* Flp.h */,
				9BF4FDFA15DF2946000D6508 /* Hyp.h */,
				9BF4FDFB15DF2946000D6508 /* Inf.h */,
				9BF4FDFC15DF2946000D6508 /* Lin.h */,
				9B8DD32E15F0355600FB3E3B /* Bst.h */,
				9B8DD32F15F0355700FB3E3B /* Dfp.h */,
				9BF4FDFD15DF2946000D6508 /* Mnk.h */,
				9BF4FDFE15DF2946000D6508 /* Mot.h */,
				9BF4FDFF15DF2946000D6508 /* Mtd.h */,
				9BF4FE0015DF2946000D6508 /* Mtt.h */,
				9BF4FE0115DF2946000D6508 /* Ori.h */,
				9BF4FE0215DF2946000D6508 /* Par.h */,
				9BF4FE0315DF2947000D6508 /* Pln.h */,
				9BF4FE0415DF2947000D6508 /* Pnt.h */,
				9BF4FE0515DF2947000D6508 /* Pss.h */,
				9BF4FE0615DF2947000D6508 /* Rot.h */,
				9BF4FE0715DF2947000D6508 /* Rtc.h */,
				9BF4FE0815DF2947000D6508 /* Rtd.h */,
				9BF4FE0915DF2947000D6508 /* Rtt.h */,
				9BF4FE0A15DF2947000D6508 /* Rvd.h */,
				9BF4FE0B15DF2947000D6508 /* Sca.h */,
				9BF4FE0C15DF2947000D6508 /* Sph.h */,
				9BF4FE0D15DF2947000D6508 /* Sta.h */,
				9BF4FE0E15DF2947000D6508 /* Tnb.h */,
				9BF4FE0F15DF2947000D6508 /* Tnt.h */,
				9BF4FE1015DF2947000D6508 /* Tnv.h */,
				9BF4FE1115DF2948000D6508 /* Tri.h */,
				9BF4FE1215DF2948000D6508 /* Trs.h */,
				9BF4FE1315DF2948000D6508 /* Trt.h */,
				9BF4FE1415DF2948000D6508 /* Trv.h */,
				9BF4FE1515DF2948000D6508 /* Tsd.h */,
				9BF4FE1615DF2948000D6508 /* Tst.h */,
				9BF4FE1715DF2948000D6508 /* Tvd.h */,
				9BF4FE1815DF2948000D6508 /* Tvt.h */,
				9BF4FE1915DF2948000D6508 /* Vec.h */,
			);
			name = multivectors;
			sourceTree = "<group>";
		};
/* End PBXGroup section */

/* Begin PBXHeadersBuildPhase section */
		9BBBE00C15DDC20500BDE419 /* Headers */ = {
			isa = PBXHeadersBuildPhase;
			buildActionMask = 2147483647;
			files = (
				9BBBE01715DDC40C00BDE419 /* MV.h in Headers */,
				9BBBE02615DEF27700BDE419 /* vsr_templates.h in Headers */,
				9BBBE02715DEF27700BDE419 /* vsr_typedefs.h in Headers */,
				9BF4FDDD15DF151B000D6508 /* vsr.h in Headers */,
				9BF4FE1A15DF2948000D6508 /* Aff.h in Headers */,
				9BF4FE1B15DF2948000D6508 /* Afl.h in Headers */,
				9BF4FE1C15DF2948000D6508 /* Afp.h in Headers */,
				9BF4FE1D15DF2948000D6508 /* Biv.h in Headers */,
				9BF4FE1E15DF2948000D6508 /* Cir.h in Headers */,
				9BF4FE1F15DF2948000D6508 /* Dil.h in Headers */,
				9BF4FE2015DF2948000D6508 /* Dll.h in Headers */,
				9BF4FE2115DF2948000D6508 /* Dlp.h in Headers */,
				9BF4FE2215DF2948000D6508 /* Drb.h in Headers */,
				9BF4FE2315DF2948000D6508 /* Drt.h in Headers */,
				9BF4FE2415DF2948000D6508 /* Drv.h in Headers */,
				9BF4FE2515DF2948000D6508 /* Flp.h in Headers */,
				9BF4FE2615DF2948000D6508 /* Hyp.h in Headers */,
				9BF4FE2715DF2948000D6508 /* Inf.h in Headers */,
				9BF4FE2815DF2948000D6508 /* Lin.h in Headers */,
				9BF4FE2915DF2948000D6508 /* Mnk.h in Headers */,
				9BF4FE2A15DF2948000D6508 /* Mot.h in Headers */,
				9BF4FE2B15DF2948000D6508 /* Mtd.h in Headers */,
				9BF4FE2C15DF2948000D6508 /* Mtt.h in Headers */,
				9BF4FE2D15DF2948000D6508 /* Ori.h in Headers */,
				9BF4FE2E15DF2948000D6508 /* Par.h in Headers */,
				9BF4FE2F15DF2948000D6508 /* Pln.h in Headers */,
				9BF4FE3015DF2948000D6508 /* Pnt.h in Headers */,
				9BF4FE3115DF2948000D6508 /* Pss.h in Headers */,
				9BF4FE3215DF2948000D6508 /* Rot.h in Headers */,
				9BF4FE3315DF2948000D6508 /* Rtc.h in Headers */,
				9BF4FE3415DF2948000D6508 /* Rtd.h in Headers */,
				9BF4FE3515DF2948000D6508 /* Rtt.h in Headers */,
				9BF4FE3615DF2948000D6508 /* Rvd.h in Headers */,
				9BF4FE3715DF2948000D6508 /* Sca.h in Headers */,
				9BF4FE3815DF2948000D6508 /* Sph.h in Headers */,
				9BF4FE3915DF2948000D6508 /* Sta.h in Headers */,
				9BF4FE3A15DF2948000D6508 /* Tnb.h in Headers */,
				9BF4FE3B15DF2948000D6508 /* Tnt.h in Headers */,
				9BF4FE3C15DF2948000D6508 /* Tnv.h in Headers */,
				9BF4FE3D15DF2948000D6508 /* Tri.h in Headers */,
				9BF4FE3E15DF2948000D6508 /* Trs.h in Headers */,
				9BF4FE3F15DF2948000D6508 /* Trt.h in Headers */,
				9BF4FE4015DF2948000D6508 /* Trv.h in Headers */,
				9BF4FE4115DF2948000D6508 /* Tsd.h in Headers */,
				9BF4FE4215DF2948000D6508 /* Tst.h in Headers */,
				9BF4FE4315DF2948000D6508 /* Tvd.h in Headers */,
				9BF4FE4415DF2948000D6508 /* Tvt.h in Headers */,
				9BF4FE4515DF2948000D6508 /* Vec.h in Headers */,
				9B84F52A15EC3C8F005CA167 /* vsr_op.h in Headers */,
				9B84F52D15EC3CEF005CA167 /* vsr_math.h in Headers */,
				9B84F52E15EC3CEF005CA167 /* vsr_matrix.h in Headers */,
				9B84F53015EC3CFA005CA167 /* vsr_constants.h in Headers */,
				9B84F53A15EC5135005CA167 /* ExpTemp.h in Headers */,
				9B84F53E15ED55FA005CA167 /* versorFuncs.h in Headers */,
				9B8DD32B15EF01EA00FB3E3B /* Daf.h in Headers */,
				9B8DD32C15EF01EA00FB3E3B /* Dal.h in Headers */,
				9B8DD32D15EF01EA00FB3E3B /* Dap.h in Headers */,
				9B8DD33015F0355700FB3E3B /* Bst.h in Headers */,
				9B8DD33115F0355700FB3E3B /* Dfp.h in Headers */,
			);
			runOnlyForDeploymentPostprocessing = 0;
		};
/* End PBXHeadersBuildPhase section */

/* Begin PBXNativeTarget section */
		9BBBDFFC15DDC1F100BDE419 /* vsr_static */ = {
			isa = PBXNativeTarget;
			buildConfigurationList = 9BBBE00715DDC1F200BDE419 /* Build configuration list for PBXNativeTarget "vsr_static" */;
			buildPhases = (
				9BBBDFF915DDC1F100BDE419 /* Sources */,
				9BBBDFFA15DDC1F100BDE419 /* Frameworks */,
				9BBBDFFB15DDC1F100BDE419 /* CopyFiles */,
			);
			buildRules = (
			);
			dependencies = (
				9BBBE02915DEF2FC00BDE419 /* PBXTargetDependency */,
			);
			name = vsr_static;
			productName = vsr_static;
			productReference = 9BBBDFFD15DDC1F100BDE419 /* vsr_static */;
			productType = "com.apple.product-type.tool";
		};
		9BBBE00D15DDC20500BDE419 /* vsr */ = {
			isa = PBXNativeTarget;
			buildConfigurationList = 9BBBE00F15DDC20500BDE419 /* Build configuration list for PBXNativeTarget "vsr" */;
			buildPhases = (
				9BBBE00A15DDC20500BDE419 /* Sources */,
				9BBBE00B15DDC20500BDE419 /* Frameworks */,
				9BBBE00C15DDC20500BDE419 /* Headers */,
			);
			buildRules = (
			);
			dependencies = (
			);
			name = vsr;
			productName = vsr;
			productReference = 9BBBE00E15DDC20500BDE419 /* libvsr.a */;
			productType = "com.apple.product-type.library.static";
		};
/* End PBXNativeTarget section */

/* Begin PBXProject section */
		9BBBDFF415DDC1F100BDE419 /* Project object */ = {
			isa = PBXProject;
			attributes = {
				LastUpgradeCheck = 0420;
			};
			buildConfigurationList = 9BBBDFF715DDC1F100BDE419 /* Build configuration list for PBXProject "vsr_static" */;
			compatibilityVersion = "Xcode 3.2";
			developmentRegion = English;
			hasScannedForEncodings = 0;
			knownRegions = (
				en,
			);
			mainGroup = 9BBBDFF215DDC1F100BDE419;
			productRefGroup = 9BBBDFFE15DDC1F100BDE419 /* Products */;
			projectDirPath = "";
			projectRoot = "";
			targets = (
				9BBBDFFC15DDC1F100BDE419 /* vsr_static */,
				9BBBE00D15DDC20500BDE419 /* vsr */,
			);
		};
/* End PBXProject section */

/* Begin PBXSourcesBuildPhase section */
		9BBBDFF915DDC1F100BDE419 /* Sources */ = {
			isa = PBXSourcesBuildPhase;
			buildActionMask = 2147483647;
			files = (
				9BBBE00215DDC1F200BDE419 /* main.cpp in Sources */,
			);
			runOnlyForDeploymentPostprocessing = 0;
		};
		9BBBE00A15DDC20500BDE419 /* Sources */ = {
			isa = PBXSourcesBuildPhase;
			buildActionMask = 2147483647;
			files = (
				9BBBE02515DEF27700BDE419 /* vsr_templates.cpp in Sources */,
				9B84F52715EBFB79005CA167 /* vsr.cpp in Sources */,
				9B84F53415EC3D5A005CA167 /* vsr_op.cpp in Sources */,
				9B84F53C15EC5588005CA167 /* MV.cpp in Sources */,
			);
			runOnlyForDeploymentPostprocessing = 0;
		};
/* End PBXSourcesBuildPhase section */

/* Begin PBXTargetDependency section */
		9BBBE02915DEF2FC00BDE419 /* PBXTargetDependency */ = {
			isa = PBXTargetDependency;
			target = 9BBBE00D15DDC20500BDE419 /* vsr */;
			targetProxy = 9BBBE02815DEF2FC00BDE419 /* PBXContainerItemProxy */;
		};
/* End PBXTargetDependency section */

/* Begin XCBuildConfiguration section */
		9BBBE00515DDC1F200BDE419 /* Debug */ = {
			isa = XCBuildConfiguration;
			buildSettings = {
				ALWAYS_SEARCH_USER_PATHS = NO;
				ARCHS = "$(ARCHS_STANDARD_64_BIT)";
				COPY_PHASE_STRIP = NO;
				GCC_C_LANGUAGE_STANDARD = gnu99;
				GCC_DYNAMIC_NO_PIC = NO;
				GCC_ENABLE_OBJC_EXCEPTIONS = YES;
				GCC_OPTIMIZATION_LEVEL = 0;
				GCC_PRECOMPILE_PREFIX_HEADER = NO;
				GCC_PREPROCESSOR_DEFINITIONS = (
					"DEBUG=1",
					"$(inherited)",
				);
				GCC_SYMBOLS_PRIVATE_EXTERN = NO;
				GCC_VERSION = com.apple.compilers.llvm.clang.1_0;
				GCC_WARN_64_TO_32_BIT_CONVERSION = YES;
				GCC_WARN_ABOUT_MISSING_PROTOTYPES = YES;
				GCC_WARN_ABOUT_RETURN_TYPE = YES;
				GCC_WARN_UNUSED_VARIABLE = YES;
				MACOSX_DEPLOYMENT_TARGET = 10.6;
				ONLY_ACTIVE_ARCH = YES;
				SDKROOT = macosx;
				SYMROOT = ../../build;
			};
			name = Debug;
		};
		9BBBE00615DDC1F200BDE419 /* Release */ = {
			isa = XCBuildConfiguration;
			buildSettings = {
				ALWAYS_SEARCH_USER_PATHS = NO;
				ARCHS = "$(ARCHS_STANDARD_64_BIT)";
				COPY_PHASE_STRIP = YES;
				DEBUG_INFORMATION_FORMAT = "dwarf-with-dsym";
				GCC_C_LANGUAGE_STANDARD = gnu99;
				GCC_ENABLE_OBJC_EXCEPTIONS = YES;
				GCC_PRECOMPILE_PREFIX_HEADER = NO;
				GCC_VERSION = com.apple.compilers.llvm.clang.1_0;
				GCC_WARN_64_TO_32_BIT_CONVERSION = YES;
				GCC_WARN_ABOUT_MISSING_PROTOTYPES = YES;
				GCC_WARN_ABOUT_RETURN_TYPE = YES;
				GCC_WARN_UNUSED_VARIABLE = YES;
				MACOSX_DEPLOYMENT_TARGET = 10.6;
				SDKROOT = macosx;
				SYMROOT = ../../build;
			};
			name = Release;
		};
		9BBBE00815DDC1F200BDE419 /* Debug */ = {
			isa = XCBuildConfiguration;
			buildSettings = {
				GCC_PRECOMPILE_PREFIX_HEADER = NO;
				PRODUCT_NAME = "$(TARGET_NAME)";
			};
			name = Debug;
		};
		9BBBE00915DDC1F200BDE419 /* Release */ = {
			isa = XCBuildConfiguration;
			buildSettings = {
				GCC_PRECOMPILE_PREFIX_HEADER = NO;
				PRODUCT_NAME = "$(TARGET_NAME)";
			};
			name = Release;
		};
		9BBBE01015DDC20500BDE419 /* Debug */ = {
			isa = XCBuildConfiguration;
			buildSettings = {
				EXECUTABLE_PREFIX = lib;
				GCC_PRECOMPILE_PREFIX_HEADER = NO;
				PRODUCT_NAME = "$(TARGET_NAME)";
				USER_HEADER_SEARCH_PATHS = "$SRCROOT/../../include/**";
			};
			name = Debug;
		};
		9BBBE01115DDC20500BDE419 /* Release */ = {
			isa = XCBuildConfiguration;
			buildSettings = {
				EXECUTABLE_PREFIX = lib;
				GCC_PRECOMPILE_PREFIX_HEADER = NO;
				PRODUCT_NAME = "$(TARGET_NAME)";
				USER_HEADER_SEARCH_PATHS = "$SRCROOT/../../include/**";
			};
			name = Release;
		};
/* End XCBuildConfiguration section */

/* Begin XCConfigurationList section */
		9BBBDFF715DDC1F100BDE419 /* Build configuration list for PBXProject "vsr_static" */ = {
			isa = XCConfigurationList;
			buildConfigurations = (
				9BBBE00515DDC1F200BDE419 /* Debug */,
				9BBBE00615DDC1F200BDE419 /* Release */,
			);
			defaultConfigurationIsVisible = 0;
			defaultConfigurationName = Release;
		};
		9BBBE00715DDC1F200BDE419 /* Build configuration list for PBXNativeTarget "vsr_static" */ = {
			isa = XCConfigurationList;
			buildConfigurations = (
				9BBBE00815DDC1F200BDE419 /* Debug */,
				9BBBE00915DDC1F200BDE419 /* Release */,
			);
			defaultConfigurationIsVisible = 0;
			defaultConfigurationName = Release;
		};
		9BBBE00F15DDC20500BDE419 /* Build configuration list for PBXNativeTarget "vsr" */ = {
			isa = XCConfigurationList;
			buildConfigurations = (
				9BBBE01015DDC20500BDE419 /* Debug */,
				9BBBE01115DDC20500BDE419 /* Release */,
			);
			defaultConfigurationIsVisible = 0;
			defaultConfigurationName = Release;
		};
/* End XCConfigurationList section */
	};
	rootObject = 9BBBDFF415DDC1F100BDE419 /* Project object */;
}
