// !$*UTF8*$!
{
	archiveVersion = 1;
	classes = {
	};
	objectVersion = 46;
	objects = {

/* Begin PBXBuildFile section */
		9B0C7577162C9BAD0037F835 /* GLUT.framework in Frameworks */ = {isa = PBXBuildFile; fileRef = 9B76CCF21628AAF70064FF35 /* GLUT.framework */; };
		9B0C7578162C9BB40037F835 /* OpenGL.framework in Frameworks */ = {isa = PBXBuildFile; fileRef = 9B76CCF01628AAF00064FF35 /* OpenGL.framework */; };
		9B0C7579162C9BB70037F835 /* libvsr.a in Frameworks */ = {isa = PBXBuildFile; fileRef = 9B76CC241628A9440064FF35 /* libvsr.a */; };
		9B0C757C162C9BDF0037F835 /* DemoAgacse.cpp in Sources */ = {isa = PBXBuildFile; fileRef = 9B0C757B162C9BDF0037F835 /* DemoAgacse.cpp */; };
		9B2529A9162DF41F00DD9FC2 /* DemoMotors.cpp in Sources */ = {isa = PBXBuildFile; fileRef = 9B2529A8162DF41F00DD9FC2 /* DemoMotors.cpp */; };
		9B2529AA162DF42800DD9FC2 /* OpenGL.framework in Frameworks */ = {isa = PBXBuildFile; fileRef = 9B76CCF01628AAF00064FF35 /* OpenGL.framework */; };
		9B2529AB162DF43400DD9FC2 /* GLUT.framework in Frameworks */ = {isa = PBXBuildFile; fileRef = 9B76CCF21628AAF70064FF35 /* GLUT.framework */; };
		9B2529AD162DF44300DD9FC2 /* libGLV.a in Frameworks */ = {isa = PBXBuildFile; fileRef = 9B2529AC162DF44300DD9FC2 /* libGLV.a */; };
		9B2529AE162DF44900DD9FC2 /* libvsr.a in Frameworks */ = {isa = PBXBuildFile; fileRef = 9B76CC241628A9440064FF35 /* libvsr.a */; };
		9B58902B1641A69B0096B491 /* OpenGL.framework in Frameworks */ = {isa = PBXBuildFile; fileRef = 9B76CCF01628AAF00064FF35 /* OpenGL.framework */; };
		9B58902C1641A69B0096B491 /* GLUT.framework in Frameworks */ = {isa = PBXBuildFile; fileRef = 9B76CCF21628AAF70064FF35 /* GLUT.framework */; };
		9B58902D1641A69B0096B491 /* libGLV.a in Frameworks */ = {isa = PBXBuildFile; fileRef = 9B2529AC162DF44300DD9FC2 /* libGLV.a */; };
		9B58902E1641A69B0096B491 /* libvsr.a in Frameworks */ = {isa = PBXBuildFile; fileRef = 9B76CC241628A9440064FF35 /* libvsr.a */; };
		9B5890301641A69B0096B491 /* pos.vert in CopyFiles */ = {isa = PBXBuildFile; fileRef = 9BBF0AD6163B083B00146CA6 /* pos.vert */; };
		9B5890311641A69B0096B491 /* col.frag in CopyFiles */ = {isa = PBXBuildFile; fileRef = 9BBF0AD5163B083B00146CA6 /* col.frag */; };
		9B5890331641A69B0096B491 /* col.frag in Resources */ = {isa = PBXBuildFile; fileRef = 9BBF0AD5163B083B00146CA6 /* col.frag */; };
		9B5890341641A69B0096B491 /* pos.vert in Resources */ = {isa = PBXBuildFile; fileRef = 9BBF0AD6163B083B00146CA6 /* pos.vert */; };
		9B58903C1641A6D90096B491 /* Meet.cpp in Sources */ = {isa = PBXBuildFile; fileRef = 9B58903B1641A6D90096B491 /* Meet.cpp */; };
		9B5C460716445FBE003BF1B2 /* OpenGL.framework in Frameworks */ = {isa = PBXBuildFile; fileRef = 9B76CCF01628AAF00064FF35 /* OpenGL.framework */; };
		9B5C460816445FBE003BF1B2 /* GLUT.framework in Frameworks */ = {isa = PBXBuildFile; fileRef = 9B76CCF21628AAF70064FF35 /* GLUT.framework */; };
		9B5C460A16445FBE003BF1B2 /* libvsr.a in Frameworks */ = {isa = PBXBuildFile; fileRef = 9B76CC241628A9440064FF35 /* libvsr.a */; };
		9B5C460C16445FBE003BF1B2 /* pos.vert in CopyFiles */ = {isa = PBXBuildFile; fileRef = 9BBF0AD6163B083B00146CA6 /* pos.vert */; };
		9B5C460D16445FBE003BF1B2 /* col.frag in CopyFiles */ = {isa = PBXBuildFile; fileRef = 9BBF0AD5163B083B00146CA6 /* col.frag */; };
		9B5C460F16445FBE003BF1B2 /* col.frag in Resources */ = {isa = PBXBuildFile; fileRef = 9BBF0AD5163B083B00146CA6 /* col.frag */; };
		9B5C461016445FBE003BF1B2 /* pos.vert in Resources */ = {isa = PBXBuildFile; fileRef = 9BBF0AD6163B083B00146CA6 /* pos.vert */; };
		9B5C461816446155003BF1B2 /* Allo.cpp in Sources */ = {isa = PBXBuildFile; fileRef = 9B5C46171644607F003BF1B2 /* Allo.cpp */; };
		9B5C461A16446305003BF1B2 /* liballocore.a in Frameworks */ = {isa = PBXBuildFile; fileRef = 9B5C461916446305003BF1B2 /* liballocore.a */; };
		9B5C461D16446392003BF1B2 /* libapr-1.dylib in Frameworks */ = {isa = PBXBuildFile; fileRef = 9B5C461B16446392003BF1B2 /* libapr-1.dylib */; };
		9B5C461E16446392003BF1B2 /* libaprutil-1.dylib in Frameworks */ = {isa = PBXBuildFile; fileRef = 9B5C461C16446392003BF1B2 /* libaprutil-1.dylib */; };
		9B5C4621164463E1003BF1B2 /* Foundation.framework in Frameworks */ = {isa = PBXBuildFile; fileRef = 9B5C4620164463E1003BF1B2 /* Foundation.framework */; };
		9B68013B163F349E004A850F /* OpenGL.framework in Frameworks */ = {isa = PBXBuildFile; fileRef = 9B76CCF01628AAF00064FF35 /* OpenGL.framework */; };
		9B68013C163F349E004A850F /* GLUT.framework in Frameworks */ = {isa = PBXBuildFile; fileRef = 9B76CCF21628AAF70064FF35 /* GLUT.framework */; };
		9B68013D163F349E004A850F /* libGLV.a in Frameworks */ = {isa = PBXBuildFile; fileRef = 9B2529AC162DF44300DD9FC2 /* libGLV.a */; };
		9B68013E163F349E004A850F /* libvsr.a in Frameworks */ = {isa = PBXBuildFile; fileRef = 9B76CC241628A9440064FF35 /* libvsr.a */; };
		9B680140163F349E004A850F /* pos.vert in CopyFiles */ = {isa = PBXBuildFile; fileRef = 9BBF0AD6163B083B00146CA6 /* pos.vert */; };
		9B680141163F349E004A850F /* col.frag in CopyFiles */ = {isa = PBXBuildFile; fileRef = 9BBF0AD5163B083B00146CA6 /* col.frag */; };
		9B680143163F349E004A850F /* col.frag in Resources */ = {isa = PBXBuildFile; fileRef = 9BBF0AD5163B083B00146CA6 /* col.frag */; };
		9B680144163F349E004A850F /* pos.vert in Resources */ = {isa = PBXBuildFile; fileRef = 9BBF0AD6163B083B00146CA6 /* pos.vert */; };
		9B68014B163F34D1004A850F /* Graphics.cpp in Sources */ = {isa = PBXBuildFile; fileRef = 9B68014A163F34D1004A850F /* Graphics.cpp */; };
		9B76CC181628A9390064FF35 /* main.cpp in Sources */ = {isa = PBXBuildFile; fileRef = 9B76CC171628A9390064FF35 /* main.cpp */; };
		9B76CC1A1628A9390064FF35 /* Versor.1 in CopyFiles */ = {isa = PBXBuildFile; fileRef = 9B76CC191628A9390064FF35 /* Versor.1 */; };
		9B76CC8A1628A9540064FF35 /* vsr_gl.cpp in Sources */ = {isa = PBXBuildFile; fileRef = 9B76CC301628A9540064FF35 /* vsr_gl.cpp */; };
		9B76CCD11628A9540064FF35 /* vsr.h in Headers */ = {isa = PBXBuildFile; fileRef = 9B76CC7A1628A9540064FF35 /* vsr.h */; };
		9B76CCD21628A9540064FF35 /* vsr_casts.h in Headers */ = {isa = PBXBuildFile; fileRef = 9B76CC7B1628A9540064FF35 /* vsr_casts.h */; };
		9B76CCD31628A9540064FF35 /* vsr_constants.h in Headers */ = {isa = PBXBuildFile; fileRef = 9B76CC7C1628A9540064FF35 /* vsr_constants.h */; };
		9B76CCD41628A9540064FF35 /* vsr_gl.h in Headers */ = {isa = PBXBuildFile; fileRef = 9B76CC7D1628A9540064FF35 /* vsr_gl.h */; };
		9B76CCD51628A9540064FF35 /* vsr_gxlib.h in Headers */ = {isa = PBXBuildFile; fileRef = 9B76CC7E1628A9540064FF35 /* vsr_gxlib.h */; };
		9B76CCD61628A9540064FF35 /* vsr_math.h in Headers */ = {isa = PBXBuildFile; fileRef = 9B76CC7F1628A9540064FF35 /* vsr_math.h */; };
		9B76CCD71628A9540064FF35 /* vsr_matrix.h in Headers */ = {isa = PBXBuildFile; fileRef = 9B76CC801628A9540064FF35 /* vsr_matrix.h */; };
		9B76CCD81628A9540064FF35 /* vsr_templates.h in Headers */ = {isa = PBXBuildFile; fileRef = 9B76CC811628A9540064FF35 /* vsr_templates.h */; };
		9B76CCD91628A9540064FF35 /* vsr_typedefs.h in Headers */ = {isa = PBXBuildFile; fileRef = 9B76CC821628A9540064FF35 /* vsr_typedefs.h */; };
		9B76CCDA1628A9540064FF35 /* vsr_types.h in Headers */ = {isa = PBXBuildFile; fileRef = 9B76CC831628A9540064FF35 /* vsr_types.h */; };
		9B76CCEC1628AADA0064FF35 /* testGraph.cpp in Sources */ = {isa = PBXBuildFile; fileRef = 9B76CCEB1628AAD00064FF35 /* testGraph.cpp */; };
		9B76CCED1628AAE00064FF35 /* libvsr.a in Frameworks */ = {isa = PBXBuildFile; fileRef = 9B76CC241628A9440064FF35 /* libvsr.a */; };
		9B76CCF11628AAF10064FF35 /* OpenGL.framework in Frameworks */ = {isa = PBXBuildFile; fileRef = 9B76CCF01628AAF00064FF35 /* OpenGL.framework */; };
		9B76CCF31628AAF70064FF35 /* GLUT.framework in Frameworks */ = {isa = PBXBuildFile; fileRef = 9B76CCF21628AAF70064FF35 /* GLUT.framework */; };
		9B76CD031628ABD30064FF35 /* gl2ps.h in Headers */ = {isa = PBXBuildFile; fileRef = 9B76CCFB1628ABD30064FF35 /* gl2ps.h */; };
		9B9F32C41631E8B50075D685 /* libvsr.a in Frameworks */ = {isa = PBXBuildFile; fileRef = 9B76CC241628A9440064FF35 /* libvsr.a */; };
		9B9F32C51631E8BE0075D685 /* GLUT.framework in Frameworks */ = {isa = PBXBuildFile; fileRef = 9B76CCF21628AAF70064FF35 /* GLUT.framework */; };
		9B9F32C61631E8CF0075D685 /* libGLV.a in Frameworks */ = {isa = PBXBuildFile; fileRef = 9B2529AC162DF44300DD9FC2 /* libGLV.a */; };
		9B9F32C71631E8E20075D685 /* OpenGL.framework in Frameworks */ = {isa = PBXBuildFile; fileRef = 9B76CCF01628AAF00064FF35 /* OpenGL.framework */; };
		9BAFEB65164C4FD400CAB97F /* libGLV.a in Frameworks */ = {isa = PBXBuildFile; fileRef = 9B2529AC162DF44300DD9FC2 /* libGLV.a */; };
		9BB1081F1638836A009F3070 /* OpenGL.framework in Frameworks */ = {isa = PBXBuildFile; fileRef = 9B76CCF01628AAF00064FF35 /* OpenGL.framework */; };
		9BB108201638836A009F3070 /* GLUT.framework in Frameworks */ = {isa = PBXBuildFile; fileRef = 9B76CCF21628AAF70064FF35 /* GLUT.framework */; };
		9BB108211638836A009F3070 /* libGLV.a in Frameworks */ = {isa = PBXBuildFile; fileRef = 9B2529AC162DF44300DD9FC2 /* libGLV.a */; };
		9BB108221638836A009F3070 /* libvsr.a in Frameworks */ = {isa = PBXBuildFile; fileRef = 9B76CC241628A9440064FF35 /* libvsr.a */; };
		9BB1082E163883B5009F3070 /* OpenGL.framework in Frameworks */ = {isa = PBXBuildFile; fileRef = 9B76CCF01628AAF00064FF35 /* OpenGL.framework */; };
		9BB1082F163883B5009F3070 /* GLUT.framework in Frameworks */ = {isa = PBXBuildFile; fileRef = 9B76CCF21628AAF70064FF35 /* GLUT.framework */; };
		9BB10830163883B5009F3070 /* libGLV.a in Frameworks */ = {isa = PBXBuildFile; fileRef = 9B2529AC162DF44300DD9FC2 /* libGLV.a */; };
		9BB10831163883B5009F3070 /* libvsr.a in Frameworks */ = {isa = PBXBuildFile; fileRef = 9B76CC241628A9440064FF35 /* libvsr.a */; };
		9BB10839163883F7009F3070 /* Knots.cpp in Sources */ = {isa = PBXBuildFile; fileRef = 9BB10838163883F7009F3070 /* Knots.cpp */; };
		9BB1083B16388400009F3070 /* Hopf.cpp in Sources */ = {isa = PBXBuildFile; fileRef = 9BB1083A16388400009F3070 /* Hopf.cpp */; };
		9BB1083D1638840A009F3070 /* Curvature.cpp in Sources */ = {isa = PBXBuildFile; fileRef = 9BB1083C1638840A009F3070 /* Curvature.cpp */; };
		9BBF0ADA163B087800146CA6 /* col.frag in Resources */ = {isa = PBXBuildFile; fileRef = 9BBF0AD5163B083B00146CA6 /* col.frag */; };
		9BBF0ADB163B087B00146CA6 /* pos.vert in Resources */ = {isa = PBXBuildFile; fileRef = 9BBF0AD6163B083B00146CA6 /* pos.vert */; };
		9BBF0ADD163B118000146CA6 /* vsr_gl_shader.cpp in Sources */ = {isa = PBXBuildFile; fileRef = 9BDA7C751636037800A864DC /* vsr_gl_shader.cpp */; };
		9BBF0ADF163B11AA00146CA6 /* col.frag in Resources */ = {isa = PBXBuildFile; fileRef = 9BBF0AD5163B083B00146CA6 /* col.frag */; };
		9BBF0AE0163B11AC00146CA6 /* pos.vert in Resources */ = {isa = PBXBuildFile; fileRef = 9BBF0AD6163B083B00146CA6 /* pos.vert */; };
		9BBF0AE2163B12D200146CA6 /* col.frag in Resources */ = {isa = PBXBuildFile; fileRef = 9BBF0AD5163B083B00146CA6 /* col.frag */; };
		9BBF0AE3163B12D400146CA6 /* pos.vert in Resources */ = {isa = PBXBuildFile; fileRef = 9BBF0AD6163B083B00146CA6 /* pos.vert */; };
		9BBF0B0A163B173F00146CA6 /* pos.vert in CopyFiles */ = {isa = PBXBuildFile; fileRef = 9BBF0AD6163B083B00146CA6 /* pos.vert */; };
		9BBF0B0B163B174200146CA6 /* col.frag in CopyFiles */ = {isa = PBXBuildFile; fileRef = 9BBF0AD5163B083B00146CA6 /* col.frag */; };
		9BDA7C7D1636037800A864DC /* vsr_camera.cpp in Sources */ = {isa = PBXBuildFile; fileRef = 9BDA7C6E1636037800A864DC /* vsr_camera.cpp */; };
		9BDA7C7F1636037800A864DC /* vsr_draw.cpp in Sources */ = {isa = PBXBuildFile; fileRef = 9BDA7C701636037800A864DC /* vsr_draw.cpp */; };
		9BDA7C801636037800A864DC /* vsr_frame.cpp in Sources */ = {isa = PBXBuildFile; fileRef = 9BDA7C711636037800A864DC /* vsr_frame.cpp */; };
		9BDA7C891636037800A864DC /* vsr_interface.cpp in Sources */ = {isa = PBXBuildFile; fileRef = 9BDA7C7A1636037800A864DC /* vsr_interface.cpp */; };
		9BDA7C8A1636037800A864DC /* vsr_lattice.cpp in Sources */ = {isa = PBXBuildFile; fileRef = 9BDA7C7B1636037800A864DC /* vsr_lattice.cpp */; };
		9BDA7C8B1636037800A864DC /* vsr_mv.cpp in Sources */ = {isa = PBXBuildFile; fileRef = 9BDA7C7C1636037800A864DC /* vsr_mv.cpp */; };
		9BDA7C8D1636068200A864DC /* vsr_file.cpp in Sources */ = {isa = PBXBuildFile; fileRef = 9BDA7C8C1636068200A864DC /* vsr_file.cpp */; };
		9BDA7C9516360E3800A864DC /* vsr_mglyph.h in Headers */ = {isa = PBXBuildFile; fileRef = 9BDA7C9416360E3700A864DC /* vsr_mglyph.h */; };
/* End PBXBuildFile section */

/* Begin PBXContainerItemProxy section */
		9B0C7575162C9BA60037F835 /* PBXContainerItemProxy */ = {
			isa = PBXContainerItemProxy;
			containerPortal = 9B76CC0A1628A9380064FF35 /* Project object */;
			proxyType = 1;
			remoteGlobalIDString = 9B76CC231628A9440064FF35;
			remoteInfo = vsr;
		};
		9B5890271641A69B0096B491 /* PBXContainerItemProxy */ = {
			isa = PBXContainerItemProxy;
			containerPortal = 9B76CC0A1628A9380064FF35 /* Project object */;
			proxyType = 1;
			remoteGlobalIDString = 9B76CC231628A9440064FF35;
			remoteInfo = vsr;
		};
		9B5C460316445FBE003BF1B2 /* PBXContainerItemProxy */ = {
			isa = PBXContainerItemProxy;
			containerPortal = 9B76CC0A1628A9380064FF35 /* Project object */;
			proxyType = 1;
			remoteGlobalIDString = 9B76CC231628A9440064FF35;
			remoteInfo = vsr;
		};
		9B680137163F349E004A850F /* PBXContainerItemProxy */ = {
			isa = PBXContainerItemProxy;
			containerPortal = 9B76CC0A1628A9380064FF35 /* Project object */;
			proxyType = 1;
			remoteGlobalIDString = 9B76CC231628A9440064FF35;
			remoteInfo = vsr;
		};
		9B76CCEE1628AAE40064FF35 /* PBXContainerItemProxy */ = {
			isa = PBXContainerItemProxy;
			containerPortal = 9B76CC0A1628A9380064FF35 /* Project object */;
			proxyType = 1;
			remoteGlobalIDString = 9B76CC231628A9440064FF35;
			remoteInfo = vsr;
		};
		9B9F32CA1631E9490075D685 /* PBXContainerItemProxy */ = {
			isa = PBXContainerItemProxy;
			containerPortal = 9B76CC0A1628A9380064FF35 /* Project object */;
			proxyType = 1;
			remoteGlobalIDString = 9B76CC231628A9440064FF35;
			remoteInfo = vsr;
		};
		9BB1081C1638836A009F3070 /* PBXContainerItemProxy */ = {
			isa = PBXContainerItemProxy;
			containerPortal = 9B76CC0A1628A9380064FF35 /* Project object */;
			proxyType = 1;
			remoteGlobalIDString = 9B76CC231628A9440064FF35;
			remoteInfo = vsr;
		};
		9BB1082B163883B5009F3070 /* PBXContainerItemProxy */ = {
			isa = PBXContainerItemProxy;
			containerPortal = 9B76CC0A1628A9380064FF35 /* Project object */;
			proxyType = 1;
			remoteGlobalIDString = 9B76CC231628A9440064FF35;
			remoteInfo = vsr;
		};
/* End PBXContainerItemProxy section */

/* Begin PBXCopyFilesBuildPhase section */
		9B0C7569162C9B9C0037F835 /* CopyFiles */ = {
			isa = PBXCopyFilesBuildPhase;
			buildActionMask = 2147483647;
			dstPath = /usr/share/man/man1/;
			dstSubfolderSpec = 0;
			files = (
			);
			runOnlyForDeploymentPostprocessing = 1;
		};
		9B25299B162DF3E500DD9FC2 /* CopyFiles */ = {
			isa = PBXCopyFilesBuildPhase;
			buildActionMask = 2147483647;
			dstPath = /usr/share/man/man1/;
			dstSubfolderSpec = 0;
			files = (
			);
			runOnlyForDeploymentPostprocessing = 1;
		};
		9B58902F1641A69B0096B491 /* CopyFiles */ = {
			isa = PBXCopyFilesBuildPhase;
			buildActionMask = 12;
			dstPath = "";
			dstSubfolderSpec = 7;
			files = (
				9B5890301641A69B0096B491 /* pos.vert in CopyFiles */,
				9B5890311641A69B0096B491 /* col.frag in CopyFiles */,
			);
			runOnlyForDeploymentPostprocessing = 0;
		};
		9B5C460B16445FBE003BF1B2 /* CopyFiles */ = {
			isa = PBXCopyFilesBuildPhase;
			buildActionMask = 12;
			dstPath = "";
			dstSubfolderSpec = 7;
			files = (
				9B5C460C16445FBE003BF1B2 /* pos.vert in CopyFiles */,
				9B5C460D16445FBE003BF1B2 /* col.frag in CopyFiles */,
			);
			runOnlyForDeploymentPostprocessing = 0;
		};
		9B68013F163F349E004A850F /* CopyFiles */ = {
			isa = PBXCopyFilesBuildPhase;
			buildActionMask = 12;
			dstPath = "";
			dstSubfolderSpec = 7;
			files = (
				9B680140163F349E004A850F /* pos.vert in CopyFiles */,
				9B680141163F349E004A850F /* col.frag in CopyFiles */,
			);
			runOnlyForDeploymentPostprocessing = 0;
		};
		9B76CC111628A9390064FF35 /* CopyFiles */ = {
			isa = PBXCopyFilesBuildPhase;
			buildActionMask = 2147483647;
			dstPath = /usr/share/man/man1/;
			dstSubfolderSpec = 0;
			files = (
				9B76CC1A1628A9390064FF35 /* Versor.1 in CopyFiles */,
			);
			runOnlyForDeploymentPostprocessing = 1;
		};
		9B76CCDD1628AA810064FF35 /* CopyFiles */ = {
			isa = PBXCopyFilesBuildPhase;
			buildActionMask = 2147483647;
			dstPath = /usr/share/man/man1/;
			dstSubfolderSpec = 0;
			files = (
			);
			runOnlyForDeploymentPostprocessing = 1;
		};
		9B9F32B81631E8A10075D685 /* CopyFiles */ = {
			isa = PBXCopyFilesBuildPhase;
			buildActionMask = 2147483647;
			dstPath = usr/share/man/man1;
			dstSubfolderSpec = 13;
			files = (
			);
			runOnlyForDeploymentPostprocessing = 1;
		};
		9BB108231638836A009F3070 /* CopyFiles */ = {
			isa = PBXCopyFilesBuildPhase;
			buildActionMask = 12;
			dstPath = "";
			dstSubfolderSpec = 7;
			files = (
				9BBF0B0A163B173F00146CA6 /* pos.vert in CopyFiles */,
				9BBF0B0B163B174200146CA6 /* col.frag in CopyFiles */,
			);
			runOnlyForDeploymentPostprocessing = 0;
		};
		9BB10832163883B5009F3070 /* CopyFiles */ = {
			isa = PBXCopyFilesBuildPhase;
			buildActionMask = 2147483647;
			dstPath = /usr/share/man/man1/;
			dstSubfolderSpec = 0;
			files = (
			);
			runOnlyForDeploymentPostprocessing = 1;
		};
/* End PBXCopyFilesBuildPhase section */

/* Begin PBXFileReference section */
		9B0C756B162C9B9C0037F835 /* DemoAgacse */ = {isa = PBXFileReference; explicitFileType = "compiled.mach-o.executable"; includeInIndex = 0; path = DemoAgacse; sourceTree = BUILT_PRODUCTS_DIR; };
		9B0C757B162C9BDF0037F835 /* DemoAgacse.cpp */ = {isa = PBXFileReference; fileEncoding = 4; lastKnownFileType = sourcecode.cpp.cpp; name = DemoAgacse.cpp; path = ../../tests/DemoAgacse.cpp; sourceTree = "<group>"; };
		9B0C757D162C9C5E0037F835 /* vsr_tests.h */ = {isa = PBXFileReference; lastKnownFileType = sourcecode.c.h; name = vsr_tests.h; path = ../../VSR/vsr_tests.h; sourceTree = "<group>"; };
		9B0C757E162C9F580037F835 /* vsr_gfxdata.h */ = {isa = PBXFileReference; lastKnownFileType = sourcecode.c.h; path = vsr_gfxdata.h; sourceTree = "<group>"; };
		9B25299D162DF3E500DD9FC2 /* DemoMotors */ = {isa = PBXFileReference; explicitFileType = "compiled.mach-o.executable"; includeInIndex = 0; path = DemoMotors; sourceTree = BUILT_PRODUCTS_DIR; };
		9B2529A8162DF41F00DD9FC2 /* DemoMotors.cpp */ = {isa = PBXFileReference; fileEncoding = 4; lastKnownFileType = sourcecode.cpp.cpp; name = DemoMotors.cpp; path = ../../tests/DemoMotors.cpp; sourceTree = "<group>"; };
		9B2529AC162DF44300DD9FC2 /* libGLV.a */ = {isa = PBXFileReference; lastKnownFileType = archive.ar; name = libGLV.a; path = ../../../GLV/build/lib/libGLV.a; sourceTree = "<group>"; };
		9B456BB51640B261008E5EA2 /* To Do */ = {isa = PBXFileReference; lastKnownFileType = text; name = "To Do"; path = "../../To Do"; sourceTree = "<group>"; };
		9B456BB71640C2BB008E5EA2 /* vsr_stat.h */ = {isa = PBXFileReference; lastKnownFileType = sourcecode.c.h; path = vsr_stat.h; sourceTree = "<group>"; };
		9B5890381641A69B0096B491 /* Graphics copy */ = {isa = PBXFileReference; explicitFileType = "compiled.mach-o.executable"; includeInIndex = 0; name = "Graphics copy"; path = Meet; sourceTree = BUILT_PRODUCTS_DIR; };
		9B58903B1641A6D90096B491 /* Meet.cpp */ = {isa = PBXFileReference; fileEncoding = 4; lastKnownFileType = sourcecode.cpp.cpp; name = Meet.cpp; path = ../../examples/Meet.cpp; sourceTree = "<group>"; };
		9B5C461416445FBE003BF1B2 /* Allo */ = {isa = PBXFileReference; explicitFileType = "compiled.mach-o.executable"; includeInIndex = 0; path = Allo; sourceTree = BUILT_PRODUCTS_DIR; };
		9B5C46171644607F003BF1B2 /* Allo.cpp */ = {isa = PBXFileReference; lastKnownFileType = sourcecode.cpp.cpp; name = Allo.cpp; path = ../../examples/Allo.cpp; sourceTree = "<group>"; };
		9B5C461916446305003BF1B2 /* liballocore.a */ = {isa = PBXFileReference; lastKnownFileType = archive.ar; name = liballocore.a; path = ../../../AlloSystem/build/lib/liballocore.a; sourceTree = "<group>"; };
		9B5C461B16446392003BF1B2 /* libapr-1.dylib */ = {isa = PBXFileReference; lastKnownFileType = "compiled.mach-o.dylib"; name = "libapr-1.dylib"; path = "usr/lib/libapr-1.dylib"; sourceTree = SDKROOT; };
		9B5C461C16446392003BF1B2 /* libaprutil-1.dylib */ = {isa = PBXFileReference; lastKnownFileType = "compiled.mach-o.dylib"; name = "libaprutil-1.dylib"; path = "usr/lib/libaprutil-1.dylib"; sourceTree = SDKROOT; };
		9B5C4620164463E1003BF1B2 /* Foundation.framework */ = {isa = PBXFileReference; lastKnownFileType = wrapper.framework; name = Foundation.framework; path = System/Library/Frameworks/Foundation.framework; sourceTree = SDKROOT; };
		9B5C462216449A7F003BF1B2 /* vsr_allovsr.h */ = {isa = PBXFileReference; lastKnownFileType = sourcecode.c.h; path = vsr_allovsr.h; sourceTree = "<group>"; };
		9B680148163F349E004A850F /* Knots copy */ = {isa = PBXFileReference; explicitFileType = "compiled.mach-o.executable"; includeInIndex = 0; name = "Knots copy"; path = Graphics; sourceTree = BUILT_PRODUCTS_DIR; };
		9B68014A163F34D1004A850F /* Graphics.cpp */ = {isa = PBXFileReference; fileEncoding = 4; lastKnownFileType = sourcecode.cpp.cpp; name = Graphics.cpp; path = ../../tests/Graphics.cpp; sourceTree = "<group>"; };
		9B76CC131628A9390064FF35 /* Versor */ = {isa = PBXFileReference; explicitFileType = "compiled.mach-o.executable"; includeInIndex = 0; path = Versor; sourceTree = BUILT_PRODUCTS_DIR; };
		9B76CC171628A9390064FF35 /* main.cpp */ = {isa = PBXFileReference; lastKnownFileType = sourcecode.cpp.cpp; path = main.cpp; sourceTree = "<group>"; };
		9B76CC191628A9390064FF35 /* Versor.1 */ = {isa = PBXFileReference; lastKnownFileType = text.man; path = Versor.1; sourceTree = "<group>"; };
		9B76CC241628A9440064FF35 /* libvsr.a */ = {isa = PBXFileReference; explicitFileType = archive.ar; includeInIndex = 0; path = libvsr.a; sourceTree = BUILT_PRODUCTS_DIR; };
		9B76CC2B1628A9540064FF35 /* MVBase.cpp */ = {isa = PBXFileReference; fileEncoding = 4; lastKnownFileType = sourcecode.cpp.cpp; path = MVBase.cpp; sourceTree = "<group>"; };
		9B76CC301628A9540064FF35 /* vsr_gl.cpp */ = {isa = PBXFileReference; fileEncoding = 4; lastKnownFileType = sourcecode.cpp.cpp; path = vsr_gl.cpp; sourceTree = "<group>"; };
		9B76CC361628A9540064FF35 /* MVBase.h */ = {isa = PBXFileReference; fileEncoding = 4; lastKnownFileType = sourcecode.c.h; path = MVBase.h; sourceTree = "<group>"; };
		9B76CC371628A9540064FF35 /* vsr_instantiation.cpp */ = {isa = PBXFileReference; fileEncoding = 4; lastKnownFileType = sourcecode.cpp.cpp; path = vsr_instantiation.cpp; sourceTree = "<group>"; };
		9B76CC381628A9540064FF35 /* vsr_templates2.h */ = {isa = PBXFileReference; fileEncoding = 4; lastKnownFileType = sourcecode.c.h; path = vsr_templates2.h; sourceTree = "<group>"; };
		9B76CC7A1628A9540064FF35 /* vsr.h */ = {isa = PBXFileReference; fileEncoding = 4; lastKnownFileType = sourcecode.c.h; path = vsr.h; sourceTree = "<group>"; };
		9B76CC7B1628A9540064FF35 /* vsr_casts.h */ = {isa = PBXFileReference; fileEncoding = 4; lastKnownFileType = sourcecode.c.h; path = vsr_casts.h; sourceTree = "<group>"; };
		9B76CC7C1628A9540064FF35 /* vsr_constants.h */ = {isa = PBXFileReference; fileEncoding = 4; lastKnownFileType = sourcecode.c.h; path = vsr_constants.h; sourceTree = "<group>"; };
		9B76CC7D1628A9540064FF35 /* vsr_gl.h */ = {isa = PBXFileReference; fileEncoding = 4; lastKnownFileType = sourcecode.c.h; path = vsr_gl.h; sourceTree = "<group>"; };
		9B76CC7E1628A9540064FF35 /* vsr_gxlib.h */ = {isa = PBXFileReference; fileEncoding = 4; lastKnownFileType = sourcecode.c.h; path = vsr_gxlib.h; sourceTree = "<group>"; };
		9B76CC7F1628A9540064FF35 /* vsr_math.h */ = {isa = PBXFileReference; fileEncoding = 4; lastKnownFileType = sourcecode.c.h; path = vsr_math.h; sourceTree = "<group>"; };
		9B76CC801628A9540064FF35 /* vsr_matrix.h */ = {isa = PBXFileReference; fileEncoding = 4; lastKnownFileType = sourcecode.c.h; path = vsr_matrix.h; sourceTree = "<group>"; };
		9B76CC811628A9540064FF35 /* vsr_templates.h */ = {isa = PBXFileReference; fileEncoding = 4; lastKnownFileType = sourcecode.c.h; path = vsr_templates.h; sourceTree = "<group>"; };
		9B76CC821628A9540064FF35 /* vsr_typedefs.h */ = {isa = PBXFileReference; fileEncoding = 4; lastKnownFileType = sourcecode.c.h; path = vsr_typedefs.h; sourceTree = "<group>"; };
		9B76CC831628A9540064FF35 /* vsr_types.h */ = {isa = PBXFileReference; fileEncoding = 4; lastKnownFileType = sourcecode.c.h; path = vsr_types.h; sourceTree = "<group>"; };
		9B76CCDF1628AA810064FF35 /* OpGraph */ = {isa = PBXFileReference; explicitFileType = "compiled.mach-o.executable"; includeInIndex = 0; path = OpGraph; sourceTree = BUILT_PRODUCTS_DIR; };
		9B76CCE91628AACF0064FF35 /* test.cpp */ = {isa = PBXFileReference; lastKnownFileType = sourcecode.cpp.cpp; name = test.cpp; path = ../../tests/test.cpp; sourceTree = "<group>"; };
		9B76CCEA1628AACF0064FF35 /* testGL.cpp */ = {isa = PBXFileReference; lastKnownFileType = sourcecode.cpp.cpp; name = testGL.cpp; path = ../../tests/testGL.cpp; sourceTree = "<group>"; };
		9B76CCEB1628AAD00064FF35 /* testGraph.cpp */ = {isa = PBXFileReference; lastKnownFileType = sourcecode.cpp.cpp; name = testGraph.cpp; path = ../../tests/testGraph.cpp; sourceTree = "<group>"; };
		9B76CCF01628AAF00064FF35 /* OpenGL.framework */ = {isa = PBXFileReference; lastKnownFileType = wrapper.framework; name = OpenGL.framework; path = System/Library/Frameworks/OpenGL.framework; sourceTree = SDKROOT; };
		9B76CCF21628AAF70064FF35 /* GLUT.framework */ = {isa = PBXFileReference; lastKnownFileType = wrapper.framework; name = GLUT.framework; path = System/Library/Frameworks/GLUT.framework; sourceTree = SDKROOT; };
		9B76CCF71628ABD30064FF35 /* CMakeLists.txt */ = {isa = PBXFileReference; fileEncoding = 4; lastKnownFileType = text; path = CMakeLists.txt; sourceTree = "<group>"; };
		9B76CCF81628ABD30064FF35 /* COPYING.GL2PS */ = {isa = PBXFileReference; fileEncoding = 4; lastKnownFileType = text; path = COPYING.GL2PS; sourceTree = "<group>"; };
		9B76CCF91628ABD30064FF35 /* COPYING.LGPL */ = {isa = PBXFileReference; fileEncoding = 4; lastKnownFileType = text; path = COPYING.LGPL; sourceTree = "<group>"; };
		9B76CCFA1628ABD30064FF35 /* gl2ps.c */ = {isa = PBXFileReference; fileEncoding = 4; lastKnownFileType = sourcecode.c.c; path = gl2ps.c; sourceTree = "<group>"; };
		9B76CCFB1628ABD30064FF35 /* gl2ps.h */ = {isa = PBXFileReference; fileEncoding = 4; lastKnownFileType = sourcecode.c.h; path = gl2ps.h; sourceTree = "<group>"; };
		9B76CCFC1628ABD30064FF35 /* gl2ps.pdf */ = {isa = PBXFileReference; lastKnownFileType = image.pdf; path = gl2ps.pdf; sourceTree = "<group>"; };
		9B76CCFD1628ABD30064FF35 /* gl2ps.tex */ = {isa = PBXFileReference; fileEncoding = 4; lastKnownFileType = text; path = gl2ps.tex; sourceTree = "<group>"; };
		9B76CCFE1628ABD30064FF35 /* gl2psTest.c */ = {isa = PBXFileReference; fileEncoding = 4; lastKnownFileType = sourcecode.c.c; path = gl2psTest.c; sourceTree = "<group>"; };
		9B76CCFF1628ABD30064FF35 /* gl2psTestSimple.c */ = {isa = PBXFileReference; fileEncoding = 4; lastKnownFileType = sourcecode.c.c; path = gl2psTestSimple.c; sourceTree = "<group>"; };
		9B76CD001628ABD30064FF35 /* README.txt */ = {isa = PBXFileReference; fileEncoding = 4; lastKnownFileType = text; path = README.txt; sourceTree = "<group>"; };
		9B76CD011628ABD30064FF35 /* TODO.txt */ = {isa = PBXFileReference; fileEncoding = 4; lastKnownFileType = text; path = TODO.txt; sourceTree = "<group>"; };
		9B9F32B31631E4830075D685 /* README.md */ = {isa = PBXFileReference; lastKnownFileType = text; name = README.md; path = ../../README.md; sourceTree = "<group>"; };
		9B9F32B51631E48B0075D685 /* INSTALL */ = {isa = PBXFileReference; lastKnownFileType = text; name = INSTALL; path = ../../INSTALL; sourceTree = "<group>"; };
		9B9F32BA1631E8A10075D685 /* DemoBoosts */ = {isa = PBXFileReference; explicitFileType = "compiled.mach-o.executable"; includeInIndex = 0; name = DemoBoosts; path = Hopf; sourceTree = BUILT_PRODUCTS_DIR; };
		9BAFEB66164C80E900CAB97F /* vsr_dynamics.h */ = {isa = PBXFileReference; lastKnownFileType = sourcecode.c.h; path = vsr_dynamics.h; sourceTree = "<group>"; };
		9BAFEB67164C879600CAB97F /* vsr_nestedFrame.h */ = {isa = PBXFileReference; fileEncoding = 4; lastKnownFileType = sourcecode.c.h; path = vsr_nestedFrame.h; sourceTree = "<group>"; };
		9BB108271638836A009F3070 /* Knots */ = {isa = PBXFileReference; explicitFileType = "compiled.mach-o.executable"; includeInIndex = 0; path = Knots; sourceTree = BUILT_PRODUCTS_DIR; };
		9BB10836163883B5009F3070 /* Knots copy */ = {isa = PBXFileReference; explicitFileType = "compiled.mach-o.executable"; includeInIndex = 0; path = "Knots copy"; sourceTree = BUILT_PRODUCTS_DIR; };
		9BB10838163883F7009F3070 /* Knots.cpp */ = {isa = PBXFileReference; fileEncoding = 4; lastKnownFileType = sourcecode.cpp.cpp; name = Knots.cpp; path = ../../examples/Knots.cpp; sourceTree = "<group>"; };
		9BB1083A16388400009F3070 /* Hopf.cpp */ = {isa = PBXFileReference; fileEncoding = 4; lastKnownFileType = sourcecode.cpp.cpp; name = Hopf.cpp; path = ../../examples/Hopf.cpp; sourceTree = "<group>"; };
		9BB1083C1638840A009F3070 /* Curvature.cpp */ = {isa = PBXFileReference; fileEncoding = 4; lastKnownFileType = sourcecode.cpp.cpp; name = Curvature.cpp; path = ../../examples/Curvature.cpp; sourceTree = "<group>"; };
		9BBC39EC164346D500BA5208 /* Makefile */ = {isa = PBXFileReference; lastKnownFileType = sourcecode.make; name = Makefile; path = ../../Makefile; sourceTree = "<group>"; };
		9BBC39ED164346D500BA5208 /* Makefile.common */ = {isa = PBXFileReference; lastKnownFileType = text; name = Makefile.common; path = ../../Makefile.common; sourceTree = "<group>"; };
		9BBC39EE164346D500BA5208 /* Makefile.config */ = {isa = PBXFileReference; lastKnownFileType = text; name = Makefile.config; path = ../../Makefile.config; sourceTree = "<group>"; };
		9BBC39EF164346D500BA5208 /* Makefile.link */ = {isa = PBXFileReference; lastKnownFileType = text; name = Makefile.link; path = ../../Makefile.link; sourceTree = "<group>"; };
		9BBDCA201639FE8B0082FBAE /* vsr_mdraw.h */ = {isa = PBXFileReference; lastKnownFileType = sourcecode.c.h; path = vsr_mdraw.h; sourceTree = "<group>"; };
		9BBDCA35163A1C590082FBAE /* vsr_gl_vattrib.h */ = {isa = PBXFileReference; lastKnownFileType = sourcecode.c.h; path = vsr_gl_vattrib.h; sourceTree = "<group>"; };
		9BBF0AD5163B083B00146CA6 /* col.frag */ = {isa = PBXFileReference; lastKnownFileType = sourcecode.glsl; name = col.frag; path = ../resources/shaders/col.frag; sourceTree = "<group>"; };
		9BBF0AD6163B083B00146CA6 /* pos.vert */ = {isa = PBXFileReference; lastKnownFileType = sourcecode.glsl; name = pos.vert; path = ../resources/shaders/pos.vert; sourceTree = "<group>"; };
		9BBF0B0C163B51E900146CA6 /* vsr_gl_pipeline.h */ = {isa = PBXFileReference; lastKnownFileType = sourcecode.c.h; path = vsr_gl_pipeline.h; sourceTree = "<group>"; };
		9BDA5510164B305C00B74D6F /* vsr_knot.h */ = {isa = PBXFileReference; fileEncoding = 4; lastKnownFileType = sourcecode.c.h; path = vsr_knot.h; sourceTree = "<group>"; };
		9BDA7C1D1636035300A864DC /* Aff.h */ = {isa = PBXFileReference; lastKnownFileType = sourcecode.c.h; path = Aff.h; sourceTree = "<group>"; };
		9BDA7C1E1636035300A864DC /* Afl.h */ = {isa = PBXFileReference; lastKnownFileType = sourcecode.c.h; path = Afl.h; sourceTree = "<group>"; };
		9BDA7C1F1636035300A864DC /* Afp.h */ = {isa = PBXFileReference; lastKnownFileType = sourcecode.c.h; path = Afp.h; sourceTree = "<group>"; };
		9BDA7C201636035300A864DC /* Biv.h */ = {isa = PBXFileReference; lastKnownFileType = sourcecode.c.h; path = Biv.h; sourceTree = "<group>"; };
		9BDA7C211636035300A864DC /* Bst.h */ = {isa = PBXFileReference; lastKnownFileType = sourcecode.c.h; path = Bst.h; sourceTree = "<group>"; };
		9BDA7C221636035300A864DC /* Cir.h */ = {isa = PBXFileReference; lastKnownFileType = sourcecode.c.h; path = Cir.h; sourceTree = "<group>"; };
		9BDA7C231636035300A864DC /* Daf.h */ = {isa = PBXFileReference; lastKnownFileType = sourcecode.c.h; path = Daf.h; sourceTree = "<group>"; };
		9BDA7C241636035300A864DC /* Dal.h */ = {isa = PBXFileReference; lastKnownFileType = sourcecode.c.h; path = Dal.h; sourceTree = "<group>"; };
		9BDA7C251636035300A864DC /* Dap.h */ = {isa = PBXFileReference; lastKnownFileType = sourcecode.c.h; path = Dap.h; sourceTree = "<group>"; };
		9BDA7C261636035300A864DC /* Dfp.h */ = {isa = PBXFileReference; lastKnownFileType = sourcecode.c.h; path = Dfp.h; sourceTree = "<group>"; };
		9BDA7C271636035300A864DC /* Dil.h */ = {isa = PBXFileReference; lastKnownFileType = sourcecode.c.h; path = Dil.h; sourceTree = "<group>"; };
		9BDA7C281636035300A864DC /* Dll.h */ = {isa = PBXFileReference; lastKnownFileType = sourcecode.c.h; path = Dll.h; sourceTree = "<group>"; };
		9BDA7C291636035300A864DC /* Dlp.h */ = {isa = PBXFileReference; lastKnownFileType = sourcecode.c.h; path = Dlp.h; sourceTree = "<group>"; };
		9BDA7C2A1636035300A864DC /* Drb.h */ = {isa = PBXFileReference; lastKnownFileType = sourcecode.c.h; path = Drb.h; sourceTree = "<group>"; };
		9BDA7C2B1636035300A864DC /* Drt.h */ = {isa = PBXFileReference; lastKnownFileType = sourcecode.c.h; path = Drt.h; sourceTree = "<group>"; };
		9BDA7C2C1636035300A864DC /* Drv.h */ = {isa = PBXFileReference; lastKnownFileType = sourcecode.c.h; path = Drv.h; sourceTree = "<group>"; };
		9BDA7C2D1636035300A864DC /* Flp.h */ = {isa = PBXFileReference; lastKnownFileType = sourcecode.c.h; path = Flp.h; sourceTree = "<group>"; };
		9BDA7C2E1636035300A864DC /* Hyp.h */ = {isa = PBXFileReference; lastKnownFileType = sourcecode.c.h; path = Hyp.h; sourceTree = "<group>"; };
		9BDA7C2F1636035300A864DC /* Inf.h */ = {isa = PBXFileReference; lastKnownFileType = sourcecode.c.h; path = Inf.h; sourceTree = "<group>"; };
		9BDA7C301636035300A864DC /* Lin.h */ = {isa = PBXFileReference; lastKnownFileType = sourcecode.c.h; path = Lin.h; sourceTree = "<group>"; };
		9BDA7C311636035300A864DC /* Mnk.h */ = {isa = PBXFileReference; lastKnownFileType = sourcecode.c.h; path = Mnk.h; sourceTree = "<group>"; };
		9BDA7C321636035300A864DC /* Mnv.h */ = {isa = PBXFileReference; lastKnownFileType = sourcecode.c.h; path = Mnv.h; sourceTree = "<group>"; };
		9BDA7C331636035300A864DC /* Mot.h */ = {isa = PBXFileReference; lastKnownFileType = sourcecode.c.h; path = Mot.h; sourceTree = "<group>"; };
		9BDA7C341636035300A864DC /* Mtd.h */ = {isa = PBXFileReference; lastKnownFileType = sourcecode.c.h; path = Mtd.h; sourceTree = "<group>"; };
		9BDA7C351636035300A864DC /* Mtt.h */ = {isa = PBXFileReference; lastKnownFileType = sourcecode.c.h; path = Mtt.h; sourceTree = "<group>"; };
		9BDA7C361636035300A864DC /* Ori.h */ = {isa = PBXFileReference; lastKnownFileType = sourcecode.c.h; path = Ori.h; sourceTree = "<group>"; };
		9BDA7C371636035300A864DC /* Par.h */ = {isa = PBXFileReference; lastKnownFileType = sourcecode.c.h; path = Par.h; sourceTree = "<group>"; };
		9BDA7C381636035300A864DC /* Pln.h */ = {isa = PBXFileReference; lastKnownFileType = sourcecode.c.h; path = Pln.h; sourceTree = "<group>"; };
		9BDA7C391636035300A864DC /* Pnt.h */ = {isa = PBXFileReference; lastKnownFileType = sourcecode.c.h; path = Pnt.h; sourceTree = "<group>"; };
		9BDA7C3A1636035300A864DC /* Pss.h */ = {isa = PBXFileReference; lastKnownFileType = sourcecode.c.h; path = Pss.h; sourceTree = "<group>"; };
		9BDA7C3B1636035300A864DC /* Rot.h */ = {isa = PBXFileReference; lastKnownFileType = sourcecode.c.h; path = Rot.h; sourceTree = "<group>"; };
		9BDA7C3C1636035300A864DC /* Rtc.h */ = {isa = PBXFileReference; lastKnownFileType = sourcecode.c.h; path = Rtc.h; sourceTree = "<group>"; };
		9BDA7C3D1636035300A864DC /* Rtd.h */ = {isa = PBXFileReference; lastKnownFileType = sourcecode.c.h; path = Rtd.h; sourceTree = "<group>"; };
		9BDA7C3E1636035300A864DC /* Rtt.h */ = {isa = PBXFileReference; lastKnownFileType = sourcecode.c.h; path = Rtt.h; sourceTree = "<group>"; };
		9BDA7C3F1636035300A864DC /* Rvd.h */ = {isa = PBXFileReference; lastKnownFileType = sourcecode.c.h; path = Rvd.h; sourceTree = "<group>"; };
		9BDA7C401636035300A864DC /* Sca.h */ = {isa = PBXFileReference; lastKnownFileType = sourcecode.c.h; path = Sca.h; sourceTree = "<group>"; };
		9BDA7C411636035300A864DC /* Sph.h */ = {isa = PBXFileReference; lastKnownFileType = sourcecode.c.h; path = Sph.h; sourceTree = "<group>"; };
		9BDA7C421636035300A864DC /* Sta.h */ = {isa = PBXFileReference; lastKnownFileType = sourcecode.c.h; path = Sta.h; sourceTree = "<group>"; };
		9BDA7C431636035300A864DC /* Tnb.h */ = {isa = PBXFileReference; lastKnownFileType = sourcecode.c.h; path = Tnb.h; sourceTree = "<group>"; };
		9BDA7C441636035300A864DC /* Tnt.h */ = {isa = PBXFileReference; lastKnownFileType = sourcecode.c.h; path = Tnt.h; sourceTree = "<group>"; };
		9BDA7C451636035300A864DC /* Tnv.h */ = {isa = PBXFileReference; lastKnownFileType = sourcecode.c.h; path = Tnv.h; sourceTree = "<group>"; };
		9BDA7C461636035300A864DC /* Tri.h */ = {isa = PBXFileReference; lastKnownFileType = sourcecode.c.h; path = Tri.h; sourceTree = "<group>"; };
		9BDA7C471636035300A864DC /* Trs.h */ = {isa = PBXFileReference; lastKnownFileType = sourcecode.c.h; path = Trs.h; sourceTree = "<group>"; };
		9BDA7C481636035300A864DC /* Trt.h */ = {isa = PBXFileReference; lastKnownFileType = sourcecode.c.h; path = Trt.h; sourceTree = "<group>"; };
		9BDA7C491636035300A864DC /* Trv.h */ = {isa = PBXFileReference; lastKnownFileType = sourcecode.c.h; path = Trv.h; sourceTree = "<group>"; };
		9BDA7C4A1636035300A864DC /* Tsd.h */ = {isa = PBXFileReference; lastKnownFileType = sourcecode.c.h; path = Tsd.h; sourceTree = "<group>"; };
		9BDA7C4B1636035300A864DC /* Tst.h */ = {isa = PBXFileReference; lastKnownFileType = sourcecode.c.h; path = Tst.h; sourceTree = "<group>"; };
		9BDA7C4C1636035300A864DC /* Tvd.h */ = {isa = PBXFileReference; lastKnownFileType = sourcecode.c.h; path = Tvd.h; sourceTree = "<group>"; };
		9BDA7C4D1636035300A864DC /* Tvt.h */ = {isa = PBXFileReference; lastKnownFileType = sourcecode.c.h; path = Tvt.h; sourceTree = "<group>"; };
		9BDA7C4E1636035300A864DC /* Vec.h */ = {isa = PBXFileReference; lastKnownFileType = sourcecode.c.h; path = Vec.h; sourceTree = "<group>"; };
		9BDA7C4F1636035300A864DC /* versorFuncs.h */ = {isa = PBXFileReference; lastKnownFileType = sourcecode.c.h; path = versorFuncs.h; sourceTree = "<group>"; };
		9BDA7C501636035300A864DC /* vsr_AlloInterfaceImpl.h */ = {isa = PBXFileReference; lastKnownFileType = sourcecode.c.h; path = vsr_AlloInterfaceImpl.h; sourceTree = "<group>"; };
		9BDA7C511636035300A864DC /* vsr_boost.h */ = {isa = PBXFileReference; lastKnownFileType = sourcecode.c.h; path = vsr_boost.h; sourceTree = "<group>"; };
		9BDA7C521636035300A864DC /* vsr_camera.h */ = {isa = PBXFileReference; lastKnownFileType = sourcecode.c.h; path = vsr_camera.h; sourceTree = "<group>"; };
		9BDA7C531636035300A864DC /* vsr_chain.h */ = {isa = PBXFileReference; lastKnownFileType = sourcecode.c.h; path = vsr_chain.h; sourceTree = "<group>"; };
		9BDA7C541636035300A864DC /* vsr_draw.h */ = {isa = PBXFileReference; lastKnownFileType = sourcecode.c.h; path = vsr_draw.h; sourceTree = "<group>"; };
		9BDA7C551636035300A864DC /* vsr_drawable.h */ = {isa = PBXFileReference; lastKnownFileType = sourcecode.c.h; path = vsr_drawable.h; sourceTree = "<group>"; };
		9BDA7C561636035300A864DC /* vsr_exptemp.h */ = {isa = PBXFileReference; lastKnownFileType = sourcecode.c.h; path = vsr_exptemp.h; sourceTree = "<group>"; };
		9BDA7C571636035300A864DC /* vsr_frame.h */ = {isa = PBXFileReference; lastKnownFileType = sourcecode.c.h; path = vsr_frame.h; sourceTree = "<group>"; };
		9BDA7C581636035300A864DC /* vsr_gfxmatrix.h */ = {isa = PBXFileReference; lastKnownFileType = sourcecode.c.h; path = vsr_gfxmatrix.h; sourceTree = "<group>"; };
		9BDA7C591636035300A864DC /* vsr_gl_fbo.h */ = {isa = PBXFileReference; lastKnownFileType = sourcecode.c.h; path = vsr_gl_fbo.h; sourceTree = "<group>"; };
		9BDA7C5A1636035300A864DC /* vsr_gl_material.h */ = {isa = PBXFileReference; lastKnownFileType = sourcecode.c.h; path = vsr_gl_material.h; sourceTree = "<group>"; };
		9BDA7C5B1636035300A864DC /* vsr_gl_pbo.h */ = {isa = PBXFileReference; lastKnownFileType = sourcecode.c.h; path = vsr_gl_pbo.h; sourceTree = "<group>"; };
		9BDA7C5C1636035300A864DC /* vsr_gl_shader_util.h */ = {isa = PBXFileReference; lastKnownFileType = sourcecode.c.h; path = vsr_gl_shader_util.h; sourceTree = "<group>"; };
		9BDA7C5D1636035300A864DC /* vsr_gl_shader.h */ = {isa = PBXFileReference; lastKnownFileType = sourcecode.c.h; path = vsr_gl_shader.h; sourceTree = "<group>"; };
		9BDA7C5E1636035300A864DC /* vsr_gl_texture.h */ = {isa = PBXFileReference; lastKnownFileType = sourcecode.c.h; path = vsr_gl_texture.h; sourceTree = "<group>"; };
		9BDA7C5F1636035300A864DC /* vsr_gl_vao.h */ = {isa = PBXFileReference; lastKnownFileType = sourcecode.c.h; path = vsr_gl_vao.h; sourceTree = "<group>"; };
		9BDA7C611636035300A864DC /* vsr_gl_vbo.h */ = {isa = PBXFileReference; lastKnownFileType = sourcecode.c.h; path = vsr_gl_vbo.h; sourceTree = "<group>"; };
		9BDA7C621636035300A864DC /* vsr_GLVInterfaceImpl.h */ = {isa = PBXFileReference; lastKnownFileType = sourcecode.c.h; path = vsr_GLVInterfaceImpl.h; sourceTree = "<group>"; };
		9BDA7C631636035300A864DC /* vsr_glyph.h */ = {isa = PBXFileReference; lastKnownFileType = sourcecode.c.h; path = vsr_glyph.h; sourceTree = "<group>"; };
		9BDA7C641636035300A864DC /* vsr_gui.hpp */ = {isa = PBXFileReference; lastKnownFileType = sourcecode.cpp.h; path = vsr_gui.hpp; sourceTree = "<group>"; };
		9BDA7C651636035300A864DC /* vsr_interface.h */ = {isa = PBXFileReference; lastKnownFileType = sourcecode.c.h; path = vsr_interface.h; sourceTree = "<group>"; };
		9BDA7C661636035300A864DC /* vsr_interp.h */ = {isa = PBXFileReference; lastKnownFileType = sourcecode.c.h; path = vsr_interp.h; sourceTree = "<group>"; };
		9BDA7C671636035300A864DC /* vsr_lattice.h */ = {isa = PBXFileReference; lastKnownFileType = sourcecode.c.h; path = vsr_lattice.h; sourceTree = "<group>"; };
		9BDA7C681636035300A864DC /* vsr_mesh.h */ = {isa = PBXFileReference; lastKnownFileType = sourcecode.c.h; path = vsr_mesh.h; sourceTree = "<group>"; };
		9BDA7C691636035300A864DC /* vsr_motor.h */ = {isa = PBXFileReference; lastKnownFileType = sourcecode.c.h; path = vsr_motor.h; sourceTree = "<group>"; };
		9BDA7C6A1636035300A864DC /* vsr_mv.h */ = {isa = PBXFileReference; lastKnownFileType = sourcecode.c.h; path = vsr_mv.h; sourceTree = "<group>"; };
		9BDA7C6B1636035300A864DC /* vsr_op.h */ = {isa = PBXFileReference; lastKnownFileType = sourcecode.c.h; path = vsr_op.h; sourceTree = "<group>"; };
		9BDA7C6C1636035300A864DC /* vsr_optics.h */ = {isa = PBXFileReference; lastKnownFileType = sourcecode.c.h; path = vsr_optics.h; sourceTree = "<group>"; };
		9BDA7C6D1636035300A864DC /* vsr_set.h */ = {isa = PBXFileReference; lastKnownFileType = sourcecode.c.h; path = vsr_set.h; sourceTree = "<group>"; };
		9BDA7C6E1636037800A864DC /* vsr_camera.cpp */ = {isa = PBXFileReference; fileEncoding = 4; lastKnownFileType = sourcecode.cpp.cpp; path = vsr_camera.cpp; sourceTree = "<group>"; };
		9BDA7C701636037800A864DC /* vsr_draw.cpp */ = {isa = PBXFileReference; fileEncoding = 4; lastKnownFileType = sourcecode.cpp.cpp; path = vsr_draw.cpp; sourceTree = "<group>"; };
		9BDA7C711636037800A864DC /* vsr_frame.cpp */ = {isa = PBXFileReference; fileEncoding = 4; lastKnownFileType = sourcecode.cpp.cpp; path = vsr_frame.cpp; sourceTree = "<group>"; };
		9BDA7C721636037800A864DC /* vsr_gl_fbo.cpp */ = {isa = PBXFileReference; fileEncoding = 4; lastKnownFileType = sourcecode.cpp.cpp; path = vsr_gl_fbo.cpp; sourceTree = "<group>"; };
		9BDA7C731636037800A864DC /* vsr_gl_material.cpp */ = {isa = PBXFileReference; fileEncoding = 4; lastKnownFileType = sourcecode.cpp.cpp; path = vsr_gl_material.cpp; sourceTree = "<group>"; };
		9BDA7C741636037800A864DC /* vsr_gl_pbo.cpp */ = {isa = PBXFileReference; fileEncoding = 4; lastKnownFileType = sourcecode.cpp.cpp; path = vsr_gl_pbo.cpp; sourceTree = "<group>"; };
		9BDA7C751636037800A864DC /* vsr_gl_shader.cpp */ = {isa = PBXFileReference; fileEncoding = 4; lastKnownFileType = sourcecode.cpp.cpp; path = vsr_gl_shader.cpp; sourceTree = "<group>"; };
		9BDA7C761636037800A864DC /* vsr_gl_texture.cpp */ = {isa = PBXFileReference; fileEncoding = 4; lastKnownFileType = sourcecode.cpp.cpp; path = vsr_gl_texture.cpp; sourceTree = "<group>"; };
		9BDA7C771636037800A864DC /* vsr_gl_vao.cpp */ = {isa = PBXFileReference; fileEncoding = 4; lastKnownFileType = sourcecode.cpp.cpp; path = vsr_gl_vao.cpp; sourceTree = "<group>"; };
		9BDA7C7A1636037800A864DC /* vsr_interface.cpp */ = {isa = PBXFileReference; fileEncoding = 4; lastKnownFileType = sourcecode.cpp.cpp; path = vsr_interface.cpp; sourceTree = "<group>"; };
		9BDA7C7B1636037800A864DC /* vsr_lattice.cpp */ = {isa = PBXFileReference; fileEncoding = 4; lastKnownFileType = sourcecode.cpp.cpp; path = vsr_lattice.cpp; sourceTree = "<group>"; };
		9BDA7C7C1636037800A864DC /* vsr_mv.cpp */ = {isa = PBXFileReference; fileEncoding = 4; lastKnownFileType = sourcecode.cpp.cpp; path = vsr_mv.cpp; sourceTree = "<group>"; };
		9BDA7C8C1636068200A864DC /* vsr_file.cpp */ = {isa = PBXFileReference; fileEncoding = 4; lastKnownFileType = sourcecode.cpp.cpp; path = vsr_file.cpp; sourceTree = "<group>"; };
		9BDA7C8E1636068E00A864DC /* vsr_file.h */ = {isa = PBXFileReference; lastKnownFileType = sourcecode.c.h; path = vsr_file.h; sourceTree = "<group>"; };
		9BDA7C9316360BD200A864DC /* vsr_vertex.h */ = {isa = PBXFileReference; lastKnownFileType = sourcecode.c.h; path = vsr_vertex.h; sourceTree = "<group>"; };
		9BDA7C9416360E3700A864DC /* vsr_mglyph.h */ = {isa = PBXFileReference; fileEncoding = 4; lastKnownFileType = sourcecode.c.h; path = vsr_mglyph.h; sourceTree = "<group>"; };
		9BF7814C1652D66D00AB3AAF /* vsr_constraint.h */ = {isa = PBXFileReference; fileEncoding = 4; lastKnownFileType = sourcecode.c.h; path = vsr_constraint.h; sourceTree = "<group>"; };
/* End PBXFileReference section */

/* Begin PBXFrameworksBuildPhase section */
		9B0C7568162C9B9C0037F835 /* Frameworks */ = {
			isa = PBXFrameworksBuildPhase;
			buildActionMask = 2147483647;
			files = (
				9B0C7579162C9BB70037F835 /* libvsr.a in Frameworks */,
				9B0C7578162C9BB40037F835 /* OpenGL.framework in Frameworks */,
				9B0C7577162C9BAD0037F835 /* GLUT.framework in Frameworks */,
			);
			runOnlyForDeploymentPostprocessing = 0;
		};
		9B25299A162DF3E500DD9FC2 /* Frameworks */ = {
			isa = PBXFrameworksBuildPhase;
			buildActionMask = 2147483647;
			files = (
				9B2529AE162DF44900DD9FC2 /* libvsr.a in Frameworks */,
				9B2529AD162DF44300DD9FC2 /* libGLV.a in Frameworks */,
				9B2529AB162DF43400DD9FC2 /* GLUT.framework in Frameworks */,
				9B2529AA162DF42800DD9FC2 /* OpenGL.framework in Frameworks */,
			);
			runOnlyForDeploymentPostprocessing = 0;
		};
		9B58902A1641A69B0096B491 /* Frameworks */ = {
			isa = PBXFrameworksBuildPhase;
			buildActionMask = 2147483647;
			files = (
				9B58902B1641A69B0096B491 /* OpenGL.framework in Frameworks */,
				9B58902C1641A69B0096B491 /* GLUT.framework in Frameworks */,
				9B58902D1641A69B0096B491 /* libGLV.a in Frameworks */,
				9B58902E1641A69B0096B491 /* libvsr.a in Frameworks */,
			);
			runOnlyForDeploymentPostprocessing = 0;
		};
		9B5C460616445FBE003BF1B2 /* Frameworks */ = {
			isa = PBXFrameworksBuildPhase;
			buildActionMask = 2147483647;
			files = (
				9B5C461D16446392003BF1B2 /* libapr-1.dylib in Frameworks */,
				9B5C461E16446392003BF1B2 /* libaprutil-1.dylib in Frameworks */,
				9B5C460716445FBE003BF1B2 /* OpenGL.framework in Frameworks */,
				9B5C460816445FBE003BF1B2 /* GLUT.framework in Frameworks */,
				9B5C460A16445FBE003BF1B2 /* libvsr.a in Frameworks */,
				9B5C4621164463E1003BF1B2 /* Foundation.framework in Frameworks */,
				9B5C461A16446305003BF1B2 /* liballocore.a in Frameworks */,
				9BAFEB65164C4FD400CAB97F /* libGLV.a in Frameworks */,
			);
			runOnlyForDeploymentPostprocessing = 0;
		};
		9B68013A163F349E004A850F /* Frameworks */ = {
			isa = PBXFrameworksBuildPhase;
			buildActionMask = 2147483647;
			files = (
				9B68013B163F349E004A850F /* OpenGL.framework in Frameworks */,
				9B68013C163F349E004A850F /* GLUT.framework in Frameworks */,
				9B68013D163F349E004A850F /* libGLV.a in Frameworks */,
				9B68013E163F349E004A850F /* libvsr.a in Frameworks */,
			);
			runOnlyForDeploymentPostprocessing = 0;
		};
		9B76CC101628A9390064FF35 /* Frameworks */ = {
			isa = PBXFrameworksBuildPhase;
			buildActionMask = 2147483647;
			files = (
			);
			runOnlyForDeploymentPostprocessing = 0;
		};
		9B76CC211628A9440064FF35 /* Frameworks */ = {
			isa = PBXFrameworksBuildPhase;
			buildActionMask = 2147483647;
			files = (
			);
			runOnlyForDeploymentPostprocessing = 0;
		};
		9B76CCDC1628AA810064FF35 /* Frameworks */ = {
			isa = PBXFrameworksBuildPhase;
			buildActionMask = 2147483647;
			files = (
				9B76CCED1628AAE00064FF35 /* libvsr.a in Frameworks */,
				9B76CCF31628AAF70064FF35 /* GLUT.framework in Frameworks */,
				9B76CCF11628AAF10064FF35 /* OpenGL.framework in Frameworks */,
			);
			runOnlyForDeploymentPostprocessing = 0;
		};
		9B9F32B71631E8A10075D685 /* Frameworks */ = {
			isa = PBXFrameworksBuildPhase;
			buildActionMask = 2147483647;
			files = (
				9B9F32C71631E8E20075D685 /* OpenGL.framework in Frameworks */,
				9B9F32C51631E8BE0075D685 /* GLUT.framework in Frameworks */,
				9B9F32C61631E8CF0075D685 /* libGLV.a in Frameworks */,
				9B9F32C41631E8B50075D685 /* libvsr.a in Frameworks */,
			);
			runOnlyForDeploymentPostprocessing = 0;
		};
		9BB1081E1638836A009F3070 /* Frameworks */ = {
			isa = PBXFrameworksBuildPhase;
			buildActionMask = 2147483647;
			files = (
				9BB1081F1638836A009F3070 /* OpenGL.framework in Frameworks */,
				9BB108201638836A009F3070 /* GLUT.framework in Frameworks */,
				9BB108211638836A009F3070 /* libGLV.a in Frameworks */,
				9BB108221638836A009F3070 /* libvsr.a in Frameworks */,
			);
			runOnlyForDeploymentPostprocessing = 0;
		};
		9BB1082D163883B5009F3070 /* Frameworks */ = {
			isa = PBXFrameworksBuildPhase;
			buildActionMask = 2147483647;
			files = (
				9BB1082E163883B5009F3070 /* OpenGL.framework in Frameworks */,
				9BB1082F163883B5009F3070 /* GLUT.framework in Frameworks */,
				9BB10830163883B5009F3070 /* libGLV.a in Frameworks */,
				9BB10831163883B5009F3070 /* libvsr.a in Frameworks */,
			);
			runOnlyForDeploymentPostprocessing = 0;
		};
/* End PBXFrameworksBuildPhase section */

/* Begin PBXGroup section */
		9B5C461F164463A1003BF1B2 /* lib */ = {
			isa = PBXGroup;
			children = (
				9B5C4620164463E1003BF1B2 /* Foundation.framework */,
				9B5C461B16446392003BF1B2 /* libapr-1.dylib */,
				9B5C461C16446392003BF1B2 /* libaprutil-1.dylib */,
				9B2529AC162DF44300DD9FC2 /* libGLV.a */,
				9B5C461916446305003BF1B2 /* liballocore.a */,
				9B76CCF21628AAF70064FF35 /* GLUT.framework */,
				9B76CCF01628AAF00064FF35 /* OpenGL.framework */,
			);
			name = lib;
			sourceTree = "<group>";
		};
		9B76CC081628A9380064FF35 = {
			isa = PBXGroup;
			children = (
				9B5C461F164463A1003BF1B2 /* lib */,
				9B5C46171644607F003BF1B2 /* Allo.cpp */,
				9BBC39EC164346D500BA5208 /* Makefile */,
				9BBC39ED164346D500BA5208 /* Makefile.common */,
				9BBC39EE164346D500BA5208 /* Makefile.config */,
				9B58903B1641A6D90096B491 /* Meet.cpp */,
				9B68014A163F34D1004A850F /* Graphics.cpp */,
				9B76CCE91628AACF0064FF35 /* test.cpp */,
				9B76CCEA1628AACF0064FF35 /* testGL.cpp */,
				9B76CCEB1628AAD00064FF35 /* testGraph.cpp */,
				9B0C757B162C9BDF0037F835 /* DemoAgacse.cpp */,
				9BBC39EF164346D500BA5208 /* Makefile.link */,
				9B2529A8162DF41F00DD9FC2 /* DemoMotors.cpp */,
				9BB10838163883F7009F3070 /* Knots.cpp */,
				9BB1083A16388400009F3070 /* Hopf.cpp */,
				9BB1083C1638840A009F3070 /* Curvature.cpp */,
				9B0C757D162C9C5E0037F835 /* vsr_tests.h */,
				9B9F32B31631E4830075D685 /* README.md */,
				9B9F32B51631E48B0075D685 /* INSTALL */,
				9B456BB51640B261008E5EA2 /* To Do */,
				9B76CC161628A9390064FF35 /* Versor */,
				9B76CCF61628ABD30064FF35 /* gl2ps */,
				9B76CC141628A9390064FF35 /* Products */,
				9B76CC281628A9540064FF35 /* src */,
				9B76CC321628A9540064FF35 /* VSR */,
			);
			sourceTree = "<group>";
		};
		9B76CC141628A9390064FF35 /* Products */ = {
			isa = PBXGroup;
			children = (
				9B76CC131628A9390064FF35 /* Versor */,
				9B76CC241628A9440064FF35 /* libvsr.a */,
				9B76CCDF1628AA810064FF35 /* OpGraph */,
				9B0C756B162C9B9C0037F835 /* DemoAgacse */,
				9B25299D162DF3E500DD9FC2 /* DemoMotors */,
				9B9F32BA1631E8A10075D685 /* DemoBoosts */,
				9BB108271638836A009F3070 /* Knots */,
				9BB10836163883B5009F3070 /* Knots copy */,
				9B680148163F349E004A850F /* Knots copy */,
				9B5890381641A69B0096B491 /* Graphics copy */,
				9B5C461416445FBE003BF1B2 /* Allo */,
			);
			name = Products;
			sourceTree = "<group>";
		};
		9B76CC161628A9390064FF35 /* Versor */ = {
			isa = PBXGroup;
			children = (
				9B76CC171628A9390064FF35 /* main.cpp */,
				9B76CC191628A9390064FF35 /* Versor.1 */,
			);
			path = Versor;
			sourceTree = "<group>";
		};
		9B76CC281628A9540064FF35 /* src */ = {
			isa = PBXGroup;
			children = (
				9BDA7C6E1636037800A864DC /* vsr_camera.cpp */,
				9BDA7C701636037800A864DC /* vsr_draw.cpp */,
				9BDA7C711636037800A864DC /* vsr_frame.cpp */,
				9B76CC301628A9540064FF35 /* vsr_gl.cpp */,
				9BDA7C721636037800A864DC /* vsr_gl_fbo.cpp */,
				9BDA7C731636037800A864DC /* vsr_gl_material.cpp */,
				9BDA7C741636037800A864DC /* vsr_gl_pbo.cpp */,
				9BDA7C751636037800A864DC /* vsr_gl_shader.cpp */,
				9BDA7C761636037800A864DC /* vsr_gl_texture.cpp */,
				9BDA7C771636037800A864DC /* vsr_gl_vao.cpp */,
				9BDA7C7A1636037800A864DC /* vsr_interface.cpp */,
				9BDA7C7B1636037800A864DC /* vsr_lattice.cpp */,
				9BDA7C7C1636037800A864DC /* vsr_mv.cpp */,
				9BDA7C8C1636068200A864DC /* vsr_file.cpp */,
				9B76CC2A1628A9540064FF35 /* deprecated */,
			);
			name = src;
			path = ../../src;
			sourceTree = "<group>";
		};
		9B76CC2A1628A9540064FF35 /* deprecated */ = {
			isa = PBXGroup;
			children = (
				9B76CC2B1628A9540064FF35 /* MVBase.cpp */,
			);
			path = deprecated;
			sourceTree = "<group>";
		};
		9B76CC321628A9540064FF35 /* VSR */ = {
			isa = PBXGroup;
			children = (
				9BAFEB66164C80E900CAB97F /* vsr_dynamics.h */,
				9BDA7C1C1636035300A864DC /* Elements */,
				9BDA7C501636035300A864DC /* vsr_AlloInterfaceImpl.h */,
				9BDA7C621636035300A864DC /* vsr_GLVInterfaceImpl.h */,
				9B5C462216449A7F003BF1B2 /* vsr_allovsr.h */,
				9BDA7C511636035300A864DC /* vsr_boost.h */,
				9B456BB71640C2BB008E5EA2 /* vsr_stat.h */,
				9BDA5510164B305C00B74D6F /* vsr_knot.h */,
				9BBDCA34163A0E570082FBAE /* GFX */,
				9BDA7C651636035300A864DC /* vsr_interface.h */,
				9BDA7C531636035300A864DC /* vsr_chain.h */,
				9BF7814C1652D66D00AB3AAF /* vsr_constraint.h */,
				9BDA7C561636035300A864DC /* vsr_exptemp.h */,
				9BDA7C8E1636068E00A864DC /* vsr_file.h */,
				9BDA7C571636035300A864DC /* vsr_frame.h */,
				9BAFEB67164C879600CAB97F /* vsr_nestedFrame.h */,
				9BDA7C661636035300A864DC /* vsr_interp.h */,
				9BDA7C671636035300A864DC /* vsr_lattice.h */,
				9BDA7C681636035300A864DC /* vsr_mesh.h */,
				9BDA7C691636035300A864DC /* vsr_motor.h */,
				9BDA7C6A1636035300A864DC /* vsr_mv.h */,
				9BDA7C6B1636035300A864DC /* vsr_op.h */,
				9BDA7C6C1636035300A864DC /* vsr_optics.h */,
				9BDA7C6D1636035300A864DC /* vsr_set.h */,
				9B76CC7A1628A9540064FF35 /* vsr.h */,
				9B76CC7B1628A9540064FF35 /* vsr_casts.h */,
				9B76CC7C1628A9540064FF35 /* vsr_constants.h */,
				9B76CC7E1628A9540064FF35 /* vsr_gxlib.h */,
				9B76CC7F1628A9540064FF35 /* vsr_math.h */,
				9B76CC801628A9540064FF35 /* vsr_matrix.h */,
				9B76CC811628A9540064FF35 /* vsr_templates.h */,
				9B76CC821628A9540064FF35 /* vsr_typedefs.h */,
				9B76CC831628A9540064FF35 /* vsr_types.h */,
				9BDA7C9316360BD200A864DC /* vsr_vertex.h */,
				9B76CC351628A9540064FF35 /* deprecated */,
			);
			name = VSR;
			path = ../../VSR;
			sourceTree = "<group>";
		};
		9B76CC351628A9540064FF35 /* deprecated */ = {
			isa = PBXGroup;
			children = (
				9B76CC361628A9540064FF35 /* MVBase.h */,
				9B76CC371628A9540064FF35 /* vsr_instantiation.cpp */,
				9B76CC381628A9540064FF35 /* vsr_templates2.h */,
			);
			path = deprecated;
			sourceTree = "<group>";
		};
		9B76CCF61628ABD30064FF35 /* gl2ps */ = {
			isa = PBXGroup;
			children = (
				9B76CCF71628ABD30064FF35 /* CMakeLists.txt */,
				9B76CCF81628ABD30064FF35 /* COPYING.GL2PS */,
				9B76CCF91628ABD30064FF35 /* COPYING.LGPL */,
				9B76CCFA1628ABD30064FF35 /* gl2ps.c */,
				9B76CCFB1628ABD30064FF35 /* gl2ps.h */,
				9B76CCFC1628ABD30064FF35 /* gl2ps.pdf */,
				9B76CCFD1628ABD30064FF35 /* gl2ps.tex */,
				9B76CCFE1628ABD30064FF35 /* gl2psTest.c */,
				9B76CCFF1628ABD30064FF35 /* gl2psTestSimple.c */,
				9B76CD001628ABD30064FF35 /* README.txt */,
				9B76CD011628ABD30064FF35 /* TODO.txt */,
			);
			name = gl2ps;
			path = ../../externals/gl2ps;
			sourceTree = "<group>";
		};
		9BBDCA34163A0E570082FBAE /* GFX */ = {
			isa = PBXGroup;
			children = (
				9BBF0AD3163B082400146CA6 /* Shaders */,
				9B76CC7D1628A9540064FF35 /* vsr_gl.h */,
				9BDA7C521636035300A864DC /* vsr_camera.h */,
				9BDA7C541636035300A864DC /* vsr_draw.h */,
				9BBDCA201639FE8B0082FBAE /* vsr_mdraw.h */,
				9BDA7C551636035300A864DC /* vsr_drawable.h */,
				9B0C757E162C9F580037F835 /* vsr_gfxdata.h */,
				9BDA7C581636035300A864DC /* vsr_gfxmatrix.h */,
				9BDA7C591636035300A864DC /* vsr_gl_fbo.h */,
				9BBF0B0C163B51E900146CA6 /* vsr_gl_pipeline.h */,
				9BDA7C5A1636035300A864DC /* vsr_gl_material.h */,
				9BDA7C5B1636035300A864DC /* vsr_gl_pbo.h */,
				9BDA7C5C1636035300A864DC /* vsr_gl_shader_util.h */,
				9BDA7C5D1636035300A864DC /* vsr_gl_shader.h */,
				9BDA7C5E1636035300A864DC /* vsr_gl_texture.h */,
				9BDA7C5F1636035300A864DC /* vsr_gl_vao.h */,
				9BBDCA35163A1C590082FBAE /* vsr_gl_vattrib.h */,
				9BDA7C611636035300A864DC /* vsr_gl_vbo.h */,
				9BDA7C631636035300A864DC /* vsr_glyph.h */,
				9BDA7C9416360E3700A864DC /* vsr_mglyph.h */,
				9BDA7C641636035300A864DC /* vsr_gui.hpp */,
			);
			name = GFX;
			sourceTree = "<group>";
		};
		9BBF0AD3163B082400146CA6 /* Shaders */ = {
			isa = PBXGroup;
			children = (
				9BBF0AD5163B083B00146CA6 /* col.frag */,
				9BBF0AD6163B083B00146CA6 /* pos.vert */,
			);
			name = Shaders;
			sourceTree = "<group>";
		};
		9BDA7C1C1636035300A864DC /* Elements */ = {
			isa = PBXGroup;
			children = (
				9BDA7C1D1636035300A864DC /* Aff.h */,
				9BDA7C1E1636035300A864DC /* Afl.h */,
				9BDA7C1F1636035300A864DC /* Afp.h */,
				9BDA7C201636035300A864DC /* Biv.h */,
				9BDA7C211636035300A864DC /* Bst.h */,
				9BDA7C221636035300A864DC /* Cir.h */,
				9BDA7C231636035300A864DC /* Daf.h */,
				9BDA7C241636035300A864DC /* Dal.h */,
				9BDA7C251636035300A864DC /* Dap.h */,
				9BDA7C261636035300A864DC /* Dfp.h */,
				9BDA7C271636035300A864DC /* Dil.h */,
				9BDA7C281636035300A864DC /* Dll.h */,
				9BDA7C291636035300A864DC /* Dlp.h */,
				9BDA7C2A1636035300A864DC /* Drb.h */,
				9BDA7C2B1636035300A864DC /* Drt.h */,
				9BDA7C2C1636035300A864DC /* Drv.h */,
				9BDA7C2D1636035300A864DC /* Flp.h */,
				9BDA7C2E1636035300A864DC /* Hyp.h */,
				9BDA7C2F1636035300A864DC /* Inf.h */,
				9BDA7C301636035300A864DC /* Lin.h */,
				9BDA7C311636035300A864DC /* Mnk.h */,
				9BDA7C321636035300A864DC /* Mnv.h */,
				9BDA7C331636035300A864DC /* Mot.h */,
				9BDA7C341636035300A864DC /* Mtd.h */,
				9BDA7C351636035300A864DC /* Mtt.h */,
				9BDA7C361636035300A864DC /* Ori.h */,
				9BDA7C371636035300A864DC /* Par.h */,
				9BDA7C381636035300A864DC /* Pln.h */,
				9BDA7C391636035300A864DC /* Pnt.h */,
				9BDA7C3A1636035300A864DC /* Pss.h */,
				9BDA7C3B1636035300A864DC /* Rot.h */,
				9BDA7C3C1636035300A864DC /* Rtc.h */,
				9BDA7C3D1636035300A864DC /* Rtd.h */,
				9BDA7C3E1636035300A864DC /* Rtt.h */,
				9BDA7C3F1636035300A864DC /* Rvd.h */,
				9BDA7C401636035300A864DC /* Sca.h */,
				9BDA7C411636035300A864DC /* Sph.h */,
				9BDA7C421636035300A864DC /* Sta.h */,
				9BDA7C431636035300A864DC /* Tnb.h */,
				9BDA7C441636035300A864DC /* Tnt.h */,
				9BDA7C451636035300A864DC /* Tnv.h */,
				9BDA7C461636035300A864DC /* Tri.h */,
				9BDA7C471636035300A864DC /* Trs.h */,
				9BDA7C481636035300A864DC /* Trt.h */,
				9BDA7C491636035300A864DC /* Trv.h */,
				9BDA7C4A1636035300A864DC /* Tsd.h */,
				9BDA7C4B1636035300A864DC /* Tst.h */,
				9BDA7C4C1636035300A864DC /* Tvd.h */,
				9BDA7C4D1636035300A864DC /* Tvt.h */,
				9BDA7C4E1636035300A864DC /* Vec.h */,
				9BDA7C4F1636035300A864DC /* versorFuncs.h */,
			);
			path = Elements;
			sourceTree = "<group>";
		};
/* End PBXGroup section */

/* Begin PBXHeadersBuildPhase section */
		9B76CC221628A9440064FF35 /* Headers */ = {
			isa = PBXHeadersBuildPhase;
			buildActionMask = 2147483647;
			files = (
				9B76CCD11628A9540064FF35 /* vsr.h in Headers */,
				9B76CCD21628A9540064FF35 /* vsr_casts.h in Headers */,
				9B76CCD31628A9540064FF35 /* vsr_constants.h in Headers */,
				9B76CCD41628A9540064FF35 /* vsr_gl.h in Headers */,
				9B76CCD51628A9540064FF35 /* vsr_gxlib.h in Headers */,
				9B76CCD61628A9540064FF35 /* vsr_math.h in Headers */,
				9B76CCD71628A9540064FF35 /* vsr_matrix.h in Headers */,
				9B76CCD81628A9540064FF35 /* vsr_templates.h in Headers */,
				9B76CCD91628A9540064FF35 /* vsr_typedefs.h in Headers */,
				9B76CCDA1628A9540064FF35 /* vsr_types.h in Headers */,
				9B76CD031628ABD30064FF35 /* gl2ps.h in Headers */,
				9BDA7C9516360E3800A864DC /* vsr_mglyph.h in Headers */,
			);
			runOnlyForDeploymentPostprocessing = 0;
		};
/* End PBXHeadersBuildPhase section */

/* Begin PBXNativeTarget section */
		9B0C756A162C9B9C0037F835 /* DemoAgacse */ = {
			isa = PBXNativeTarget;
			buildConfigurationList = 9B0C7572162C9B9C0037F835 /* Build configuration list for PBXNativeTarget "DemoAgacse" */;
			buildPhases = (
				9B0C7567162C9B9C0037F835 /* Sources */,
				9B0C7568162C9B9C0037F835 /* Frameworks */,
				9B0C7569162C9B9C0037F835 /* CopyFiles */,
			);
			buildRules = (
			);
			dependencies = (
				9B0C7576162C9BA60037F835 /* PBXTargetDependency */,
			);
			name = DemoAgacse;
			productName = DemoAgacse;
			productReference = 9B0C756B162C9B9C0037F835 /* DemoAgacse */;
			productType = "com.apple.product-type.tool";
		};
		9B25299C162DF3E500DD9FC2 /* DemoMotors */ = {
			isa = PBXNativeTarget;
			buildConfigurationList = 9B2529A6162DF3E500DD9FC2 /* Build configuration list for PBXNativeTarget "DemoMotors" */;
			buildPhases = (
				9B252999162DF3E500DD9FC2 /* Sources */,
				9B25299A162DF3E500DD9FC2 /* Frameworks */,
				9B25299B162DF3E500DD9FC2 /* CopyFiles */,
			);
			buildRules = (
			);
			dependencies = (
			);
			name = DemoMotors;
			productName = DemoMotors;
			productReference = 9B25299D162DF3E500DD9FC2 /* DemoMotors */;
			productType = "com.apple.product-type.tool";
		};
		9B5890251641A69B0096B491 /* Meet */ = {
			isa = PBXNativeTarget;
			buildConfigurationList = 9B5890351641A69B0096B491 /* Build configuration list for PBXNativeTarget "Meet" */;
			buildPhases = (
				9B5890281641A69B0096B491 /* Sources */,
				9B58902A1641A69B0096B491 /* Frameworks */,
				9B58902F1641A69B0096B491 /* CopyFiles */,
				9B5890321641A69B0096B491 /* Resources */,
			);
			buildRules = (
			);
			dependencies = (
				9B5890261641A69B0096B491 /* PBXTargetDependency */,
			);
			name = Meet;
			productName = DemoBoosts;
			productReference = 9B5890381641A69B0096B491 /* Graphics copy */;
			productType = "com.apple.product-type.tool";
		};
		9B5C460116445FBE003BF1B2 /* Allo */ = {
			isa = PBXNativeTarget;
			buildConfigurationList = 9B5C461116445FBE003BF1B2 /* Build configuration list for PBXNativeTarget "Allo" */;
			buildPhases = (
				9B5C460416445FBE003BF1B2 /* Sources */,
				9B5C460616445FBE003BF1B2 /* Frameworks */,
				9B5C460B16445FBE003BF1B2 /* CopyFiles */,
				9B5C460E16445FBE003BF1B2 /* Resources */,
			);
			buildRules = (
			);
			dependencies = (
				9B5C460216445FBE003BF1B2 /* PBXTargetDependency */,
			);
			name = Allo;
			productName = DemoBoosts;
			productReference = 9B5C461416445FBE003BF1B2 /* Allo */;
			productType = "com.apple.product-type.tool";
		};
		9B680135163F349E004A850F /* Graphics */ = {
			isa = PBXNativeTarget;
			buildConfigurationList = 9B680145163F349E004A850F /* Build configuration list for PBXNativeTarget "Graphics" */;
			buildPhases = (
				9B680138163F349E004A850F /* Sources */,
				9B68013A163F349E004A850F /* Frameworks */,
				9B68013F163F349E004A850F /* CopyFiles */,
				9B680142163F349E004A850F /* Resources */,
			);
			buildRules = (
			);
			dependencies = (
				9B680136163F349E004A850F /* PBXTargetDependency */,
			);
			name = Graphics;
			productName = DemoBoosts;
			productReference = 9B680148163F349E004A850F /* Knots copy */;
			productType = "com.apple.product-type.tool";
		};
		9B76CC121628A9390064FF35 /* Versor */ = {
			isa = PBXNativeTarget;
			buildConfigurationList = 9B76CC1D1628A9390064FF35 /* Build configuration list for PBXNativeTarget "Versor" */;
			buildPhases = (
				9B76CC0F1628A9390064FF35 /* Sources */,
				9B76CC101628A9390064FF35 /* Frameworks */,
				9B76CC111628A9390064FF35 /* CopyFiles */,
			);
			buildRules = (
			);
			dependencies = (
			);
			name = Versor;
			productName = Versor;
			productReference = 9B76CC131628A9390064FF35 /* Versor */;
			productType = "com.apple.product-type.tool";
		};
		9B76CC231628A9440064FF35 /* vsr */ = {
			isa = PBXNativeTarget;
			buildConfigurationList = 9B76CC251628A9440064FF35 /* Build configuration list for PBXNativeTarget "vsr" */;
			buildPhases = (
				9B76CC201628A9440064FF35 /* Sources */,
				9B76CC211628A9440064FF35 /* Frameworks */,
				9B76CC221628A9440064FF35 /* Headers */,
				9BBF0AD7163B084800146CA6 /* Resources */,
			);
			buildRules = (
			);
			dependencies = (
			);
			name = vsr;
			productName = vsr;
			productReference = 9B76CC241628A9440064FF35 /* libvsr.a */;
			productType = "com.apple.product-type.library.static";
		};
		9B76CCDE1628AA810064FF35 /* OpGraph */ = {
			isa = PBXNativeTarget;
			buildConfigurationList = 9B76CCE61628AA810064FF35 /* Build configuration list for PBXNativeTarget "OpGraph" */;
			buildPhases = (
				9B76CCDB1628AA810064FF35 /* Sources */,
				9B76CCDC1628AA810064FF35 /* Frameworks */,
				9B76CCDD1628AA810064FF35 /* CopyFiles */,
			);
			buildRules = (
			);
			dependencies = (
				9B76CCEF1628AAE40064FF35 /* PBXTargetDependency */,
			);
			name = OpGraph;
			productName = OpGraph;
			productReference = 9B76CCDF1628AA810064FF35 /* OpGraph */;
			productType = "com.apple.product-type.tool";
		};
		9B9F32B91631E8A10075D685 /* Hopf */ = {
			isa = PBXNativeTarget;
			buildConfigurationList = 9B9F32C11631E8A10075D685 /* Build configuration list for PBXNativeTarget "Hopf" */;
			buildPhases = (
				9B9F32B61631E8A10075D685 /* Sources */,
				9B9F32B71631E8A10075D685 /* Frameworks */,
				9B9F32B81631E8A10075D685 /* CopyFiles */,
				9BBF0ADE163B11A000146CA6 /* Resources */,
			);
			buildRules = (
			);
			dependencies = (
				9B9F32CB1631E9490075D685 /* PBXTargetDependency */,
			);
			name = Hopf;
			productName = DemoBoosts;
			productReference = 9B9F32BA1631E8A10075D685 /* DemoBoosts */;
			productType = "com.apple.product-type.tool";
		};
		9BB1081A1638836A009F3070 /* Knots */ = {
			isa = PBXNativeTarget;
			buildConfigurationList = 9BB108241638836A009F3070 /* Build configuration list for PBXNativeTarget "Knots" */;
			buildPhases = (
				9BB1081D1638836A009F3070 /* Sources */,
				9BB1081E1638836A009F3070 /* Frameworks */,
				9BB108231638836A009F3070 /* CopyFiles */,
				9BBF0AE1163B12D000146CA6 /* Resources */,
			);
			buildRules = (
			);
			dependencies = (
				9BB1081B1638836A009F3070 /* PBXTargetDependency */,
			);
			name = Knots;
			productName = DemoBoosts;
			productReference = 9BB108271638836A009F3070 /* Knots */;
			productType = "com.apple.product-type.tool";
		};
		9BB10829163883B5009F3070 /* Curvature */ = {
			isa = PBXNativeTarget;
			buildConfigurationList = 9BB10833163883B5009F3070 /* Build configuration list for PBXNativeTarget "Curvature" */;
			buildPhases = (
				9BB1082C163883B5009F3070 /* Sources */,
				9BB1082D163883B5009F3070 /* Frameworks */,
				9BB10832163883B5009F3070 /* CopyFiles */,
			);
			buildRules = (
			);
			dependencies = (
				9BB1082A163883B5009F3070 /* PBXTargetDependency */,
			);
			name = Curvature;
			productName = DemoBoosts;
			productReference = 9BB10836163883B5009F3070 /* Knots copy */;
			productType = "com.apple.product-type.tool";
		};
/* End PBXNativeTarget section */

/* Begin PBXProject section */
		9B76CC0A1628A9380064FF35 /* Project object */ = {
			isa = PBXProject;
			attributes = {
				LastUpgradeCheck = 0420;
			};
			buildConfigurationList = 9B76CC0D1628A9380064FF35 /* Build configuration list for PBXProject "Versor" */;
			compatibilityVersion = "Xcode 3.2";
			developmentRegion = English;
			hasScannedForEncodings = 0;
			knownRegions = (
				en,
			);
			mainGroup = 9B76CC081628A9380064FF35;
			productRefGroup = 9B76CC141628A9390064FF35 /* Products */;
			projectDirPath = "";
			projectRoot = "";
			targets = (
				9B76CC121628A9390064FF35 /* Versor */,
				9B76CC231628A9440064FF35 /* vsr */,
				9B76CCDE1628AA810064FF35 /* OpGraph */,
				9B0C756A162C9B9C0037F835 /* DemoAgacse */,
				9B25299C162DF3E500DD9FC2 /* DemoMotors */,
				9B9F32B91631E8A10075D685 /* Hopf */,
				9BB1081A1638836A009F3070 /* Knots */,
				9BB10829163883B5009F3070 /* Curvature */,
				9B680135163F349E004A850F /* Graphics */,
				9B5890251641A69B0096B491 /* Meet */,
				9B5C460116445FBE003BF1B2 /* Allo */,
			);
		};
/* End PBXProject section */

/* Begin PBXResourcesBuildPhase section */
		9B5890321641A69B0096B491 /* Resources */ = {
			isa = PBXResourcesBuildPhase;
			buildActionMask = 2147483647;
			files = (
				9B5890331641A69B0096B491 /* col.frag in Resources */,
				9B5890341641A69B0096B491 /* pos.vert in Resources */,
			);
			runOnlyForDeploymentPostprocessing = 0;
		};
		9B5C460E16445FBE003BF1B2 /* Resources */ = {
			isa = PBXResourcesBuildPhase;
			buildActionMask = 2147483647;
			files = (
				9B5C460F16445FBE003BF1B2 /* col.frag in Resources */,
				9B5C461016445FBE003BF1B2 /* pos.vert in Resources */,
			);
			runOnlyForDeploymentPostprocessing = 0;
		};
		9B680142163F349E004A850F /* Resources */ = {
			isa = PBXResourcesBuildPhase;
			buildActionMask = 2147483647;
			files = (
				9B680143163F349E004A850F /* col.frag in Resources */,
				9B680144163F349E004A850F /* pos.vert in Resources */,
			);
			runOnlyForDeploymentPostprocessing = 0;
		};
		9BBF0AD7163B084800146CA6 /* Resources */ = {
			isa = PBXResourcesBuildPhase;
			buildActionMask = 2147483647;
			files = (
				9BBF0ADA163B087800146CA6 /* col.frag in Resources */,
				9BBF0ADB163B087B00146CA6 /* pos.vert in Resources */,
			);
			runOnlyForDeploymentPostprocessing = 0;
		};
		9BBF0ADE163B11A000146CA6 /* Resources */ = {
			isa = PBXResourcesBuildPhase;
			buildActionMask = 2147483647;
			files = (
				9BBF0ADF163B11AA00146CA6 /* col.frag in Resources */,
				9BBF0AE0163B11AC00146CA6 /* pos.vert in Resources */,
			);
			runOnlyForDeploymentPostprocessing = 0;
		};
		9BBF0AE1163B12D000146CA6 /* Resources */ = {
			isa = PBXResourcesBuildPhase;
			buildActionMask = 2147483647;
			files = (
				9BBF0AE2163B12D200146CA6 /* col.frag in Resources */,
				9BBF0AE3163B12D400146CA6 /* pos.vert in Resources */,
			);
			runOnlyForDeploymentPostprocessing = 0;
		};
/* End PBXResourcesBuildPhase section */

/* Begin PBXSourcesBuildPhase section */
		9B0C7567162C9B9C0037F835 /* Sources */ = {
			isa = PBXSourcesBuildPhase;
			buildActionMask = 2147483647;
			files = (
				9B0C757C162C9BDF0037F835 /* DemoAgacse.cpp in Sources */,
			);
			runOnlyForDeploymentPostprocessing = 0;
		};
		9B252999162DF3E500DD9FC2 /* Sources */ = {
			isa = PBXSourcesBuildPhase;
			buildActionMask = 2147483647;
			files = (
				9B2529A9162DF41F00DD9FC2 /* DemoMotors.cpp in Sources */,
			);
			runOnlyForDeploymentPostprocessing = 0;
		};
		9B5890281641A69B0096B491 /* Sources */ = {
			isa = PBXSourcesBuildPhase;
			buildActionMask = 2147483647;
			files = (
				9B58903C1641A6D90096B491 /* Meet.cpp in Sources */,
			);
			runOnlyForDeploymentPostprocessing = 0;
		};
		9B5C460416445FBE003BF1B2 /* Sources */ = {
			isa = PBXSourcesBuildPhase;
			buildActionMask = 2147483647;
			files = (
				9B5C461816446155003BF1B2 /* Allo.cpp in Sources */,
			);
			runOnlyForDeploymentPostprocessing = 0;
		};
		9B680138163F349E004A850F /* Sources */ = {
			isa = PBXSourcesBuildPhase;
			buildActionMask = 2147483647;
			files = (
				9B68014B163F34D1004A850F /* Graphics.cpp in Sources */,
			);
			runOnlyForDeploymentPostprocessing = 0;
		};
		9B76CC0F1628A9390064FF35 /* Sources */ = {
			isa = PBXSourcesBuildPhase;
			buildActionMask = 2147483647;
			files = (
				9B76CC181628A9390064FF35 /* main.cpp in Sources */,
			);
			runOnlyForDeploymentPostprocessing = 0;
		};
		9B76CC201628A9440064FF35 /* Sources */ = {
			isa = PBXSourcesBuildPhase;
			buildActionMask = 2147483647;
			files = (
				9BBF0ADD163B118000146CA6 /* vsr_gl_shader.cpp in Sources */,
				9B76CC8A1628A9540064FF35 /* vsr_gl.cpp in Sources */,
				9BDA7C7D1636037800A864DC /* vsr_camera.cpp in Sources */,
				9BDA7C7F1636037800A864DC /* vsr_draw.cpp in Sources */,
				9BDA7C801636037800A864DC /* vsr_frame.cpp in Sources */,
				9BDA7C891636037800A864DC /* vsr_interface.cpp in Sources */,
				9BDA7C8A1636037800A864DC /* vsr_lattice.cpp in Sources */,
				9BDA7C8B1636037800A864DC /* vsr_mv.cpp in Sources */,
				9BDA7C8D1636068200A864DC /* vsr_file.cpp in Sources */,
			);
			runOnlyForDeploymentPostprocessing = 0;
		};
		9B76CCDB1628AA810064FF35 /* Sources */ = {
			isa = PBXSourcesBuildPhase;
			buildActionMask = 2147483647;
			files = (
				9B76CCEC1628AADA0064FF35 /* testGraph.cpp in Sources */,
			);
			runOnlyForDeploymentPostprocessing = 0;
		};
		9B9F32B61631E8A10075D685 /* Sources */ = {
			isa = PBXSourcesBuildPhase;
			buildActionMask = 2147483647;
			files = (
				9BB1083B16388400009F3070 /* Hopf.cpp in Sources */,
			);
			runOnlyForDeploymentPostprocessing = 0;
		};
		9BB1081D1638836A009F3070 /* Sources */ = {
			isa = PBXSourcesBuildPhase;
			buildActionMask = 2147483647;
			files = (
				9BB10839163883F7009F3070 /* Knots.cpp in Sources */,
			);
			runOnlyForDeploymentPostprocessing = 0;
		};
		9BB1082C163883B5009F3070 /* Sources */ = {
			isa = PBXSourcesBuildPhase;
			buildActionMask = 2147483647;
			files = (
				9BB1083D1638840A009F3070 /* Curvature.cpp in Sources */,
			);
			runOnlyForDeploymentPostprocessing = 0;
		};
/* End PBXSourcesBuildPhase section */

/* Begin PBXTargetDependency section */
		9B0C7576162C9BA60037F835 /* PBXTargetDependency */ = {
			isa = PBXTargetDependency;
			target = 9B76CC231628A9440064FF35 /* vsr */;
			targetProxy = 9B0C7575162C9BA60037F835 /* PBXContainerItemProxy */;
		};
		9B5890261641A69B0096B491 /* PBXTargetDependency */ = {
			isa = PBXTargetDependency;
			target = 9B76CC231628A9440064FF35 /* vsr */;
			targetProxy = 9B5890271641A69B0096B491 /* PBXContainerItemProxy */;
		};
		9B5C460216445FBE003BF1B2 /* PBXTargetDependency */ = {
			isa = PBXTargetDependency;
			target = 9B76CC231628A9440064FF35 /* vsr */;
			targetProxy = 9B5C460316445FBE003BF1B2 /* PBXContainerItemProxy */;
		};
		9B680136163F349E004A850F /* PBXTargetDependency */ = {
			isa = PBXTargetDependency;
			target = 9B76CC231628A9440064FF35 /* vsr */;
			targetProxy = 9B680137163F349E004A850F /* PBXContainerItemProxy */;
		};
		9B76CCEF1628AAE40064FF35 /* PBXTargetDependency */ = {
			isa = PBXTargetDependency;
			target = 9B76CC231628A9440064FF35 /* vsr */;
			targetProxy = 9B76CCEE1628AAE40064FF35 /* PBXContainerItemProxy */;
		};
		9B9F32CB1631E9490075D685 /* PBXTargetDependency */ = {
			isa = PBXTargetDependency;
			target = 9B76CC231628A9440064FF35 /* vsr */;
			targetProxy = 9B9F32CA1631E9490075D685 /* PBXContainerItemProxy */;
		};
		9BB1081B1638836A009F3070 /* PBXTargetDependency */ = {
			isa = PBXTargetDependency;
			target = 9B76CC231628A9440064FF35 /* vsr */;
			targetProxy = 9BB1081C1638836A009F3070 /* PBXContainerItemProxy */;
		};
		9BB1082A163883B5009F3070 /* PBXTargetDependency */ = {
			isa = PBXTargetDependency;
			target = 9B76CC231628A9440064FF35 /* vsr */;
			targetProxy = 9BB1082B163883B5009F3070 /* PBXContainerItemProxy */;
		};
/* End PBXTargetDependency section */

/* Begin XCBuildConfiguration section */
		9B0C7573162C9B9C0037F835 /* Debug */ = {
			isa = XCBuildConfiguration;
			buildSettings = {
				PRODUCT_NAME = "$(TARGET_NAME)";
			};
			name = Debug;
		};
		9B0C7574162C9B9C0037F835 /* Release */ = {
			isa = XCBuildConfiguration;
			buildSettings = {
				PRODUCT_NAME = "$(TARGET_NAME)";
			};
			name = Release;
		};
		9B2529A4162DF3E500DD9FC2 /* Debug */ = {
			isa = XCBuildConfiguration;
			buildSettings = {
				LIBRARY_SEARCH_PATHS = (
					"$(inherited)",
					"\"$(SRCROOT)/../../../GLV/build/lib\"",
				);
				PRODUCT_NAME = "$(TARGET_NAME)";
			};
			name = Debug;
		};
		9B2529A5162DF3E500DD9FC2 /* Release */ = {
			isa = XCBuildConfiguration;
			buildSettings = {
				LIBRARY_SEARCH_PATHS = (
					"$(inherited)",
					"\"$(SRCROOT)/../../../GLV/build/lib\"",
				);
				PRODUCT_NAME = "$(TARGET_NAME)";
			};
			name = Release;
		};
		9B5890361641A69B0096B491 /* Debug */ = {
			isa = XCBuildConfiguration;
			buildSettings = {
				LIBRARY_SEARCH_PATHS = (
					"$(inherited)",
					"\"$(SRCROOT)/../../../GLV/build/lib\"",
				);
				PRODUCT_NAME = Meet;
			};
			name = Debug;
		};
		9B5890371641A69B0096B491 /* Release */ = {
			isa = XCBuildConfiguration;
			buildSettings = {
				LIBRARY_SEARCH_PATHS = (
					"$(inherited)",
					"\"$(SRCROOT)/../../../GLV/build/lib\"",
				);
				PRODUCT_NAME = Meet;
			};
			name = Release;
		};
		9B5C461216445FBE003BF1B2 /* Debug */ = {
			isa = XCBuildConfiguration;
			buildSettings = {
				LIBRARY_SEARCH_PATHS = (
					/opt/local/lib,
					"$(inherited)",
					"\"$(SRCROOT)/../../../GLV/build/lib\"",
					"$(SRCROOT)/../../../AlloSystem/build/lib",
				);
				PRODUCT_NAME = Allo;
				USER_HEADER_SEARCH_PATHS = "$(inherited) $(SRCROOT)/../../../AlloSystem/build/include/ ../../externals/";
			};
			name = Debug;
		};
		9B5C461316445FBE003BF1B2 /* Release */ = {
			isa = XCBuildConfiguration;
			buildSettings = {
				LIBRARY_SEARCH_PATHS = (
					/opt/local/lib,
					"$(inherited)",
					"\"$(SRCROOT)/../../../GLV/build/lib\"",
					"$(SRCROOT)/../../../AlloSystem/build/lib",
				);
				"OTHER_LDFLAGS[arch=*]" = (
					"-lalloGLV",
					"-lapr-1",
					"-laprutil-1",
					"-lfreeimage",
					"-lassimp",
					"-lfreetype",
					"-L/usr/X11/lib/",
					"-framework",
					AudioUnit,
					"-framework",
					AudioToolbox,
					"-framework",
					CoreAudio,
					"-framework",
					CoreMidi,
					"-framework",
					Carbon,
					"-lportaudio",
					"-framework",
					AGL,
					"-framework",
					OpenGL,
					"-framework",
					GLUT,
					"-lpthread",
					"-framework",
					Cocoa,
					"-framework",
					Foundation,
					"-lallocore",
				);
				PRODUCT_NAME = Allo;
				USER_HEADER_SEARCH_PATHS = "$(inherited) $(SRCROOT)/../../../AlloSystem/build/include/ ../../externals/";
			};
			name = Release;
		};
		9B680146163F349E004A850F /* Debug */ = {
			isa = XCBuildConfiguration;
			buildSettings = {
				LIBRARY_SEARCH_PATHS = (
					"$(inherited)",
					"\"$(SRCROOT)/../../../GLV/build/lib\"",
				);
				PRODUCT_NAME = Graphics;
			};
			name = Debug;
		};
		9B680147163F349E004A850F /* Release */ = {
			isa = XCBuildConfiguration;
			buildSettings = {
				LIBRARY_SEARCH_PATHS = (
					"$(inherited)",
					"\"$(SRCROOT)/../../../GLV/build/lib\"",
				);
				PRODUCT_NAME = Graphics;
			};
			name = Release;
		};
		9B76CC1B1628A9390064FF35 /* Debug */ = {
			isa = XCBuildConfiguration;
			buildSettings = {
				ALWAYS_SEARCH_USER_PATHS = NO;
				ARCHS = "$(ARCHS_STANDARD_64_BIT)";
				COPY_PHASE_STRIP = NO;
				GCC_C_LANGUAGE_STANDARD = gnu99;
				GCC_DYNAMIC_NO_PIC = NO;
				GCC_ENABLE_OBJC_EXCEPTIONS = YES;
				GCC_OPTIMIZATION_LEVEL = 0;
				GCC_PRECOMPILE_PREFIX_HEADER = YES;
				GCC_PREFIX_HEADER = ../../VSR/vsr.h;
				GCC_PREPROCESSOR_DEFINITIONS = (
					"DEBUG=1",
					"$(inherited)",
				);
				GCC_SYMBOLS_PRIVATE_EXTERN = NO;
				GCC_VERSION = com.apple.compilers.llvm.clang.1_0;
				GCC_WARN_64_TO_32_BIT_CONVERSION = YES;
				GCC_WARN_ABOUT_MISSING_PROTOTYPES = YES;
				GCC_WARN_ABOUT_RETURN_TYPE = YES;
				GCC_WARN_UNUSED_VARIABLE = YES;
				MACOSX_DEPLOYMENT_TARGET = 10.6;
				ONLY_ACTIVE_ARCH = YES;
				SDKROOT = macosx;
				SYMROOT = $SRCROOT/../build;
				USER_HEADER_SEARCH_PATHS = "$(SRCROOT)/../../ $(SRCROOT)/../../VSR/ ../../externals/";
			};
			name = Debug;
		};
		9B76CC1C1628A9390064FF35 /* Release */ = {
			isa = XCBuildConfiguration;
			buildSettings = {
				ALWAYS_SEARCH_USER_PATHS = NO;
				ARCHS = "$(ARCHS_STANDARD_64_BIT)";
				COPY_PHASE_STRIP = YES;
				DEBUG_INFORMATION_FORMAT = "dwarf-with-dsym";
				GCC_C_LANGUAGE_STANDARD = gnu99;
				GCC_ENABLE_OBJC_EXCEPTIONS = YES;
				GCC_PRECOMPILE_PREFIX_HEADER = YES;
				GCC_PREFIX_HEADER = ../../VSR/vsr.h;
				GCC_VERSION = com.apple.compilers.llvm.clang.1_0;
				GCC_WARN_64_TO_32_BIT_CONVERSION = YES;
				GCC_WARN_ABOUT_MISSING_PROTOTYPES = YES;
				GCC_WARN_ABOUT_RETURN_TYPE = YES;
				GCC_WARN_UNUSED_VARIABLE = YES;
				MACOSX_DEPLOYMENT_TARGET = 10.6;
				SDKROOT = macosx;
				SYMROOT = $SRCROOT/../build;
				USER_HEADER_SEARCH_PATHS = "$(SRCROOT)/../../ $(SRCROOT)/../../VSR/ ../../externals/";
			};
			name = Release;
		};
		9B76CC1E1628A9390064FF35 /* Debug */ = {
			isa = XCBuildConfiguration;
			buildSettings = {
				PRODUCT_NAME = "$(TARGET_NAME)";
			};
			name = Debug;
		};
		9B76CC1F1628A9390064FF35 /* Release */ = {
			isa = XCBuildConfiguration;
			buildSettings = {
				PRODUCT_NAME = "$(TARGET_NAME)";
			};
			name = Release;
		};
		9B76CC261628A9440064FF35 /* Debug */ = {
			isa = XCBuildConfiguration;
			buildSettings = {
				EXECUTABLE_PREFIX = lib;
				PRODUCT_NAME = "$(TARGET_NAME)";
			};
			name = Debug;
		};
		9B76CC271628A9440064FF35 /* Release */ = {
			isa = XCBuildConfiguration;
			buildSettings = {
				EXECUTABLE_PREFIX = lib;
				PRODUCT_NAME = "$(TARGET_NAME)";
			};
			name = Release;
		};
		9B76CCE71628AA810064FF35 /* Debug */ = {
			isa = XCBuildConfiguration;
			buildSettings = {
				PRODUCT_NAME = "$(TARGET_NAME)";
			};
			name = Debug;
		};
		9B76CCE81628AA810064FF35 /* Release */ = {
			isa = XCBuildConfiguration;
			buildSettings = {
				PRODUCT_NAME = "$(TARGET_NAME)";
			};
			name = Release;
		};
		9B9F32C21631E8A10075D685 /* Debug */ = {
			isa = XCBuildConfiguration;
			buildSettings = {
				LIBRARY_SEARCH_PATHS = (
					"$(inherited)",
					"\"$(SRCROOT)/../../../GLV/build/lib\"",
				);
				PRODUCT_NAME = "$(TARGET_NAME)";
			};
			name = Debug;
		};
		9B9F32C31631E8A10075D685 /* Release */ = {
			isa = XCBuildConfiguration;
			buildSettings = {
				LIBRARY_SEARCH_PATHS = (
					"$(inherited)",
					"\"$(SRCROOT)/../../../GLV/build/lib\"",
				);
				PRODUCT_NAME = "$(TARGET_NAME)";
			};
			name = Release;
		};
		9BB108251638836A009F3070 /* Debug */ = {
			isa = XCBuildConfiguration;
			buildSettings = {
				LIBRARY_SEARCH_PATHS = (
					"$(inherited)",
					"\"$(SRCROOT)/../../../GLV/build/lib\"",
				);
				PRODUCT_NAME = Knots;
			};
			name = Debug;
		};
		9BB108261638836A009F3070 /* Release */ = {
			isa = XCBuildConfiguration;
			buildSettings = {
				LIBRARY_SEARCH_PATHS = (
					"$(inherited)",
					"\"$(SRCROOT)/../../../GLV/build/lib\"",
				);
				PRODUCT_NAME = Knots;
			};
			name = Release;
		};
		9BB10834163883B5009F3070 /* Debug */ = {
			isa = XCBuildConfiguration;
			buildSettings = {
				LIBRARY_SEARCH_PATHS = (
					"$(inherited)",
					"\"$(SRCROOT)/../../../GLV/build/lib\"",
				);
				PRODUCT_NAME = "Knots copy";
			};
			name = Debug;
		};
		9BB10835163883B5009F3070 /* Release */ = {
			isa = XCBuildConfiguration;
			buildSettings = {
				LIBRARY_SEARCH_PATHS = (
					"$(inherited)",
					"\"$(SRCROOT)/../../../GLV/build/lib\"",
				);
				PRODUCT_NAME = "Knots copy";
			};
			name = Release;
		};
/* End XCBuildConfiguration section */

/* Begin XCConfigurationList section */
		9B0C7572162C9B9C0037F835 /* Build configuration list for PBXNativeTarget "DemoAgacse" */ = {
			isa = XCConfigurationList;
			buildConfigurations = (
				9B0C7573162C9B9C0037F835 /* Debug */,
				9B0C7574162C9B9C0037F835 /* Release */,
			);
			defaultConfigurationIsVisible = 0;
			defaultConfigurationName = Release;
		};
		9B2529A6162DF3E500DD9FC2 /* Build configuration list for PBXNativeTarget "DemoMotors" */ = {
			isa = XCConfigurationList;
			buildConfigurations = (
				9B2529A4162DF3E500DD9FC2 /* Debug */,
				9B2529A5162DF3E500DD9FC2 /* Release */,
			);
			defaultConfigurationIsVisible = 0;
			defaultConfigurationName = Release;
		};
		9B5890351641A69B0096B491 /* Build configuration list for PBXNativeTarget "Meet" */ = {
			isa = XCConfigurationList;
			buildConfigurations = (
				9B5890361641A69B0096B491 /* Debug */,
				9B5890371641A69B0096B491 /* Release */,
			);
			defaultConfigurationIsVisible = 0;
			defaultConfigurationName = Release;
		};
		9B5C461116445FBE003BF1B2 /* Build configuration list for PBXNativeTarget "Allo" */ = {
			isa = XCConfigurationList;
			buildConfigurations = (
				9B5C461216445FBE003BF1B2 /* Debug */,
				9B5C461316445FBE003BF1B2 /* Release */,
			);
			defaultConfigurationIsVisible = 0;
			defaultConfigurationName = Release;
		};
		9B680145163F349E004A850F /* Build configuration list for PBXNativeTarget "Graphics" */ = {
			isa = XCConfigurationList;
			buildConfigurations = (
				9B680146163F349E004A850F /* Debug */,
				9B680147163F349E004A850F /* Release */,
			);
			defaultConfigurationIsVisible = 0;
			defaultConfigurationName = Release;
		};
		9B76CC0D1628A9380064FF35 /* Build configuration list for PBXProject "Versor" */ = {
			isa = XCConfigurationList;
			buildConfigurations = (
				9B76CC1B1628A9390064FF35 /* Debug */,
				9B76CC1C1628A9390064FF35 /* Release */,
			);
			defaultConfigurationIsVisible = 0;
			defaultConfigurationName = Release;
		};
		9B76CC1D1628A9390064FF35 /* Build configuration list for PBXNativeTarget "Versor" */ = {
			isa = XCConfigurationList;
			buildConfigurations = (
				9B76CC1E1628A9390064FF35 /* Debug */,
				9B76CC1F1628A9390064FF35 /* Release */,
			);
			defaultConfigurationIsVisible = 0;
			defaultConfigurationName = Release;
		};
		9B76CC251628A9440064FF35 /* Build configuration list for PBXNativeTarget "vsr" */ = {
			isa = XCConfigurationList;
			buildConfigurations = (
				9B76CC261628A9440064FF35 /* Debug */,
				9B76CC271628A9440064FF35 /* Release */,
			);
			defaultConfigurationIsVisible = 0;
			defaultConfigurationName = Release;
		};
		9B76CCE61628AA810064FF35 /* Build configuration list for PBXNativeTarget "OpGraph" */ = {
			isa = XCConfigurationList;
			buildConfigurations = (
				9B76CCE71628AA810064FF35 /* Debug */,
				9B76CCE81628AA810064FF35 /* Release */,
			);
			defaultConfigurationIsVisible = 0;
			defaultConfigurationName = Release;
		};
		9B9F32C11631E8A10075D685 /* Build configuration list for PBXNativeTarget "Hopf" */ = {
			isa = XCConfigurationList;
			buildConfigurations = (
				9B9F32C21631E8A10075D685 /* Debug */,
				9B9F32C31631E8A10075D685 /* Release */,
			);
			defaultConfigurationIsVisible = 0;
			defaultConfigurationName = Release;
		};
		9BB108241638836A009F3070 /* Build configuration list for PBXNativeTarget "Knots" */ = {
			isa = XCConfigurationList;
			buildConfigurations = (
				9BB108251638836A009F3070 /* Debug */,
				9BB108261638836A009F3070 /* Release */,
			);
			defaultConfigurationIsVisible = 0;
			defaultConfigurationName = Release;
		};
		9BB10833163883B5009F3070 /* Build configuration list for PBXNativeTarget "Curvature" */ = {
			isa = XCConfigurationList;
			buildConfigurations = (
				9BB10834163883B5009F3070 /* Debug */,
				9BB10835163883B5009F3070 /* Release */,
			);
			defaultConfigurationIsVisible = 0;
			defaultConfigurationName = Release;
		};
/* End XCConfigurationList section */
	};
	rootObject = 9B76CC0A1628A9380064FF35 /* Project object */;
}
